Microsoft Visual Studio Solution File, Format Version 12.00
Project("{FAE04EC0-301F-11D3-BF4B-00C04F79EFBC}") = "Dds", "Dds.csproj", "{ABF52EA6-B4B8-49B2-8C7E-9F110B3C91C2}"
EndProject
Global
	GlobalSection(SolutionConfigurationPlatforms) = preSolution
		Debug|Any CPU = Debug|Any CPU
		Release|Any CPU = Release|Any CPU
	EndGlobalSection
	GlobalSection(ProjectConfigurationPlatforms) = postSolution
		{ABF52EA6-B4B8-49B2-8C7E-9F110B3C91C2}.Debug|Any CPU.ActiveCfg = Debug|Any CPU
		{ABF52EA6-B4B8-49B2-8C7E-9F110B3C91C2}.Debug|Any CPU.Build.0 = Debug|Any CPU
		{ABF52EA6-B4B8-49B2-8C7E-9F110B3C91C2}.Release|Any CPU.ActiveCfg = Release|Any CPU
		{ABF52EA6-B4B8-49B2-8C7E-9F110B3C91C2}.Release|Any CPU.Build.0 = Release|Any CPU
	EndGlobalSection
	GlobalSection(SolutionProperties) = preSolution
		HideSolutionNode = FALSE
	EndGlobalSection
EndGlobal