
Microsoft Visual Studio Solution File, Format Version 12.00
# Visual Studio 15
VisualStudioVersion = 15.0.26124.0
MinimumVisualStudioVersion = 15.0.26124.0
Project("{FAE04EC0-301F-11D3-BF4B-00C04F79EFBC}") = "Core", "Core\Core.csproj", "{863F0212-886F-42E1-89D6-D05075529D8A}"
EndProject
Project("{2150E333-8FDC-42A3-9474-1A3956D46DE8}") = "Services", "Services", "{5DBAEF4F-F2B8-42CA-8E92-0725F6EED6B7}"
EndProject
Project("{FAE04EC0-301F-11D3-BF4B-00C04F79EFBC}") = "Demo", "Services\Demo\Demo.csproj", "{2763ec40-c4dd-11ea-87d0-0242ac130003}"
EndProject
Project("{FAE04EC0-301F-11D3-BF4B-00C04F79EFBC}") = "Moderation", "Services\Moderation\Moderation.csproj", "{f77fb0de-9056-11eb-8219-f26d2774ac7a}"
EndProject
Project("{FAE04EC0-301F-11D3-BF4B-00C04F79EFBC}") = "Ims", "Services\Ims\Ims.csproj", "{5B7BFA6B-B85E-4222-8988-16CCF9558393}"
EndProject
Project("{FAE04EC0-301F-11D3-BF4B-00C04F79EFBC}") = "Kps", "Services\Kps\Kps.csproj", "{13f5a69f-6a51-4b5e-a27d-4dde47e6c3d0}"
EndProject
Project("{FAE04EC0-301F-11D3-BF4B-00C04F79EFBC}") = "Ecs", "Services\Ecs\Ecs.csproj", "{c3aaea74-f41e-4c56-b64e-7a2496ff6551}"
EndProject
Project("{FAE04EC0-301F-11D3-BF4B-00C04F79EFBC}") = "Elb", "Services\Elb\Elb.csproj", "{8d3dd4fd-9ba0-4069-8770-78f7a8ea5f64}"
EndProject
Project("{FAE04EC0-301F-11D3-BF4B-00C04F79EFBC}") = "FunctionGraph", "Services\FunctionGraph\FunctionGraph.csproj", "{33B457D0-A3A8-416E-9FE4-72ECDA5CF07A}"
EndProject
Project("{FAE04EC0-301F-11D3-BF4B-00C04F79EFBC}") = "Dns", "Services\Dns\Dns.csproj", "{545A5E74-C543-429F-A2EF-1D39572628EE}"
EndProject
Project("{FAE04EC0-301F-11D3-BF4B-00C04F79EFBC}") = "Dds", "Services\Dds\Dds.csproj", "{ABF52EA6-B4B8-49B2-8C7E-9F110B3C91C2}"
EndProject
Project("{FAE04EC0-301F-11D3-BF4B-00C04F79EFBC}") = "Tms", "Services\Tms\Tms.csproj", "{38D1B59C-9F0A-648E-9DAB-6CE4640A539A}"
EndProject
Project("{FAE04EC0-301F-11D3-BF4B-00C04F79EFBC}") = "Smn", "Services\Smn\Smn.csproj", "{9e4cf877-53e0-4d2f-b351-e27bd8d907c1}"
EndProject
Project("{FAE04EC0-301F-11D3-BF4B-00C04F79EFBC}") = "GaussDBforNoSQL", "Services\GaussDBforNoSQL\GaussDBforNoSQL.csproj", "{ABF52EA6-B4B8-49B2-8C7E-9F110B3C91C2}"
EndProject
Project("{FAE04EC0-301F-11D3-BF4B-00C04F79EFBC}") = "Bms", "Services\Bms\Bms.csproj", "{d3bbfb85-g52f-5d67-c75f-8b3507gg7662}"
EndProject
Project("{FAE04EC0-301F-11D3-BF4B-00C04F79EFBC}") = "Image", "Services\Image\Image.csproj", "{38F2C59A-6FAA-498E-9DAB-6CE2640A539A}"
EndProject
Project("{FAE04EC0-301F-11D3-BF4B-00C04F79EFBC}") = "Kms", "Services\Kms\Kms.csproj", "{ECB1152B-9F28-414F-B3E8-B596E421779B}"
EndProject
Project("{FAE04EC0-301F-11D3-BF4B-00C04F79EFBC}") = "Frs", "Services\Frs\Frs.csproj", "{6F5501D3-A74F-DA56-DB4E-B8B3AAA3C7CD}"
EndProject
Project("{FAE04EC0-301F-11D3-BF4B-00C04F79EFBC}") = "ImageSearch", "Services\ImageSearch\ImageSearch.csproj", "{38F2C59A-6FAA-498E-9DAB-6CE2640A539A}"
EndProject
Project("{FAE04EC0-301F-11D3-BF4B-00C04F79EFBC}") = "Dms", "Services\Dms\Dms.csproj", "{7e275afe-aa55-4625-a007-89abd0b0af16}"
EndProject
Project("{FAE04EC0-301F-11D3-BF4B-00C04F79EFBC}") = "Ivs", "Services\Ivs\Ivs.csproj", "{1E3501D3-A14A-DA16-A148-B8B3ABA3C7AD}"
EndProject
Project("{FAE04EC0-301F-11D3-BF4B-00C04F79EFBC}") = "Rabbitmq", "Services\Rabbitmq\Rabbitmq.csproj", "{defe4a95-5592-47cc-8dee-9810e0da0ba0}"
EndProject
Project("{FAE04EC0-301F-11D3-BF4B-00C04F79EFBC}") = "Iam", "Services\Iam\Iam.csproj", "{09E55113-08BD-46BC-B5A3-6440F4410AC8}"
EndProject
Project("{FAE04EC0-301F-11D3-BF4B-00C04F79EFBC}") = "Vod", "Services\Vod\Vod.csproj", "{3172c815-5fea-43e0-9589-8ab6f4af2866}"
EndProject
Project("{FAE04EC0-301F-11D3-BF4B-00C04F79EFBC}") = "Eip", "Services\Eip\Eip.csproj", "{23b1d5ea-92c1-4181-9023-ae7400b70586}"
EndProject
Project("{FAE04EC0-301F-11D3-BF4B-00C04F79EFBC}") = "Classroom", "Services\Classroom\Classroom.csproj", "{D5AE7329-60CD-49A7-B9F9-15E9D6D44FB5}"
EndProject
Project("{FAE04EC0-301F-11D3-BF4B-00C04F79EFBC}") = "Sis", "Services\Sis\Sis.csproj", "{00b194c9-0ebc-4c24-86c2-6f1fb9d9745e}"
EndProject
Project("{FAE04EC0-301F-11D3-BF4B-00C04F79EFBC}") = "Cbr", "Services\Cbr\Cbr.csproj", "{ec1125a1-e08d-4545-a8d0-c9787c86755c}"
EndProject
Project("{FAE04EC0-301F-11D3-BF4B-00C04F79EFBC}") = "Kafka", "Services\Kafka\Kafka.csproj", "{1635d3a9-f723-4184-8328-018a761bb661}"
EndProject
Project("{FAE04EC0-301F-11D3-BF4B-00C04F79EFBC}") = "Dcs", "Services\Dcs\Dcs.csproj", "{c66dd549-8ef4-48f1-a85b-eaffaa736cee}"
EndProject
Project("{FAE04EC0-301F-11D3-BF4B-00C04F79EFBC}") = "Cce", "Services\Cce\Cce.csproj", "{a4aaea74-f41e-4c56-b64e-7a2496ff4351}"
EndProject
Project("{FAE04EC0-301F-11D3-BF4B-00C04F79EFBC}") = "Swr", "Services\Swr\Swr.csproj", "{659dc7e7-ee5b-4033-9cf0-7b8dc00fd88e}"
EndProject
Project("{FAE04EC0-301F-11D3-BF4B-00C04F79EFBC}") = "IoTDA", "Services\IoTDA\IoTDA.csproj", "{12F2C43A-6FAA-437E-9DAB-6CE8640A524A}"
EndProject
Project("{FAE04EC0-301F-11D3-BF4B-00C04F79EFBC}") = "Evs", "Services\Evs\Evs.csproj", "{B6D999F9-9335-433F-BCD2-1E07409AFA39}"
EndProject
Project("{FAE04EC0-301F-11D3-BF4B-00C04F79EFBC}") = "Ces", "Services\Ces\Ces.csproj", "{E2E79C4D-9E38-443B-BF8B-83C087271443}"
EndProject
Project("{FAE04EC0-301F-11D3-BF4B-00C04F79EFBC}") = "Eps", "Services\Eps\Eps.csproj", "{F7ABA0D7-E3F9-4F81-BAA3-7A327D52228A}"
EndProject
Project("{FAE04EC0-301F-11D3-BF4B-00C04F79EFBC}") = "Nat", "Services\Nat\Nat.csproj", "{96f50236-7030-47ab-af32-bb76484fad1c}"
EndProject
Project("{FAE04EC0-301F-11D3-BF4B-00C04F79EFBC}") = "Vpc", "Services\Vpc\Vpc.csproj", "{96f50236-7030-47ab-af32-bb76484fadec}"
EndProject
Project("{FAE04EC0-301F-11D3-BF4B-00C04F79EFBC}") = "ProjectMan", "Services\ProjectMan\ProjectMan.csproj", "{535cfc94-6d5b-4da2-bbbd-e9faa9014012}"
EndProject
Project("{FAE04EC0-301F-11D3-BF4B-00C04F79EFBC}") = "Ocr", "Services\Ocr\Ocr.csproj", "{12cf972d-1c2b-80a1-33cc-056e6677ea5c}"
EndProject
Project("{FAE04EC0-301F-11D3-BF4B-00C04F79EFBC}") = "As", "Services\As\As.csproj", "{D9FEA963-ED3C-416B-B01E-1FF7EE009EA4}"
EndProject
Global
	GlobalSection(SolutionConfigurationPlatforms) = preSolution
		Debug|Any CPU = Debug|Any CPU
		Debug|x64 = Debug|x64
		Debug|x86 = Debug|x86
		Release|Any CPU = Release|Any CPU
		Release|x64 = Release|x64
		Release|x86 = Release|x86
	EndGlobalSection
	GlobalSection(SolutionProperties) = preSolution
		HideSolutionNode = FALSE
	EndGlobalSection
	GlobalSection(ProjectConfigurationPlatforms) = postSolution
		{863F0212-886F-42E1-89D6-D05075529D8A}.Debug|Any CPU.ActiveCfg = Debug|Any CPU
		{863F0212-886F-42E1-89D6-D05075529D8A}.Debug|Any CPU.Build.0 = Debug|Any CPU
		{863F0212-886F-42E1-89D6-D05075529D8A}.Debug|x64.ActiveCfg = Debug|Any CPU
		{863F0212-886F-42E1-89D6-D05075529D8A}.Debug|x64.Build.0 = Debug|Any CPU
		{863F0212-886F-42E1-89D6-D05075529D8A}.Debug|x86.ActiveCfg = Debug|Any CPU
		{863F0212-886F-42E1-89D6-D05075529D8A}.Debug|x86.Build.0 = Debug|Any CPU
		{863F0212-886F-42E1-89D6-D05075529D8A}.Release|Any CPU.ActiveCfg = Release|Any CPU
		{863F0212-886F-42E1-89D6-D05075529D8A}.Release|Any CPU.Build.0 = Release|Any CPU
		{863F0212-886F-42E1-89D6-D05075529D8A}.Release|x64.ActiveCfg = Release|Any CPU
		{863F0212-886F-42E1-89D6-D05075529D8A}.Release|x64.Build.0 = Release|Any CPU
		{863F0212-886F-42E1-89D6-D05075529D8A}.Release|x86.ActiveCfg = Release|Any CPU
		{863F0212-886F-42E1-89D6-D05075529D8A}.Release|x86.Build.0 = Release|Any CPU
		{2763ec40-c4dd-11ea-87d0-0242ac130003}.Debug|Any CPU.ActiveCfg = Debug|Any CPU
		{2763ec40-c4dd-11ea-87d0-0242ac130003}.Debug|Any CPU.Build.0 = Debug|Any CPU
		{2763ec40-c4dd-11ea-87d0-0242ac130003}.Debug|x64.ActiveCfg = Debug|Any CPU
		{2763ec40-c4dd-11ea-87d0-0242ac130003}.Debug|x64.Build.0 = Debug|Any CPU
		{2763ec40-c4dd-11ea-87d0-0242ac130003}.Debug|x86.ActiveCfg = Debug|Any CPU
		{2763ec40-c4dd-11ea-87d0-0242ac130003}.Debug|x86.Build.0 = Debug|Any CPU
		{2763ec40-c4dd-11ea-87d0-0242ac130003}.Release|Any CPU.ActiveCfg = Release|Any CPU
		{2763ec40-c4dd-11ea-87d0-0242ac130003}.Release|Any CPU.Build.0 = Release|Any CPU
		{2763ec40-c4dd-11ea-87d0-0242ac130003}.Release|x64.ActiveCfg = Release|Any CPU
		{2763ec40-c4dd-11ea-87d0-0242ac130003}.Release|x64.Build.0 = Release|Any CPU
		{2763ec40-c4dd-11ea-87d0-0242ac130003}.Release|x86.ActiveCfg = Release|Any CPU
		{2763ec40-c4dd-11ea-87d0-0242ac130003}.Release|x86.Build.0 = Release|Any CPU
		{f77fb0de-9056-11eb-8219-f26d2774ac7a}.Debug|Any CPU.ActiveCfg = Debug|Any CPU
		{f77fb0de-9056-11eb-8219-f26d2774ac7a}.Debug|Any CPU.Build.0 = Debug|Any CPU
		{f77fb0de-9056-11eb-8219-f26d2774ac7a}.Debug|x64.ActiveCfg = Debug|Any CPU
		{f77fb0de-9056-11eb-8219-f26d2774ac7a}.Debug|x64.Build.0 = Debug|Any CPU
		{f77fb0de-9056-11eb-8219-f26d2774ac7a}.Debug|x86.ActiveCfg = Debug|Any CPU
		{f77fb0de-9056-11eb-8219-f26d2774ac7a}.Debug|x86.Build.0 = Debug|Any CPU
		{f77fb0de-9056-11eb-8219-f26d2774ac7a}.Release|Any CPU.ActiveCfg = Release|Any CPU
		{f77fb0de-9056-11eb-8219-f26d2774ac7a}.Release|Any CPU.Build.0 = Release|Any CPU
		{f77fb0de-9056-11eb-8219-f26d2774ac7a}.Release|x64.ActiveCfg = Release|Any CPU
		{f77fb0de-9056-11eb-8219-f26d2774ac7a}.Release|x64.Build.0 = Release|Any CPU
		{f77fb0de-9056-11eb-8219-f26d2774ac7a}.Release|x86.ActiveCfg = Release|Any CPU
		{f77fb0de-9056-11eb-8219-f26d2774ac7a}.Release|x86.Build.0 = Release|Any CPU
		{5B7BFA6B-B85E-4222-8988-16CCF9558393}.Debug|Any CPU.ActiveCfg = Debug|Any CPU
		{5B7BFA6B-B85E-4222-8988-16CCF9558393}.Debug|Any CPU.Build.0 = Debug|Any CPU
		{5B7BFA6B-B85E-4222-8988-16CCF9558393}.Debug|x64.ActiveCfg = Debug|Any CPU
		{5B7BFA6B-B85E-4222-8988-16CCF9558393}.Debug|x64.Build.0 = Debug|Any CPU
		{5B7BFA6B-B85E-4222-8988-16CCF9558393}.Debug|x86.ActiveCfg = Debug|Any CPU
		{5B7BFA6B-B85E-4222-8988-16CCF9558393}.Debug|x86.Build.0 = Debug|Any CPU
		{5B7BFA6B-B85E-4222-8988-16CCF9558393}.Release|Any CPU.ActiveCfg = Release|Any CPU
		{5B7BFA6B-B85E-4222-8988-16CCF9558393}.Release|Any CPU.Build.0 = Release|Any CPU
		{5B7BFA6B-B85E-4222-8988-16CCF9558393}.Release|x64.ActiveCfg = Release|Any CPU
		{5B7BFA6B-B85E-4222-8988-16CCF9558393}.Release|x64.Build.0 = Release|Any CPU
		{5B7BFA6B-B85E-4222-8988-16CCF9558393}.Release|x86.ActiveCfg = Release|Any CPU
		{5B7BFA6B-B85E-4222-8988-16CCF9558393}.Release|x86.Build.0 = Release|Any CPU
		{13f5a69f-6a51-4b5e-a27d-4dde47e6c3d0}.Debug|Any CPU.ActiveCfg = Debug|Any CPU
		{13f5a69f-6a51-4b5e-a27d-4dde47e6c3d0}.Debug|Any CPU.Build.0 = Debug|Any CPU
		{13f5a69f-6a51-4b5e-a27d-4dde47e6c3d0}.Debug|x64.ActiveCfg = Debug|Any CPU
		{13f5a69f-6a51-4b5e-a27d-4dde47e6c3d0}.Debug|x64.Build.0 = Debug|Any CPU
		{13f5a69f-6a51-4b5e-a27d-4dde47e6c3d0}.Debug|x86.ActiveCfg = Debug|Any CPU
		{13f5a69f-6a51-4b5e-a27d-4dde47e6c3d0}.Debug|x86.Build.0 = Debug|Any CPU
		{13f5a69f-6a51-4b5e-a27d-4dde47e6c3d0}.Release|Any CPU.ActiveCfg = Release|Any CPU
		{13f5a69f-6a51-4b5e-a27d-4dde47e6c3d0}.Release|Any CPU.Build.0 = Release|Any CPU
		{13f5a69f-6a51-4b5e-a27d-4dde47e6c3d0}.Release|x64.ActiveCfg = Release|Any CPU
		{13f5a69f-6a51-4b5e-a27d-4dde47e6c3d0}.Release|x64.Build.0 = Release|Any CPU
		{13f5a69f-6a51-4b5e-a27d-4dde47e6c3d0}.Release|x86.ActiveCfg = Release|Any CPU
		{13f5a69f-6a51-4b5e-a27d-4dde47e6c3d0}.Release|x86.Build.0 = Release|Any CPU
		{c3aaea74-f41e-4c56-b64e-7a2496ff6551}.Debug|Any CPU.ActiveCfg = Debug|Any CPU
		{c3aaea74-f41e-4c56-b64e-7a2496ff6551}.Debug|Any CPU.Build.0 = Debug|Any CPU
		{c3aaea74-f41e-4c56-b64e-7a2496ff6551}.Debug|x64.ActiveCfg = Debug|Any CPU
		{c3aaea74-f41e-4c56-b64e-7a2496ff6551}.Debug|x64.Build.0 = Debug|Any CPU
		{c3aaea74-f41e-4c56-b64e-7a2496ff6551}.Debug|x86.ActiveCfg = Debug|Any CPU
		{c3aaea74-f41e-4c56-b64e-7a2496ff6551}.Debug|x86.Build.0 = Debug|Any CPU
		{c3aaea74-f41e-4c56-b64e-7a2496ff6551}.Release|Any CPU.ActiveCfg = Release|Any CPU
		{c3aaea74-f41e-4c56-b64e-7a2496ff6551}.Release|Any CPU.Build.0 = Release|Any CPU
		{c3aaea74-f41e-4c56-b64e-7a2496ff6551}.Release|x64.ActiveCfg = Release|Any CPU
		{c3aaea74-f41e-4c56-b64e-7a2496ff6551}.Release|x64.Build.0 = Release|Any CPU
		{c3aaea74-f41e-4c56-b64e-7a2496ff6551}.Release|x86.ActiveCfg = Release|Any CPU
		{c3aaea74-f41e-4c56-b64e-7a2496ff6551}.Release|x86.Build.0 = Release|Any CPU
		{8d3dd4fd-9ba0-4069-8770-78f7a8ea5f64}.Debug|Any CPU.ActiveCfg = Debug|Any CPU
		{8d3dd4fd-9ba0-4069-8770-78f7a8ea5f64}.Debug|Any CPU.Build.0 = Debug|Any CPU
		{8d3dd4fd-9ba0-4069-8770-78f7a8ea5f64}.Debug|x64.ActiveCfg = Debug|Any CPU
		{8d3dd4fd-9ba0-4069-8770-78f7a8ea5f64}.Debug|x64.Build.0 = Debug|Any CPU
		{8d3dd4fd-9ba0-4069-8770-78f7a8ea5f64}.Debug|x86.ActiveCfg = Debug|Any CPU
		{8d3dd4fd-9ba0-4069-8770-78f7a8ea5f64}.Debug|x86.Build.0 = Debug|Any CPU
		{8d3dd4fd-9ba0-4069-8770-78f7a8ea5f64}.Release|Any CPU.ActiveCfg = Release|Any CPU
		{8d3dd4fd-9ba0-4069-8770-78f7a8ea5f64}.Release|Any CPU.Build.0 = Release|Any CPU
		{8d3dd4fd-9ba0-4069-8770-78f7a8ea5f64}.Release|x64.ActiveCfg = Release|Any CPU
		{8d3dd4fd-9ba0-4069-8770-78f7a8ea5f64}.Release|x64.Build.0 = Release|Any CPU
		{8d3dd4fd-9ba0-4069-8770-78f7a8ea5f64}.Release|x86.ActiveCfg = Release|Any CPU
		{8d3dd4fd-9ba0-4069-8770-78f7a8ea5f64}.Release|x86.Build.0 = Release|Any CPU
		{33B457D0-A3A8-416E-9FE4-72ECDA5CF07A}.Debug|Any CPU.ActiveCfg = Debug|Any CPU
		{33B457D0-A3A8-416E-9FE4-72ECDA5CF07A}.Debug|Any CPU.Build.0 = Debug|Any CPU
		{33B457D0-A3A8-416E-9FE4-72ECDA5CF07A}.Debug|x64.ActiveCfg = Debug|Any CPU
		{33B457D0-A3A8-416E-9FE4-72ECDA5CF07A}.Debug|x64.Build.0 = Debug|Any CPU
		{33B457D0-A3A8-416E-9FE4-72ECDA5CF07A}.Debug|x86.ActiveCfg = Debug|Any CPU
		{33B457D0-A3A8-416E-9FE4-72ECDA5CF07A}.Debug|x86.Build.0 = Debug|Any CPU
		{33B457D0-A3A8-416E-9FE4-72ECDA5CF07A}.Release|Any CPU.ActiveCfg = Release|Any CPU
		{33B457D0-A3A8-416E-9FE4-72ECDA5CF07A}.Release|Any CPU.Build.0 = Release|Any CPU
		{33B457D0-A3A8-416E-9FE4-72ECDA5CF07A}.Release|x64.ActiveCfg = Release|Any CPU
		{33B457D0-A3A8-416E-9FE4-72ECDA5CF07A}.Release|x64.Build.0 = Release|Any CPU
		{33B457D0-A3A8-416E-9FE4-72ECDA5CF07A}.Release|x86.ActiveCfg = Release|Any CPU
		{33B457D0-A3A8-416E-9FE4-72ECDA5CF07A}.Release|x86.Build.0 = Release|Any CPU
		{545A5E74-C543-429F-A2EF-1D39572628EE}.Debug|Any CPU.ActiveCfg = Debug|Any CPU
		{545A5E74-C543-429F-A2EF-1D39572628EE}.Debug|Any CPU.Build.0 = Debug|Any CPU
		{545A5E74-C543-429F-A2EF-1D39572628EE}.Debug|x64.ActiveCfg = Debug|Any CPU
		{545A5E74-C543-429F-A2EF-1D39572628EE}.Debug|x64.Build.0 = Debug|Any CPU
		{545A5E74-C543-429F-A2EF-1D39572628EE}.Debug|x86.ActiveCfg = Debug|Any CPU
		{545A5E74-C543-429F-A2EF-1D39572628EE}.Debug|x86.Build.0 = Debug|Any CPU
		{545A5E74-C543-429F-A2EF-1D39572628EE}.Release|Any CPU.ActiveCfg = Release|Any CPU
		{545A5E74-C543-429F-A2EF-1D39572628EE}.Release|Any CPU.Build.0 = Release|Any CPU
		{545A5E74-C543-429F-A2EF-1D39572628EE}.Release|x64.ActiveCfg = Release|Any CPU
		{545A5E74-C543-429F-A2EF-1D39572628EE}.Release|x64.Build.0 = Release|Any CPU
		{545A5E74-C543-429F-A2EF-1D39572628EE}.Release|x86.ActiveCfg = Release|Any CPU
		{545A5E74-C543-429F-A2EF-1D39572628EE}.Release|x86.Build.0 = Release|Any CPU
		{ABF52EA6-B4B8-49B2-8C7E-9F110B3C91C2}.Debug|Any CPU.ActiveCfg = Debug|Any CPU
		{ABF52EA6-B4B8-49B2-8C7E-9F110B3C91C2}.Debug|Any CPU.Build.0 = Debug|Any CPU
		{ABF52EA6-B4B8-49B2-8C7E-9F110B3C91C2}.Debug|x64.ActiveCfg = Debug|Any CPU
		{ABF52EA6-B4B8-49B2-8C7E-9F110B3C91C2}.Debug|x64.Build.0 = Debug|Any CPU
		{ABF52EA6-B4B8-49B2-8C7E-9F110B3C91C2}.Debug|x86.ActiveCfg = Debug|Any CPU
		{ABF52EA6-B4B8-49B2-8C7E-9F110B3C91C2}.Debug|x86.Build.0 = Debug|Any CPU
		{ABF52EA6-B4B8-49B2-8C7E-9F110B3C91C2}.Release|Any CPU.ActiveCfg = Release|Any CPU
		{ABF52EA6-B4B8-49B2-8C7E-9F110B3C91C2}.Release|Any CPU.Build.0 = Release|Any CPU
		{ABF52EA6-B4B8-49B2-8C7E-9F110B3C91C2}.Release|x64.ActiveCfg = Release|Any CPU
		{ABF52EA6-B4B8-49B2-8C7E-9F110B3C91C2}.Release|x64.Build.0 = Release|Any CPU
		{ABF52EA6-B4B8-49B2-8C7E-9F110B3C91C2}.Release|x86.ActiveCfg = Release|Any CPU
		{ABF52EA6-B4B8-49B2-8C7E-9F110B3C91C2}.Release|x86.Build.0 = Release|Any CPU
		{38D1B59C-9F0A-648E-9DAB-6CE4640A539A}.Debug|Any CPU.ActiveCfg = Debug|Any CPU
		{38D1B59C-9F0A-648E-9DAB-6CE4640A539A}.Debug|Any CPU.Build.0 = Debug|Any CPU
		{38D1B59C-9F0A-648E-9DAB-6CE4640A539A}.Debug|x64.ActiveCfg = Debug|Any CPU
		{38D1B59C-9F0A-648E-9DAB-6CE4640A539A}.Debug|x64.Build.0 = Debug|Any CPU
		{38D1B59C-9F0A-648E-9DAB-6CE4640A539A}.Debug|x86.ActiveCfg = Debug|Any CPU
		{38D1B59C-9F0A-648E-9DAB-6CE4640A539A}.Debug|x86.Build.0 = Debug|Any CPU
		{38D1B59C-9F0A-648E-9DAB-6CE4640A539A}.Release|Any CPU.ActiveCfg = Release|Any CPU
		{38D1B59C-9F0A-648E-9DAB-6CE4640A539A}.Release|Any CPU.Build.0 = Release|Any CPU
		{38D1B59C-9F0A-648E-9DAB-6CE4640A539A}.Release|x64.ActiveCfg = Release|Any CPU
		{38D1B59C-9F0A-648E-9DAB-6CE4640A539A}.Release|x64.Build.0 = Release|Any CPU
		{38D1B59C-9F0A-648E-9DAB-6CE4640A539A}.Release|x86.ActiveCfg = Release|Any CPU
		{38D1B59C-9F0A-648E-9DAB-6CE4640A539A}.Release|x86.Build.0 = Release|Any CPU
		{9e4cf877-53e0-4d2f-b351-e27bd8d907c1}.Debug|Any CPU.ActiveCfg = Debug|Any CPU
		{9e4cf877-53e0-4d2f-b351-e27bd8d907c1}.Debug|Any CPU.Build.0 = Debug|Any CPU
		{9e4cf877-53e0-4d2f-b351-e27bd8d907c1}.Debug|x64.ActiveCfg = Debug|Any CPU
		{9e4cf877-53e0-4d2f-b351-e27bd8d907c1}.Debug|x64.Build.0 = Debug|Any CPU
		{9e4cf877-53e0-4d2f-b351-e27bd8d907c1}.Debug|x86.ActiveCfg = Debug|Any CPU
		{9e4cf877-53e0-4d2f-b351-e27bd8d907c1}.Debug|x86.Build.0 = Debug|Any CPU
		{9e4cf877-53e0-4d2f-b351-e27bd8d907c1}.Release|Any CPU.ActiveCfg = Release|Any CPU
		{9e4cf877-53e0-4d2f-b351-e27bd8d907c1}.Release|Any CPU.Build.0 = Release|Any CPU
		{9e4cf877-53e0-4d2f-b351-e27bd8d907c1}.Release|x64.ActiveCfg = Release|Any CPU
		{9e4cf877-53e0-4d2f-b351-e27bd8d907c1}.Release|x64.Build.0 = Release|Any CPU
		{9e4cf877-53e0-4d2f-b351-e27bd8d907c1}.Release|x86.ActiveCfg = Release|Any CPU
		{9e4cf877-53e0-4d2f-b351-e27bd8d907c1}.Release|x86.Build.0 = Release|Any CPU
		{ABF52EA6-B4B8-49B2-8C7E-9F110B3C91C2}.Debug|Any CPU.ActiveCfg = Debug|Any CPU
		{ABF52EA6-B4B8-49B2-8C7E-9F110B3C91C2}.Debug|Any CPU.Build.0 = Debug|Any CPU
		{ABF52EA6-B4B8-49B2-8C7E-9F110B3C91C2}.Debug|x64.ActiveCfg = Debug|Any CPU
		{ABF52EA6-B4B8-49B2-8C7E-9F110B3C91C2}.Debug|x64.Build.0 = Debug|Any CPU
		{ABF52EA6-B4B8-49B2-8C7E-9F110B3C91C2}.Debug|x86.ActiveCfg = Debug|Any CPU
		{ABF52EA6-B4B8-49B2-8C7E-9F110B3C91C2}.Debug|x86.Build.0 = Debug|Any CPU
		{ABF52EA6-B4B8-49B2-8C7E-9F110B3C91C2}.Release|Any CPU.ActiveCfg = Release|Any CPU
		{ABF52EA6-B4B8-49B2-8C7E-9F110B3C91C2}.Release|Any CPU.Build.0 = Release|Any CPU
		{ABF52EA6-B4B8-49B2-8C7E-9F110B3C91C2}.Release|x64.ActiveCfg = Release|Any CPU
		{ABF52EA6-B4B8-49B2-8C7E-9F110B3C91C2}.Release|x64.Build.0 = Release|Any CPU
		{ABF52EA6-B4B8-49B2-8C7E-9F110B3C91C2}.Release|x86.ActiveCfg = Release|Any CPU
		{ABF52EA6-B4B8-49B2-8C7E-9F110B3C91C2}.Release|x86.Build.0 = Release|Any CPU
		{d3bbfb85-g52f-5d67-c75f-8b3507gg7662}.Debug|Any CPU.ActiveCfg = Debug|Any CPU
		{d3bbfb85-g52f-5d67-c75f-8b3507gg7662}.Debug|Any CPU.Build.0 = Debug|Any CPU
		{d3bbfb85-g52f-5d67-c75f-8b3507gg7662}.Debug|x64.ActiveCfg = Debug|Any CPU
		{d3bbfb85-g52f-5d67-c75f-8b3507gg7662}.Debug|x64.Build.0 = Debug|Any CPU
		{d3bbfb85-g52f-5d67-c75f-8b3507gg7662}.Debug|x86.ActiveCfg = Debug|Any CPU
		{d3bbfb85-g52f-5d67-c75f-8b3507gg7662}.Debug|x86.Build.0 = Debug|Any CPU
		{d3bbfb85-g52f-5d67-c75f-8b3507gg7662}.Release|Any CPU.ActiveCfg = Release|Any CPU
		{d3bbfb85-g52f-5d67-c75f-8b3507gg7662}.Release|Any CPU.Build.0 = Release|Any CPU
		{d3bbfb85-g52f-5d67-c75f-8b3507gg7662}.Release|x64.ActiveCfg = Release|Any CPU
		{d3bbfb85-g52f-5d67-c75f-8b3507gg7662}.Release|x64.Build.0 = Release|Any CPU
		{d3bbfb85-g52f-5d67-c75f-8b3507gg7662}.Release|x86.ActiveCfg = Release|Any CPU
		{d3bbfb85-g52f-5d67-c75f-8b3507gg7662}.Release|x86.Build.0 = Release|Any CPU
		{38F2C59A-6FAA-498E-9DAB-6CE2640A539A}.Debug|Any CPU.ActiveCfg = Debug|Any CPU
		{38F2C59A-6FAA-498E-9DAB-6CE2640A539A}.Debug|Any CPU.Build.0 = Debug|Any CPU
		{38F2C59A-6FAA-498E-9DAB-6CE2640A539A}.Debug|x64.ActiveCfg = Debug|Any CPU
		{38F2C59A-6FAA-498E-9DAB-6CE2640A539A}.Debug|x64.Build.0 = Debug|Any CPU
		{38F2C59A-6FAA-498E-9DAB-6CE2640A539A}.Debug|x86.ActiveCfg = Debug|Any CPU
		{38F2C59A-6FAA-498E-9DAB-6CE2640A539A}.Debug|x86.Build.0 = Debug|Any CPU
		{38F2C59A-6FAA-498E-9DAB-6CE2640A539A}.Release|Any CPU.ActiveCfg = Release|Any CPU
		{38F2C59A-6FAA-498E-9DAB-6CE2640A539A}.Release|Any CPU.Build.0 = Release|Any CPU
		{38F2C59A-6FAA-498E-9DAB-6CE2640A539A}.Release|x64.ActiveCfg = Release|Any CPU
		{38F2C59A-6FAA-498E-9DAB-6CE2640A539A}.Release|x64.Build.0 = Release|Any CPU
		{38F2C59A-6FAA-498E-9DAB-6CE2640A539A}.Release|x86.ActiveCfg = Release|Any CPU
		{38F2C59A-6FAA-498E-9DAB-6CE2640A539A}.Release|x86.Build.0 = Release|Any CPU
		{ECB1152B-9F28-414F-B3E8-B596E421779B}.Debug|Any CPU.ActiveCfg = Debug|Any CPU
		{ECB1152B-9F28-414F-B3E8-B596E421779B}.Debug|Any CPU.Build.0 = Debug|Any CPU
		{ECB1152B-9F28-414F-B3E8-B596E421779B}.Debug|x64.ActiveCfg = Debug|Any CPU
		{ECB1152B-9F28-414F-B3E8-B596E421779B}.Debug|x64.Build.0 = Debug|Any CPU
		{ECB1152B-9F28-414F-B3E8-B596E421779B}.Debug|x86.ActiveCfg = Debug|Any CPU
		{ECB1152B-9F28-414F-B3E8-B596E421779B}.Debug|x86.Build.0 = Debug|Any CPU
		{ECB1152B-9F28-414F-B3E8-B596E421779B}.Release|Any CPU.ActiveCfg = Release|Any CPU
		{ECB1152B-9F28-414F-B3E8-B596E421779B}.Release|Any CPU.Build.0 = Release|Any CPU
		{ECB1152B-9F28-414F-B3E8-B596E421779B}.Release|x64.ActiveCfg = Release|Any CPU
		{ECB1152B-9F28-414F-B3E8-B596E421779B}.Release|x64.Build.0 = Release|Any CPU
		{ECB1152B-9F28-414F-B3E8-B596E421779B}.Release|x86.ActiveCfg = Release|Any CPU
		{ECB1152B-9F28-414F-B3E8-B596E421779B}.Release|x86.Build.0 = Release|Any CPU
		{6F5501D3-A74F-DA56-DB4E-B8B3AAA3C7CD}.Debug|Any CPU.ActiveCfg = Debug|Any CPU
		{6F5501D3-A74F-DA56-DB4E-B8B3AAA3C7CD}.Debug|Any CPU.Build.0 = Debug|Any CPU
		{6F5501D3-A74F-DA56-DB4E-B8B3AAA3C7CD}.Debug|x64.ActiveCfg = Debug|Any CPU
		{6F5501D3-A74F-DA56-DB4E-B8B3AAA3C7CD}.Debug|x64.Build.0 = Debug|Any CPU
		{6F5501D3-A74F-DA56-DB4E-B8B3AAA3C7CD}.Debug|x86.ActiveCfg = Debug|Any CPU
		{6F5501D3-A74F-DA56-DB4E-B8B3AAA3C7CD}.Debug|x86.Build.0 = Debug|Any CPU
		{6F5501D3-A74F-DA56-DB4E-B8B3AAA3C7CD}.Release|Any CPU.ActiveCfg = Release|Any CPU
		{6F5501D3-A74F-DA56-DB4E-B8B3AAA3C7CD}.Release|Any CPU.Build.0 = Release|Any CPU
		{6F5501D3-A74F-DA56-DB4E-B8B3AAA3C7CD}.Release|x64.ActiveCfg = Release|Any CPU
		{6F5501D3-A74F-DA56-DB4E-B8B3AAA3C7CD}.Release|x64.Build.0 = Release|Any CPU
		{6F5501D3-A74F-DA56-DB4E-B8B3AAA3C7CD}.Release|x86.ActiveCfg = Release|Any CPU
		{6F5501D3-A74F-DA56-DB4E-B8B3AAA3C7CD}.Release|x86.Build.0 = Release|Any CPU
		{38F2C59A-6FAA-498E-9DAB-6CE2640A539A}.Debug|Any CPU.ActiveCfg = Debug|Any CPU
		{38F2C59A-6FAA-498E-9DAB-6CE2640A539A}.Debug|Any CPU.Build.0 = Debug|Any CPU
		{38F2C59A-6FAA-498E-9DAB-6CE2640A539A}.Debug|x64.ActiveCfg = Debug|Any CPU
		{38F2C59A-6FAA-498E-9DAB-6CE2640A539A}.Debug|x64.Build.0 = Debug|Any CPU
		{38F2C59A-6FAA-498E-9DAB-6CE2640A539A}.Debug|x86.ActiveCfg = Debug|Any CPU
		{38F2C59A-6FAA-498E-9DAB-6CE2640A539A}.Debug|x86.Build.0 = Debug|Any CPU
		{38F2C59A-6FAA-498E-9DAB-6CE2640A539A}.Release|Any CPU.ActiveCfg = Release|Any CPU
		{38F2C59A-6FAA-498E-9DAB-6CE2640A539A}.Release|Any CPU.Build.0 = Release|Any CPU
		{38F2C59A-6FAA-498E-9DAB-6CE2640A539A}.Release|x64.ActiveCfg = Release|Any CPU
		{38F2C59A-6FAA-498E-9DAB-6CE2640A539A}.Release|x64.Build.0 = Release|Any CPU
		{38F2C59A-6FAA-498E-9DAB-6CE2640A539A}.Release|x86.ActiveCfg = Release|Any CPU
		{38F2C59A-6FAA-498E-9DAB-6CE2640A539A}.Release|x86.Build.0 = Release|Any CPU
		{7e275afe-aa55-4625-a007-89abd0b0af16}.Debug|Any CPU.ActiveCfg = Debug|Any CPU
		{7e275afe-aa55-4625-a007-89abd0b0af16}.Debug|Any CPU.Build.0 = Debug|Any CPU
		{7e275afe-aa55-4625-a007-89abd0b0af16}.Debug|x64.ActiveCfg = Debug|Any CPU
		{7e275afe-aa55-4625-a007-89abd0b0af16}.Debug|x64.Build.0 = Debug|Any CPU
		{7e275afe-aa55-4625-a007-89abd0b0af16}.Debug|x86.ActiveCfg = Debug|Any CPU
		{7e275afe-aa55-4625-a007-89abd0b0af16}.Debug|x86.Build.0 = Debug|Any CPU
		{7e275afe-aa55-4625-a007-89abd0b0af16}.Release|Any CPU.ActiveCfg = Release|Any CPU
		{7e275afe-aa55-4625-a007-89abd0b0af16}.Release|Any CPU.Build.0 = Release|Any CPU
		{7e275afe-aa55-4625-a007-89abd0b0af16}.Release|x64.ActiveCfg = Release|Any CPU
		{7e275afe-aa55-4625-a007-89abd0b0af16}.Release|x64.Build.0 = Release|Any CPU
		{7e275afe-aa55-4625-a007-89abd0b0af16}.Release|x86.ActiveCfg = Release|Any CPU
		{7e275afe-aa55-4625-a007-89abd0b0af16}.Release|x86.Build.0 = Release|Any CPU
		{1E3501D3-A14A-DA16-A148-B8B3ABA3C7AD}.Debug|Any CPU.ActiveCfg = Debug|Any CPU
		{1E3501D3-A14A-DA16-A148-B8B3ABA3C7AD}.Debug|Any CPU.Build.0 = Debug|Any CPU
		{1E3501D3-A14A-DA16-A148-B8B3ABA3C7AD}.Debug|x64.ActiveCfg = Debug|Any CPU
		{1E3501D3-A14A-DA16-A148-B8B3ABA3C7AD}.Debug|x64.Build.0 = Debug|Any CPU
		{1E3501D3-A14A-DA16-A148-B8B3ABA3C7AD}.Debug|x86.ActiveCfg = Debug|Any CPU
		{1E3501D3-A14A-DA16-A148-B8B3ABA3C7AD}.Debug|x86.Build.0 = Debug|Any CPU
		{1E3501D3-A14A-DA16-A148-B8B3ABA3C7AD}.Release|Any CPU.ActiveCfg = Release|Any CPU
		{1E3501D3-A14A-DA16-A148-B8B3ABA3C7AD}.Release|Any CPU.Build.0 = Release|Any CPU
		{1E3501D3-A14A-DA16-A148-B8B3ABA3C7AD}.Release|x64.ActiveCfg = Release|Any CPU
		{1E3501D3-A14A-DA16-A148-B8B3ABA3C7AD}.Release|x64.Build.0 = Release|Any CPU
		{1E3501D3-A14A-DA16-A148-B8B3ABA3C7AD}.Release|x86.ActiveCfg = Release|Any CPU
		{1E3501D3-A14A-DA16-A148-B8B3ABA3C7AD}.Release|x86.Build.0 = Release|Any CPU
		{defe4a95-5592-47cc-8dee-9810e0da0ba0}.Debug|Any CPU.ActiveCfg = Debug|Any CPU
		{defe4a95-5592-47cc-8dee-9810e0da0ba0}.Debug|Any CPU.Build.0 = Debug|Any CPU
		{defe4a95-5592-47cc-8dee-9810e0da0ba0}.Debug|x64.ActiveCfg = Debug|Any CPU
		{defe4a95-5592-47cc-8dee-9810e0da0ba0}.Debug|x64.Build.0 = Debug|Any CPU
		{defe4a95-5592-47cc-8dee-9810e0da0ba0}.Debug|x86.ActiveCfg = Debug|Any CPU
		{defe4a95-5592-47cc-8dee-9810e0da0ba0}.Debug|x86.Build.0 = Debug|Any CPU
		{defe4a95-5592-47cc-8dee-9810e0da0ba0}.Release|Any CPU.ActiveCfg = Release|Any CPU
		{defe4a95-5592-47cc-8dee-9810e0da0ba0}.Release|Any CPU.Build.0 = Release|Any CPU
		{defe4a95-5592-47cc-8dee-9810e0da0ba0}.Release|x64.ActiveCfg = Release|Any CPU
		{defe4a95-5592-47cc-8dee-9810e0da0ba0}.Release|x64.Build.0 = Release|Any CPU
		{defe4a95-5592-47cc-8dee-9810e0da0ba0}.Release|x86.ActiveCfg = Release|Any CPU
		{defe4a95-5592-47cc-8dee-9810e0da0ba0}.Release|x86.Build.0 = Release|Any CPU
		{09E55113-08BD-46BC-B5A3-6440F4410AC8}.Debug|Any CPU.ActiveCfg = Debug|Any CPU
		{09E55113-08BD-46BC-B5A3-6440F4410AC8}.Debug|Any CPU.Build.0 = Debug|Any CPU
		{09E55113-08BD-46BC-B5A3-6440F4410AC8}.Debug|x64.ActiveCfg = Debug|Any CPU
		{09E55113-08BD-46BC-B5A3-6440F4410AC8}.Debug|x64.Build.0 = Debug|Any CPU
		{09E55113-08BD-46BC-B5A3-6440F4410AC8}.Debug|x86.ActiveCfg = Debug|Any CPU
		{09E55113-08BD-46BC-B5A3-6440F4410AC8}.Debug|x86.Build.0 = Debug|Any CPU
		{09E55113-08BD-46BC-B5A3-6440F4410AC8}.Release|Any CPU.ActiveCfg = Release|Any CPU
		{09E55113-08BD-46BC-B5A3-6440F4410AC8}.Release|Any CPU.Build.0 = Release|Any CPU
		{09E55113-08BD-46BC-B5A3-6440F4410AC8}.Release|x64.ActiveCfg = Release|Any CPU
		{09E55113-08BD-46BC-B5A3-6440F4410AC8}.Release|x64.Build.0 = Release|Any CPU
		{09E55113-08BD-46BC-B5A3-6440F4410AC8}.Release|x86.ActiveCfg = Release|Any CPU
		{09E55113-08BD-46BC-B5A3-6440F4410AC8}.Release|x86.Build.0 = Release|Any CPU
		{3172c815-5fea-43e0-9589-8ab6f4af2866}.Debug|Any CPU.ActiveCfg = Debug|Any CPU
		{3172c815-5fea-43e0-9589-8ab6f4af2866}.Debug|Any CPU.Build.0 = Debug|Any CPU
		{3172c815-5fea-43e0-9589-8ab6f4af2866}.Debug|x64.ActiveCfg = Debug|Any CPU
		{3172c815-5fea-43e0-9589-8ab6f4af2866}.Debug|x64.Build.0 = Debug|Any CPU
		{3172c815-5fea-43e0-9589-8ab6f4af2866}.Debug|x86.ActiveCfg = Debug|Any CPU
		{3172c815-5fea-43e0-9589-8ab6f4af2866}.Debug|x86.Build.0 = Debug|Any CPU
		{3172c815-5fea-43e0-9589-8ab6f4af2866}.Release|Any CPU.ActiveCfg = Release|Any CPU
		{3172c815-5fea-43e0-9589-8ab6f4af2866}.Release|Any CPU.Build.0 = Release|Any CPU
		{3172c815-5fea-43e0-9589-8ab6f4af2866}.Release|x64.ActiveCfg = Release|Any CPU
		{3172c815-5fea-43e0-9589-8ab6f4af2866}.Release|x64.Build.0 = Release|Any CPU
		{3172c815-5fea-43e0-9589-8ab6f4af2866}.Release|x86.ActiveCfg = Release|Any CPU
		{3172c815-5fea-43e0-9589-8ab6f4af2866}.Release|x86.Build.0 = Release|Any CPU
		{23b1d5ea-92c1-4181-9023-ae7400b70586}.Debug|Any CPU.ActiveCfg = Debug|Any CPU
		{23b1d5ea-92c1-4181-9023-ae7400b70586}.Debug|Any CPU.Build.0 = Debug|Any CPU
		{23b1d5ea-92c1-4181-9023-ae7400b70586}.Debug|x64.ActiveCfg = Debug|Any CPU
		{23b1d5ea-92c1-4181-9023-ae7400b70586}.Debug|x64.Build.0 = Debug|Any CPU
		{23b1d5ea-92c1-4181-9023-ae7400b70586}.Debug|x86.ActiveCfg = Debug|Any CPU
		{23b1d5ea-92c1-4181-9023-ae7400b70586}.Debug|x86.Build.0 = Debug|Any CPU
		{23b1d5ea-92c1-4181-9023-ae7400b70586}.Release|Any CPU.ActiveCfg = Release|Any CPU
		{23b1d5ea-92c1-4181-9023-ae7400b70586}.Release|Any CPU.Build.0 = Release|Any CPU
		{23b1d5ea-92c1-4181-9023-ae7400b70586}.Release|x64.ActiveCfg = Release|Any CPU
		{23b1d5ea-92c1-4181-9023-ae7400b70586}.Release|x64.Build.0 = Release|Any CPU
		{23b1d5ea-92c1-4181-9023-ae7400b70586}.Release|x86.ActiveCfg = Release|Any CPU
		{23b1d5ea-92c1-4181-9023-ae7400b70586}.Release|x86.Build.0 = Release|Any CPU
		{D5AE7329-60CD-49A7-B9F9-15E9D6D44FB5}.Debug|Any CPU.ActiveCfg = Debug|Any CPU
		{D5AE7329-60CD-49A7-B9F9-15E9D6D44FB5}.Debug|Any CPU.Build.0 = Debug|Any CPU
		{D5AE7329-60CD-49A7-B9F9-15E9D6D44FB5}.Debug|x64.ActiveCfg = Debug|Any CPU
		{D5AE7329-60CD-49A7-B9F9-15E9D6D44FB5}.Debug|x64.Build.0 = Debug|Any CPU
		{D5AE7329-60CD-49A7-B9F9-15E9D6D44FB5}.Debug|x86.ActiveCfg = Debug|Any CPU
		{D5AE7329-60CD-49A7-B9F9-15E9D6D44FB5}.Debug|x86.Build.0 = Debug|Any CPU
		{D5AE7329-60CD-49A7-B9F9-15E9D6D44FB5}.Release|Any CPU.ActiveCfg = Release|Any CPU
		{D5AE7329-60CD-49A7-B9F9-15E9D6D44FB5}.Release|Any CPU.Build.0 = Release|Any CPU
		{D5AE7329-60CD-49A7-B9F9-15E9D6D44FB5}.Release|x64.ActiveCfg = Release|Any CPU
		{D5AE7329-60CD-49A7-B9F9-15E9D6D44FB5}.Release|x64.Build.0 = Release|Any CPU
		{D5AE7329-60CD-49A7-B9F9-15E9D6D44FB5}.Release|x86.ActiveCfg = Release|Any CPU
		{D5AE7329-60CD-49A7-B9F9-15E9D6D44FB5}.Release|x86.Build.0 = Release|Any CPU
		{00b194c9-0ebc-4c24-86c2-6f1fb9d9745e}.Debug|Any CPU.ActiveCfg = Debug|Any CPU
		{00b194c9-0ebc-4c24-86c2-6f1fb9d9745e}.Debug|Any CPU.Build.0 = Debug|Any CPU
		{00b194c9-0ebc-4c24-86c2-6f1fb9d9745e}.Debug|x64.ActiveCfg = Debug|Any CPU
		{00b194c9-0ebc-4c24-86c2-6f1fb9d9745e}.Debug|x64.Build.0 = Debug|Any CPU
		{00b194c9-0ebc-4c24-86c2-6f1fb9d9745e}.Debug|x86.ActiveCfg = Debug|Any CPU
		{00b194c9-0ebc-4c24-86c2-6f1fb9d9745e}.Debug|x86.Build.0 = Debug|Any CPU
		{00b194c9-0ebc-4c24-86c2-6f1fb9d9745e}.Release|Any CPU.ActiveCfg = Release|Any CPU
		{00b194c9-0ebc-4c24-86c2-6f1fb9d9745e}.Release|Any CPU.Build.0 = Release|Any CPU
		{00b194c9-0ebc-4c24-86c2-6f1fb9d9745e}.Release|x64.ActiveCfg = Release|Any CPU
		{00b194c9-0ebc-4c24-86c2-6f1fb9d9745e}.Release|x64.Build.0 = Release|Any CPU
		{00b194c9-0ebc-4c24-86c2-6f1fb9d9745e}.Release|x86.ActiveCfg = Release|Any CPU
		{00b194c9-0ebc-4c24-86c2-6f1fb9d9745e}.Release|x86.Build.0 = Release|Any CPU
		{ec1125a1-e08d-4545-a8d0-c9787c86755c}.Debug|Any CPU.ActiveCfg = Debug|Any CPU
		{ec1125a1-e08d-4545-a8d0-c9787c86755c}.Debug|Any CPU.Build.0 = Debug|Any CPU
		{ec1125a1-e08d-4545-a8d0-c9787c86755c}.Debug|x64.ActiveCfg = Debug|Any CPU
		{ec1125a1-e08d-4545-a8d0-c9787c86755c}.Debug|x64.Build.0 = Debug|Any CPU
		{ec1125a1-e08d-4545-a8d0-c9787c86755c}.Debug|x86.ActiveCfg = Debug|Any CPU
		{ec1125a1-e08d-4545-a8d0-c9787c86755c}.Debug|x86.Build.0 = Debug|Any CPU
		{ec1125a1-e08d-4545-a8d0-c9787c86755c}.Release|Any CPU.ActiveCfg = Release|Any CPU
		{ec1125a1-e08d-4545-a8d0-c9787c86755c}.Release|Any CPU.Build.0 = Release|Any CPU
		{ec1125a1-e08d-4545-a8d0-c9787c86755c}.Release|x64.ActiveCfg = Release|Any CPU
		{ec1125a1-e08d-4545-a8d0-c9787c86755c}.Release|x64.Build.0 = Release|Any CPU
		{ec1125a1-e08d-4545-a8d0-c9787c86755c}.Release|x86.ActiveCfg = Release|Any CPU
		{ec1125a1-e08d-4545-a8d0-c9787c86755c}.Release|x86.Build.0 = Release|Any CPU
		{1635d3a9-f723-4184-8328-018a761bb661}.Debug|Any CPU.ActiveCfg = Debug|Any CPU
		{1635d3a9-f723-4184-8328-018a761bb661}.Debug|Any CPU.Build.0 = Debug|Any CPU
		{1635d3a9-f723-4184-8328-018a761bb661}.Debug|x64.ActiveCfg = Debug|Any CPU
		{1635d3a9-f723-4184-8328-018a761bb661}.Debug|x64.Build.0 = Debug|Any CPU
		{1635d3a9-f723-4184-8328-018a761bb661}.Debug|x86.ActiveCfg = Debug|Any CPU
		{1635d3a9-f723-4184-8328-018a761bb661}.Debug|x86.Build.0 = Debug|Any CPU
		{1635d3a9-f723-4184-8328-018a761bb661}.Release|Any CPU.ActiveCfg = Release|Any CPU
		{1635d3a9-f723-4184-8328-018a761bb661}.Release|Any CPU.Build.0 = Release|Any CPU
		{1635d3a9-f723-4184-8328-018a761bb661}.Release|x64.ActiveCfg = Release|Any CPU
		{1635d3a9-f723-4184-8328-018a761bb661}.Release|x64.Build.0 = Release|Any CPU
		{1635d3a9-f723-4184-8328-018a761bb661}.Release|x86.ActiveCfg = Release|Any CPU
		{1635d3a9-f723-4184-8328-018a761bb661}.Release|x86.Build.0 = Release|Any CPU
		{c66dd549-8ef4-48f1-a85b-eaffaa736cee}.Debug|Any CPU.ActiveCfg = Debug|Any CPU
		{c66dd549-8ef4-48f1-a85b-eaffaa736cee}.Debug|Any CPU.Build.0 = Debug|Any CPU
		{c66dd549-8ef4-48f1-a85b-eaffaa736cee}.Debug|x64.ActiveCfg = Debug|Any CPU
		{c66dd549-8ef4-48f1-a85b-eaffaa736cee}.Debug|x64.Build.0 = Debug|Any CPU
		{c66dd549-8ef4-48f1-a85b-eaffaa736cee}.Debug|x86.ActiveCfg = Debug|Any CPU
		{c66dd549-8ef4-48f1-a85b-eaffaa736cee}.Debug|x86.Build.0 = Debug|Any CPU
		{c66dd549-8ef4-48f1-a85b-eaffaa736cee}.Release|Any CPU.ActiveCfg = Release|Any CPU
		{c66dd549-8ef4-48f1-a85b-eaffaa736cee}.Release|Any CPU.Build.0 = Release|Any CPU
		{c66dd549-8ef4-48f1-a85b-eaffaa736cee}.Release|x64.ActiveCfg = Release|Any CPU
		{c66dd549-8ef4-48f1-a85b-eaffaa736cee}.Release|x64.Build.0 = Release|Any CPU
		{c66dd549-8ef4-48f1-a85b-eaffaa736cee}.Release|x86.ActiveCfg = Release|Any CPU
		{c66dd549-8ef4-48f1-a85b-eaffaa736cee}.Release|x86.Build.0 = Release|Any CPU
		{a4aaea74-f41e-4c56-b64e-7a2496ff4351}.Debug|Any CPU.ActiveCfg = Debug|Any CPU
		{a4aaea74-f41e-4c56-b64e-7a2496ff4351}.Debug|Any CPU.Build.0 = Debug|Any CPU
		{a4aaea74-f41e-4c56-b64e-7a2496ff4351}.Debug|x64.ActiveCfg = Debug|Any CPU
		{a4aaea74-f41e-4c56-b64e-7a2496ff4351}.Debug|x64.Build.0 = Debug|Any CPU
		{a4aaea74-f41e-4c56-b64e-7a2496ff4351}.Debug|x86.ActiveCfg = Debug|Any CPU
		{a4aaea74-f41e-4c56-b64e-7a2496ff4351}.Debug|x86.Build.0 = Debug|Any CPU
		{a4aaea74-f41e-4c56-b64e-7a2496ff4351}.Release|Any CPU.ActiveCfg = Release|Any CPU
		{a4aaea74-f41e-4c56-b64e-7a2496ff4351}.Release|Any CPU.Build.0 = Release|Any CPU
		{a4aaea74-f41e-4c56-b64e-7a2496ff4351}.Release|x64.ActiveCfg = Release|Any CPU
		{a4aaea74-f41e-4c56-b64e-7a2496ff4351}.Release|x64.Build.0 = Release|Any CPU
		{a4aaea74-f41e-4c56-b64e-7a2496ff4351}.Release|x86.ActiveCfg = Release|Any CPU
		{a4aaea74-f41e-4c56-b64e-7a2496ff4351}.Release|x86.Build.0 = Release|Any CPU
		{659dc7e7-ee5b-4033-9cf0-7b8dc00fd88e}.Debug|Any CPU.ActiveCfg = Debug|Any CPU
		{659dc7e7-ee5b-4033-9cf0-7b8dc00fd88e}.Debug|Any CPU.Build.0 = Debug|Any CPU
		{659dc7e7-ee5b-4033-9cf0-7b8dc00fd88e}.Debug|x64.ActiveCfg = Debug|Any CPU
		{659dc7e7-ee5b-4033-9cf0-7b8dc00fd88e}.Debug|x64.Build.0 = Debug|Any CPU
		{659dc7e7-ee5b-4033-9cf0-7b8dc00fd88e}.Debug|x86.ActiveCfg = Debug|Any CPU
		{659dc7e7-ee5b-4033-9cf0-7b8dc00fd88e}.Debug|x86.Build.0 = Debug|Any CPU
		{659dc7e7-ee5b-4033-9cf0-7b8dc00fd88e}.Release|Any CPU.ActiveCfg = Release|Any CPU
		{659dc7e7-ee5b-4033-9cf0-7b8dc00fd88e}.Release|Any CPU.Build.0 = Release|Any CPU
		{659dc7e7-ee5b-4033-9cf0-7b8dc00fd88e}.Release|x64.ActiveCfg = Release|Any CPU
		{659dc7e7-ee5b-4033-9cf0-7b8dc00fd88e}.Release|x64.Build.0 = Release|Any CPU
		{659dc7e7-ee5b-4033-9cf0-7b8dc00fd88e}.Release|x86.ActiveCfg = Release|Any CPU
		{659dc7e7-ee5b-4033-9cf0-7b8dc00fd88e}.Release|x86.Build.0 = Release|Any CPU
		{12F2C43A-6FAA-437E-9DAB-6CE8640A524A}.Debug|Any CPU.ActiveCfg = Debug|Any CPU
		{12F2C43A-6FAA-437E-9DAB-6CE8640A524A}.Debug|Any CPU.Build.0 = Debug|Any CPU
		{12F2C43A-6FAA-437E-9DAB-6CE8640A524A}.Debug|x64.ActiveCfg = Debug|Any CPU
		{12F2C43A-6FAA-437E-9DAB-6CE8640A524A}.Debug|x64.Build.0 = Debug|Any CPU
		{12F2C43A-6FAA-437E-9DAB-6CE8640A524A}.Debug|x86.ActiveCfg = Debug|Any CPU
		{12F2C43A-6FAA-437E-9DAB-6CE8640A524A}.Debug|x86.Build.0 = Debug|Any CPU
		{12F2C43A-6FAA-437E-9DAB-6CE8640A524A}.Release|Any CPU.ActiveCfg = Release|Any CPU
		{12F2C43A-6FAA-437E-9DAB-6CE8640A524A}.Release|Any CPU.Build.0 = Release|Any CPU
		{12F2C43A-6FAA-437E-9DAB-6CE8640A524A}.Release|x64.ActiveCfg = Release|Any CPU
		{12F2C43A-6FAA-437E-9DAB-6CE8640A524A}.Release|x64.Build.0 = Release|Any CPU
		{12F2C43A-6FAA-437E-9DAB-6CE8640A524A}.Release|x86.ActiveCfg = Release|Any CPU
		{12F2C43A-6FAA-437E-9DAB-6CE8640A524A}.Release|x86.Build.0 = Release|Any CPU
		{B6D999F9-9335-433F-BCD2-1E07409AFA39}.Debug|Any CPU.ActiveCfg = Debug|Any CPU
		{B6D999F9-9335-433F-BCD2-1E07409AFA39}.Debug|Any CPU.Build.0 = Debug|Any CPU
		{B6D999F9-9335-433F-BCD2-1E07409AFA39}.Debug|x64.ActiveCfg = Debug|Any CPU
		{B6D999F9-9335-433F-BCD2-1E07409AFA39}.Debug|x64.Build.0 = Debug|Any CPU
		{B6D999F9-9335-433F-BCD2-1E07409AFA39}.Debug|x86.ActiveCfg = Debug|Any CPU
		{B6D999F9-9335-433F-BCD2-1E07409AFA39}.Debug|x86.Build.0 = Debug|Any CPU
		{B6D999F9-9335-433F-BCD2-1E07409AFA39}.Release|Any CPU.ActiveCfg = Release|Any CPU
		{B6D999F9-9335-433F-BCD2-1E07409AFA39}.Release|Any CPU.Build.0 = Release|Any CPU
		{B6D999F9-9335-433F-BCD2-1E07409AFA39}.Release|x64.ActiveCfg = Release|Any CPU
		{B6D999F9-9335-433F-BCD2-1E07409AFA39}.Release|x64.Build.0 = Release|Any CPU
		{B6D999F9-9335-433F-BCD2-1E07409AFA39}.Release|x86.ActiveCfg = Release|Any CPU
		{B6D999F9-9335-433F-BCD2-1E07409AFA39}.Release|x86.Build.0 = Release|Any CPU
		{E2E79C4D-9E38-443B-BF8B-83C087271443}.Debug|Any CPU.ActiveCfg = Debug|Any CPU
		{E2E79C4D-9E38-443B-BF8B-83C087271443}.Debug|Any CPU.Build.0 = Debug|Any CPU
		{E2E79C4D-9E38-443B-BF8B-83C087271443}.Debug|x64.ActiveCfg = Debug|Any CPU
		{E2E79C4D-9E38-443B-BF8B-83C087271443}.Debug|x64.Build.0 = Debug|Any CPU
		{E2E79C4D-9E38-443B-BF8B-83C087271443}.Debug|x86.ActiveCfg = Debug|Any CPU
		{E2E79C4D-9E38-443B-BF8B-83C087271443}.Debug|x86.Build.0 = Debug|Any CPU
		{E2E79C4D-9E38-443B-BF8B-83C087271443}.Release|Any CPU.ActiveCfg = Release|Any CPU
		{E2E79C4D-9E38-443B-BF8B-83C087271443}.Release|Any CPU.Build.0 = Release|Any CPU
		{E2E79C4D-9E38-443B-BF8B-83C087271443}.Release|x64.ActiveCfg = Release|Any CPU
		{E2E79C4D-9E38-443B-BF8B-83C087271443}.Release|x64.Build.0 = Release|Any CPU
		{E2E79C4D-9E38-443B-BF8B-83C087271443}.Release|x86.ActiveCfg = Release|Any CPU
		{E2E79C4D-9E38-443B-BF8B-83C087271443}.Release|x86.Build.0 = Release|Any CPU
		{F7ABA0D7-E3F9-4F81-BAA3-7A327D52228A}.Debug|Any CPU.ActiveCfg = Debug|Any CPU
		{F7ABA0D7-E3F9-4F81-BAA3-7A327D52228A}.Debug|Any CPU.Build.0 = Debug|Any CPU
		{F7ABA0D7-E3F9-4F81-BAA3-7A327D52228A}.Debug|x64.ActiveCfg = Debug|Any CPU
		{F7ABA0D7-E3F9-4F81-BAA3-7A327D52228A}.Debug|x64.Build.0 = Debug|Any CPU
		{F7ABA0D7-E3F9-4F81-BAA3-7A327D52228A}.Debug|x86.ActiveCfg = Debug|Any CPU
		{F7ABA0D7-E3F9-4F81-BAA3-7A327D52228A}.Debug|x86.Build.0 = Debug|Any CPU
		{F7ABA0D7-E3F9-4F81-BAA3-7A327D52228A}.Release|Any CPU.ActiveCfg = Release|Any CPU
		{F7ABA0D7-E3F9-4F81-BAA3-7A327D52228A}.Release|Any CPU.Build.0 = Release|Any CPU
		{F7ABA0D7-E3F9-4F81-BAA3-7A327D52228A}.Release|x64.ActiveCfg = Release|Any CPU
		{F7ABA0D7-E3F9-4F81-BAA3-7A327D52228A}.Release|x64.Build.0 = Release|Any CPU
		{F7ABA0D7-E3F9-4F81-BAA3-7A327D52228A}.Release|x86.ActiveCfg = Release|Any CPU
		{F7ABA0D7-E3F9-4F81-BAA3-7A327D52228A}.Release|x86.Build.0 = Release|Any CPU
		{96f50236-7030-47ab-af32-bb76484fad1c}.Debug|Any CPU.ActiveCfg = Debug|Any CPU
		{96f50236-7030-47ab-af32-bb76484fad1c}.Debug|Any CPU.Build.0 = Debug|Any CPU
		{96f50236-7030-47ab-af32-bb76484fad1c}.Debug|x64.ActiveCfg = Debug|Any CPU
		{96f50236-7030-47ab-af32-bb76484fad1c}.Debug|x64.Build.0 = Debug|Any CPU
		{96f50236-7030-47ab-af32-bb76484fad1c}.Debug|x86.ActiveCfg = Debug|Any CPU
		{96f50236-7030-47ab-af32-bb76484fad1c}.Debug|x86.Build.0 = Debug|Any CPU
		{96f50236-7030-47ab-af32-bb76484fad1c}.Release|Any CPU.ActiveCfg = Release|Any CPU
		{96f50236-7030-47ab-af32-bb76484fad1c}.Release|Any CPU.Build.0 = Release|Any CPU
		{96f50236-7030-47ab-af32-bb76484fad1c}.Release|x64.ActiveCfg = Release|Any CPU
		{96f50236-7030-47ab-af32-bb76484fad1c}.Release|x64.Build.0 = Release|Any CPU
		{96f50236-7030-47ab-af32-bb76484fad1c}.Release|x86.ActiveCfg = Release|Any CPU
		{96f50236-7030-47ab-af32-bb76484fad1c}.Release|x86.Build.0 = Release|Any CPU
		{96f50236-7030-47ab-af32-bb76484fadec}.Debug|Any CPU.ActiveCfg = Debug|Any CPU
		{96f50236-7030-47ab-af32-bb76484fadec}.Debug|Any CPU.Build.0 = Debug|Any CPU
		{96f50236-7030-47ab-af32-bb76484fadec}.Debug|x64.ActiveCfg = Debug|Any CPU
		{96f50236-7030-47ab-af32-bb76484fadec}.Debug|x64.Build.0 = Debug|Any CPU
		{96f50236-7030-47ab-af32-bb76484fadec}.Debug|x86.ActiveCfg = Debug|Any CPU
		{96f50236-7030-47ab-af32-bb76484fadec}.Debug|x86.Build.0 = Debug|Any CPU
		{96f50236-7030-47ab-af32-bb76484fadec}.Release|Any CPU.ActiveCfg = Release|Any CPU
		{96f50236-7030-47ab-af32-bb76484fadec}.Release|Any CPU.Build.0 = Release|Any CPU
		{96f50236-7030-47ab-af32-bb76484fadec}.Release|x64.ActiveCfg = Release|Any CPU
		{96f50236-7030-47ab-af32-bb76484fadec}.Release|x64.Build.0 = Release|Any CPU
		{96f50236-7030-47ab-af32-bb76484fadec}.Release|x86.ActiveCfg = Release|Any CPU
		{96f50236-7030-47ab-af32-bb76484fadec}.Release|x86.Build.0 = Release|Any CPU
		{535cfc94-6d5b-4da2-bbbd-e9faa9014012}.Debug|Any CPU.ActiveCfg = Debug|Any CPU
		{535cfc94-6d5b-4da2-bbbd-e9faa9014012}.Debug|Any CPU.Build.0 = Debug|Any CPU
		{535cfc94-6d5b-4da2-bbbd-e9faa9014012}.Debug|x64.ActiveCfg = Debug|Any CPU
		{535cfc94-6d5b-4da2-bbbd-e9faa9014012}.Debug|x64.Build.0 = Debug|Any CPU
		{535cfc94-6d5b-4da2-bbbd-e9faa9014012}.Debug|x86.ActiveCfg = Debug|Any CPU
		{535cfc94-6d5b-4da2-bbbd-e9faa9014012}.Debug|x86.Build.0 = Debug|Any CPU
		{535cfc94-6d5b-4da2-bbbd-e9faa9014012}.Release|Any CPU.ActiveCfg = Release|Any CPU
		{535cfc94-6d5b-4da2-bbbd-e9faa9014012}.Release|Any CPU.Build.0 = Release|Any CPU
		{535cfc94-6d5b-4da2-bbbd-e9faa9014012}.Release|x64.ActiveCfg = Release|Any CPU
		{535cfc94-6d5b-4da2-bbbd-e9faa9014012}.Release|x64.Build.0 = Release|Any CPU
		{535cfc94-6d5b-4da2-bbbd-e9faa9014012}.Release|x86.ActiveCfg = Release|Any CPU
		{535cfc94-6d5b-4da2-bbbd-e9faa9014012}.Release|x86.Build.0 = Release|Any CPU
		{12cf972d-1c2b-80a1-33cc-056e6677ea5c}.Debug|Any CPU.ActiveCfg = Debug|Any CPU
		{12cf972d-1c2b-80a1-33cc-056e6677ea5c}.Debug|Any CPU.Build.0 = Debug|Any CPU
		{12cf972d-1c2b-80a1-33cc-056e6677ea5c}.Debug|x64.ActiveCfg = Debug|Any CPU
		{12cf972d-1c2b-80a1-33cc-056e6677ea5c}.Debug|x64.Build.0 = Debug|Any CPU
		{12cf972d-1c2b-80a1-33cc-056e6677ea5c}.Debug|x86.ActiveCfg = Debug|Any CPU
		{12cf972d-1c2b-80a1-33cc-056e6677ea5c}.Debug|x86.Build.0 = Debug|Any CPU
		{12cf972d-1c2b-80a1-33cc-056e6677ea5c}.Release|Any CPU.ActiveCfg = Release|Any CPU
		{12cf972d-1c2b-80a1-33cc-056e6677ea5c}.Release|Any CPU.Build.0 = Release|Any CPU
		{12cf972d-1c2b-80a1-33cc-056e6677ea5c}.Release|x64.ActiveCfg = Release|Any CPU
		{12cf972d-1c2b-80a1-33cc-056e6677ea5c}.Release|x64.Build.0 = Release|Any CPU
		{12cf972d-1c2b-80a1-33cc-056e6677ea5c}.Release|x86.ActiveCfg = Release|Any CPU
		{12cf972d-1c2b-80a1-33cc-056e6677ea5c}.Release|x86.Build.0 = Release|Any CPU
		{D9FEA963-ED3C-416B-B01E-1FF7EE009EA4}.Debug|Any CPU.ActiveCfg = Debug|Any CPU
		{D9FEA963-ED3C-416B-B01E-1FF7EE009EA4}.Debug|Any CPU.Build.0 = Debug|Any CPU
		{D9FEA963-ED3C-416B-B01E-1FF7EE009EA4}.Debug|x64.ActiveCfg = Debug|Any CPU
		{D9FEA963-ED3C-416B-B01E-1FF7EE009EA4}.Debug|x64.Build.0 = Debug|Any CPU
		{D9FEA963-ED3C-416B-B01E-1FF7EE009EA4}.Debug|x86.ActiveCfg = Debug|Any CPU
		{D9FEA963-ED3C-416B-B01E-1FF7EE009EA4}.Debug|x86.Build.0 = Debug|Any CPU
		{D9FEA963-ED3C-416B-B01E-1FF7EE009EA4}.Release|Any CPU.ActiveCfg = Release|Any CPU
		{D9FEA963-ED3C-416B-B01E-1FF7EE009EA4}.Release|Any CPU.Build.0 = Release|Any CPU
		{D9FEA963-ED3C-416B-B01E-1FF7EE009EA4}.Release|x64.ActiveCfg = Release|Any CPU
		{D9FEA963-ED3C-416B-B01E-1FF7EE009EA4}.Release|x64.Build.0 = Release|Any CPU
		{D9FEA963-ED3C-416B-B01E-1FF7EE009EA4}.Release|x86.ActiveCfg = Release|Any CPU
		{D9FEA963-ED3C-416B-B01E-1FF7EE009EA4}.Release|x86.Build.0 = Release|Any CPU
	EndGlobalSection
	GlobalSection(NestedProjects) = preSolution
		{2763ec40-c4dd-11ea-87d0-0242ac130003} = {5DBAEF4F-F2B8-42CA-8E92-0725F6EED6B7}
		{f77fb0de-9056-11eb-8219-f26d2774ac7a} = {5DBAEF4F-F2B8-42CA-8E92-0725F6EED6B7}
		{5B7BFA6B-B85E-4222-8988-16CCF9558393} = {5DBAEF4F-F2B8-42CA-8E92-0725F6EED6B7}
		{13f5a69f-6a51-4b5e-a27d-4dde47e6c3d0} = {5DBAEF4F-F2B8-42CA-8E92-0725F6EED6B7}
		{c3aaea74-f41e-4c56-b64e-7a2496ff6551} = {5DBAEF4F-F2B8-42CA-8E92-0725F6EED6B7}
		{8d3dd4fd-9ba0-4069-8770-78f7a8ea5f64} = {5DBAEF4F-F2B8-42CA-8E92-0725F6EED6B7}
		{33B457D0-A3A8-416E-9FE4-72ECDA5CF07A} = {5DBAEF4F-F2B8-42CA-8E92-0725F6EED6B7}
		{545A5E74-C543-429F-A2EF-1D39572628EE} = {5DBAEF4F-F2B8-42CA-8E92-0725F6EED6B7}
		{ABF52EA6-B4B8-49B2-8C7E-9F110B3C91C2} = {5DBAEF4F-F2B8-42CA-8E92-0725F6EED6B7}
		{38D1B59C-9F0A-648E-9DAB-6CE4640A539A} = {5DBAEF4F-F2B8-42CA-8E92-0725F6EED6B7}
		{9e4cf877-53e0-4d2f-b351-e27bd8d907c1} = {5DBAEF4F-F2B8-42CA-8E92-0725F6EED6B7}
		{d3bbfb85-g52f-5d67-c75f-8b3507gg7662} = {5DBAEF4F-F2B8-42CA-8E92-0725F6EED6B7}
		{38F2C59A-6FAA-498E-9DAB-6CE2640A539A} = {5DBAEF4F-F2B8-42CA-8E92-0725F6EED6B7}
		{ECB1152B-9F28-414F-B3E8-B596E421779B} = {5DBAEF4F-F2B8-42CA-8E92-0725F6EED6B7}
		{6F5501D3-A74F-DA56-DB4E-B8B3AAA3C7CD} = {5DBAEF4F-F2B8-42CA-8E92-0725F6EED6B7}
		{7e275afe-aa55-4625-a007-89abd0b0af16} = {5DBAEF4F-F2B8-42CA-8E92-0725F6EED6B7}
		{1E3501D3-A14A-DA16-A148-B8B3ABA3C7AD} = {5DBAEF4F-F2B8-42CA-8E92-0725F6EED6B7}
		{defe4a95-5592-47cc-8dee-9810e0da0ba0} = {5DBAEF4F-F2B8-42CA-8E92-0725F6EED6B7}
		{09E55113-08BD-46BC-B5A3-6440F4410AC8} = {5DBAEF4F-F2B8-42CA-8E92-0725F6EED6B7}
		{3172c815-5fea-43e0-9589-8ab6f4af2866} = {5DBAEF4F-F2B8-42CA-8E92-0725F6EED6B7}
		{23b1d5ea-92c1-4181-9023-ae7400b70586} = {5DBAEF4F-F2B8-42CA-8E92-0725F6EED6B7}
		{D5AE7329-60CD-49A7-B9F9-15E9D6D44FB5} = {5DBAEF4F-F2B8-42CA-8E92-0725F6EED6B7}
		{00b194c9-0ebc-4c24-86c2-6f1fb9d9745e} = {5DBAEF4F-F2B8-42CA-8E92-0725F6EED6B7}
		{ec1125a1-e08d-4545-a8d0-c9787c86755c} = {5DBAEF4F-F2B8-42CA-8E92-0725F6EED6B7}
		{1635d3a9-f723-4184-8328-018a761bb661} = {5DBAEF4F-F2B8-42CA-8E92-0725F6EED6B7}
		{c66dd549-8ef4-48f1-a85b-eaffaa736cee} = {5DBAEF4F-F2B8-42CA-8E92-0725F6EED6B7}
		{a4aaea74-f41e-4c56-b64e-7a2496ff4351} = {5DBAEF4F-F2B8-42CA-8E92-0725F6EED6B7}
		{659dc7e7-ee5b-4033-9cf0-7b8dc00fd88e} = {5DBAEF4F-F2B8-42CA-8E92-0725F6EED6B7}
		{12F2C43A-6FAA-437E-9DAB-6CE8640A524A} = {5DBAEF4F-F2B8-42CA-8E92-0725F6EED6B7}
		{B6D999F9-9335-433F-BCD2-1E07409AFA39} = {5DBAEF4F-F2B8-42CA-8E92-0725F6EED6B7}
		{E2E79C4D-9E38-443B-BF8B-83C087271443} = {5DBAEF4F-F2B8-42CA-8E92-0725F6EED6B7}
		{F7ABA0D7-E3F9-4F81-BAA3-7A327D52228A} = {5DBAEF4F-F2B8-42CA-8E92-0725F6EED6B7}
		{96f50236-7030-47ab-af32-bb76484fad1c} = {5DBAEF4F-F2B8-42CA-8E92-0725F6EED6B7}
		{96f50236-7030-47ab-af32-bb76484fadec} = {5DBAEF4F-F2B8-42CA-8E92-0725F6EED6B7}
		{535cfc94-6d5b-4da2-bbbd-e9faa9014012} = {5DBAEF4F-F2B8-42CA-8E92-0725F6EED6B7}
		{12cf972d-1c2b-80a1-33cc-056e6677ea5c} = {5DBAEF4F-F2B8-42CA-8E92-0725F6EED6B7}
		{D9FEA963-ED3C-416B-B01E-1FF7EE009EA4} = {5DBAEF4F-F2B8-42CA-8E92-0725F6EED6B7}
	EndGlobalSection
EndGlobal
