
Microsoft Visual Studio Solution File, Format Version 12.00
# Visual Studio 15
VisualStudioVersion = 15.0.26124.0
MinimumVisualStudioVersion = 15.0.26124.0
Project("{FAE04EC0-301F-11D3-BF4B-00C04F79EFBC}") = "Core", "Core\Core.csproj", "{E92D8520-96A5-4305-BF7B-7AE81F3E5203}"
EndProject
Project("{2150E333-8FDC-42A3-9474-1A3956D46DE8}") = "Services", "Services", "{33F511C7-780F-4729-A33D-D57041D728E5}"
EndProject
Project("{FAE04EC0-301F-11D3-BF4B-00C04F79EFBC}") = "PanguLargeModels", "Services\PanguLargeModels\PanguLargeModels.csproj", "{2F67A6E0-A581-11EE-9380-FA163E9F5A2F}"
EndProject
Project("{FAE04EC0-301F-11D3-BF4B-00C04F79EFBC}") = "Ces", "Services\Ces\Ces.csproj", "{E2E79C4D-9E38-443B-BF8B-83C087271443}"
EndProject
Project("{FAE04EC0-301F-11D3-BF4B-00C04F79EFBC}") = "Lts", "Services\Lts\Lts.csproj", "{00DD2678-7092-4CF6-999D-0F0A388380AF}"
EndProject
Project("{FAE04EC0-301F-11D3-BF4B-00C04F79EFBC}") = "GaussDBforopenGauss", "Services\GaussDBforopenGauss\GaussDBforopenGauss.csproj", "{0CD2EACF-3743-4B4C-9543-6362A4030DDE}"
EndProject
Project("{FAE04EC0-301F-11D3-BF4B-00C04F79EFBC}") = "IdentityCenterStore", "Services\IdentityCenterStore\IdentityCenterStore.csproj", "{0193E374-C40F-74BF-A747-AC9021DF4C1C}"
EndProject
Project("{FAE04EC0-301F-11D3-BF4B-00C04F79EFBC}") = "Cce", "Services\Cce\Cce.csproj", "{A4AAEA74-F41E-4C56-B64E-7A2496FF4351}"
EndProject
Project("{FAE04EC0-301F-11D3-BF4B-00C04F79EFBC}") = "Ims", "Services\Ims\Ims.csproj", "{5B7BFA6B-B85E-4222-8988-16CCF9558393}"
EndProject
Project("{FAE04EC0-301F-11D3-BF4B-00C04F79EFBC}") = "Dns", "Services\Dns\Dns.csproj", "{545A5E74-C543-429F-A2EF-1D39572628EE}"
EndProject
Project("{FAE04EC0-301F-11D3-BF4B-00C04F79EFBC}") = "Aad", "Services\Aad\Aad.csproj", "{6E957BA4-F20D-4C38-96CE-0E73F35C8BB5}"
EndProject
Project("{FAE04EC0-301F-11D3-BF4B-00C04F79EFBC}") = "Sis", "Services\Sis\Sis.csproj", "{00B194C9-0EBC-4C24-86C2-6F1FB9D9745E}"
EndProject
Project("{FAE04EC0-301F-11D3-BF4B-00C04F79EFBC}") = "Cfw", "Services\Cfw\Cfw.csproj", "{C8CF1423-EE6F-4F1B-9C4C-A11AC125B212}"
EndProject
Project("{FAE04EC0-301F-11D3-BF4B-00C04F79EFBC}") = "SMSApi", "Services\SMSApi\SMSApi.csproj", "{E8D81A83-6722-4338-B788-F22E76C31A51}"
EndProject
Project("{FAE04EC0-301F-11D3-BF4B-00C04F79EFBC}") = "Dbss", "Services\Dbss\Dbss.csproj", "{0137DED9-5BC8-225E-64FC-40BF5D3FB59A}"
EndProject
Project("{FAE04EC0-301F-11D3-BF4B-00C04F79EFBC}") = "Csms", "Services\Csms\Csms.csproj", "{E132BCFB-D39D-4C85-BF7F-05C9C1B5B53D}"
EndProject
Project("{FAE04EC0-301F-11D3-BF4B-00C04F79EFBC}") = "Cdn", "Services\Cdn\Cdn.csproj", "{456C6DC7-F610-410E-85A1-189BA73F1E43}"
EndProject
Project("{FAE04EC0-301F-11D3-BF4B-00C04F79EFBC}") = "Dcs", "Services\Dcs\Dcs.csproj", "{C66DD549-8EF4-48F1-A85B-EAFFAA736CEE}"
EndProject
Project("{FAE04EC0-301F-11D3-BF4B-00C04F79EFBC}") = "Bms", "Services\Bms\Bms.csproj", "{00000000-0000-0000-0000-000000000000}"
EndProject
Project("{FAE04EC0-301F-11D3-BF4B-00C04F79EFBC}") = "Rabbitmq", "Services\Rabbitmq\Rabbitmq.csproj", "{DEFE4A95-5592-47CC-8DEE-9810E0DA0BA0}"
EndProject
Project("{FAE04EC0-301F-11D3-BF4B-00C04F79EFBC}") = "Aos", "Services\Aos\Aos.csproj", "{00DD2678-7092-4CF6-999D-0F0A388380AC}"
EndProject
Project("{FAE04EC0-301F-11D3-BF4B-00C04F79EFBC}") = "FunctionGraph", "Services\FunctionGraph\FunctionGraph.csproj", "{33B457D0-A3A8-416E-9FE4-72ECDA5CF07A}"
EndProject
Project("{FAE04EC0-301F-11D3-BF4B-00C04F79EFBC}") = "IdentityCenter", "Services\IdentityCenter\IdentityCenter.csproj", "{2536962B-388E-402E-91F5-4F9CDAAA26CB}"
EndProject
Project("{FAE04EC0-301F-11D3-BF4B-00C04F79EFBC}") = "Smn", "Services\Smn\Smn.csproj", "{9E4CF877-53E0-4D2F-B351-E27BD8D907C1}"
EndProject
Project("{FAE04EC0-301F-11D3-BF4B-00C04F79EFBC}") = "Vod", "Services\Vod\Vod.csproj", "{3172C815-5FEA-43E0-9589-8AB6F4AF2866}"
EndProject
Project("{FAE04EC0-301F-11D3-BF4B-00C04F79EFBC}") = "Kps", "Services\Kps\Kps.csproj", "{13F5A69F-6A51-4B5E-A27D-4DDE47E6C3D0}"
EndProject
Project("{FAE04EC0-301F-11D3-BF4B-00C04F79EFBC}") = "Cts", "Services\Cts\Cts.csproj", "{E8BFE266-7DCB-417D-B714-925B4BB3BD89}"
EndProject
Project("{FAE04EC0-301F-11D3-BF4B-00C04F79EFBC}") = "Aom", "Services\Aom\Aom.csproj", "{518FB927-AB1A-5842-3E93-5EED07AB0023}"
EndProject
Project("{FAE04EC0-301F-11D3-BF4B-00C04F79EFBC}") = "Classroom", "Services\Classroom\Classroom.csproj", "{D5AE7329-60CD-49A7-B9F9-15E9D6D44FB5}"
EndProject
Project("{FAE04EC0-301F-11D3-BF4B-00C04F79EFBC}") = "Demo", "Services\Demo\Demo.csproj", "{2763EC40-C4DD-11EA-87D0-0242AC130003}"
EndProject
Project("{FAE04EC0-301F-11D3-BF4B-00C04F79EFBC}") = "Eps", "Services\Eps\Eps.csproj", "{F7ABA0D7-E3F9-4F81-BAA3-7A327D52228A}"
EndProject
Project("{FAE04EC0-301F-11D3-BF4B-00C04F79EFBC}") = "Moderation", "Services\Moderation\Moderation.csproj", "{F77FB0DE-9056-11EB-8219-F26D2774AC7A}"
EndProject
Project("{FAE04EC0-301F-11D3-BF4B-00C04F79EFBC}") = "IoTDM", "Services\IoTDM\IoTDM.csproj", "{8EC38B48-4730-49FB-A033-EFBD5FE74B08}"
EndProject
Project("{FAE04EC0-301F-11D3-BF4B-00C04F79EFBC}") = "Kafka", "Services\Kafka\Kafka.csproj", "{1635D3A9-F723-4184-8328-018A761BB661}"
EndProject
Project("{FAE04EC0-301F-11D3-BF4B-00C04F79EFBC}") = "CodeArtsBuild", "Services\CodeArtsBuild\CodeArtsBuild.csproj", "{1F0AF3BF-E48A-7329-2E45-531F3A8E3BCB}"
EndProject
Project("{FAE04EC0-301F-11D3-BF4B-00C04F79EFBC}") = "Swr", "Services\Swr\Swr.csproj", "{659DC7E7-EE5B-4033-9CF0-7B8DC00FD88E}"
EndProject
Project("{FAE04EC0-301F-11D3-BF4B-00C04F79EFBC}") = "Config", "Services\Config\Config.csproj", "{2D307E5B-3BA2-427D-8E3C-4E2F66C800A6}"
EndProject
Project("{FAE04EC0-301F-11D3-BF4B-00C04F79EFBC}") = "Evs", "Services\Evs\Evs.csproj", "{B6D999F9-9335-433F-BCD2-1E07409AFA39}"
EndProject
Project("{FAE04EC0-301F-11D3-BF4B-00C04F79EFBC}") = "Workspace", "Services\Workspace\Workspace.csproj", "{123E4567-E89B-12D3-A456-426614174000}"
EndProject
Project("{FAE04EC0-301F-11D3-BF4B-00C04F79EFBC}") = "GaussDB", "Services\GaussDB\GaussDB.csproj", "{AB995C96-1F78-4869-90B5-C3BC215C17F0}"
EndProject
Project("{FAE04EC0-301F-11D3-BF4B-00C04F79EFBC}") = "Vpcep", "Services\Vpcep\Vpcep.csproj", "{E4B6779E-2B75-492B-A149-7BC5A58E9469}"
EndProject
Project("{FAE04EC0-301F-11D3-BF4B-00C04F79EFBC}") = "ImageSearch", "Services\ImageSearch\ImageSearch.csproj", "{38F2C59A-6FAA-498E-9DAB-6CE2640A539A}"
EndProject
Project("{FAE04EC0-301F-11D3-BF4B-00C04F79EFBC}") = "Ivs", "Services\Ivs\Ivs.csproj", "{1E3501D3-A14A-DA16-A148-B8B3ABA3C7AD}"
EndProject
Project("{FAE04EC0-301F-11D3-BF4B-00C04F79EFBC}") = "MaStudio", "Services\MaStudio\MaStudio.csproj", "{F433AD13-D5FC-4AC3-8330-F01636345186}"
EndProject
Project("{FAE04EC0-301F-11D3-BF4B-00C04F79EFBC}") = "CloudRtc", "Services\CloudRtc\CloudRtc.csproj", "{59BA4A17-DFE9-4A67-A5F6-A49AA24965AF}"
EndProject
Project("{FAE04EC0-301F-11D3-BF4B-00C04F79EFBC}") = "Organizations", "Services\Organizations\Organizations.csproj", "{B5175F42-1803-B19D-C5CC-B1C5514B815C}"
EndProject
Project("{FAE04EC0-301F-11D3-BF4B-00C04F79EFBC}") = "Nat", "Services\Nat\Nat.csproj", "{96F50236-7030-47AB-AF32-BB76484FAD1C}"
EndProject
Project("{FAE04EC0-301F-11D3-BF4B-00C04F79EFBC}") = "Ocr", "Services\Ocr\Ocr.csproj", "{12CF972D-1C2B-80A1-33CC-056E6677EA5C}"
EndProject
Project("{FAE04EC0-301F-11D3-BF4B-00C04F79EFBC}") = "Eip", "Services\Eip\Eip.csproj", "{23B1D5EA-92C1-4181-9023-AE7400B70586}"
EndProject
Project("{FAE04EC0-301F-11D3-BF4B-00C04F79EFBC}") = "CodeArtsDeploy", "Services\CodeArtsDeploy\CodeArtsDeploy.csproj", "{3B6DA37F-829B-A36B-0EA5-75D979C938E3}"
EndProject
Project("{FAE04EC0-301F-11D3-BF4B-00C04F79EFBC}") = "As", "Services\As\As.csproj", "{D9FEA963-ED3C-416B-B01E-1FF7EE009EA4}"
EndProject
Project("{FAE04EC0-301F-11D3-BF4B-00C04F79EFBC}") = "IoTDA", "Services\IoTDA\IoTDA.csproj", "{12F2C43A-6FAA-437E-9DAB-6CE8640A524A}"
EndProject
Project("{FAE04EC0-301F-11D3-BF4B-00C04F79EFBC}") = "Image", "Services\Image\Image.csproj", "{8B486F38-42CC-4E4E-8798-E13EFCE9E8C7}"
EndProject
Project("{FAE04EC0-301F-11D3-BF4B-00C04F79EFBC}") = "Ram", "Services\Ram\Ram.csproj", "{3DBD55E0-4B6B-03FE-F82F-961C2FC28386}"
EndProject
Project("{FAE04EC0-301F-11D3-BF4B-00C04F79EFBC}") = "Frs", "Services\Frs\Frs.csproj", "{6F5501D3-A74F-DA56-DB4E-B8B3AAA3C7CD}"
EndProject
Project("{FAE04EC0-301F-11D3-BF4B-00C04F79EFBC}") = "Cbr", "Services\Cbr\Cbr.csproj", "{EC1125A1-E08D-4545-A8D0-C9787C86755C}"
EndProject
Project("{FAE04EC0-301F-11D3-BF4B-00C04F79EFBC}") = "Rds", "Services\Rds\Rds.csproj", "{ABF52EA6-B4B8-49B2-8C7E-9F110B3C91C2}"
EndProject
Project("{FAE04EC0-301F-11D3-BF4B-00C04F79EFBC}") = "Smnglobal", "Services\Smnglobal\Smnglobal.csproj", "{F1E7E4DC-2FBC-4F22-9971-AAAD299B16EF}"
EndProject
Project("{FAE04EC0-301F-11D3-BF4B-00C04F79EFBC}") = "Kms", "Services\Kms\Kms.csproj", "{ECB1152B-9F28-414F-B3E8-B596E421779B}"
EndProject
Project("{FAE04EC0-301F-11D3-BF4B-00C04F79EFBC}") = "Tms", "Services\Tms\Tms.csproj", "{38D1B59C-9F0A-648E-9DAB-6CE4640A539A}"
EndProject
Project("{FAE04EC0-301F-11D3-BF4B-00C04F79EFBC}") = "Elb", "Services\Elb\Elb.csproj", "{8D3DD4FD-9BA0-4069-8770-78F7A8EA5F64}"
EndProject
Project("{FAE04EC0-301F-11D3-BF4B-00C04F79EFBC}") = "Ecs", "Services\Ecs\Ecs.csproj", "{C3AAEA74-F41E-4C56-B64E-7A2496FF6551}"
EndProject
Project("{FAE04EC0-301F-11D3-BF4B-00C04F79EFBC}") = "Msgsms", "Services\Msgsms\Msgsms.csproj", "{E8D81A83-6722-4338-B788-F22E76C31A50}"
EndProject
Project("{FAE04EC0-301F-11D3-BF4B-00C04F79EFBC}") = "ProjectMan", "Services\ProjectMan\ProjectMan.csproj", "{535CFC94-6D5B-4DA2-BBBD-E9FAA9014012}"
EndProject
Project("{FAE04EC0-301F-11D3-BF4B-00C04F79EFBC}") = "Mpc", "Services\Mpc\Mpc.csproj", "{C3AAEA74-F41E-4C56-B64E-7A2496FF6562}"
EndProject
Project("{FAE04EC0-301F-11D3-BF4B-00C04F79EFBC}") = "Iam", "Services\Iam\Iam.csproj", "{09E55113-08BD-46BC-B5A3-6440F4410AC8}"
EndProject
Project("{FAE04EC0-301F-11D3-BF4B-00C04F79EFBC}") = "Vpc", "Services\Vpc\Vpc.csproj", "{94A8417E-1C37-4AC2-B022-B4BFB9915806}"
EndProject
Project("{FAE04EC0-301F-11D3-BF4B-00C04F79EFBC}") = "Live", "Services\Live\Live.csproj", "{728A1394-22BB-4889-AAF7-037CD1EF431A}"
EndProject
Project("{FAE04EC0-301F-11D3-BF4B-00C04F79EFBC}") = "AntiDDoS", "Services\AntiDDoS\AntiDDoS.csproj", "{E8A48CD8-EF7C-4188-8DDF-644F38D61441}"
EndProject
Project("{FAE04EC0-301F-11D3-BF4B-00C04F79EFBC}") = "Dds", "Services\Dds\Dds.csproj", "{D4737644-77A7-46DC-8185-DDD366EDF7A5}"
EndProject
Project("{FAE04EC0-301F-11D3-BF4B-00C04F79EFBC}") = "Geip", "Services\Geip\Geip.csproj", "{FA42CA6E-63AF-481B-B2EA-D7737E9251A5}"
EndProject
Project("{FAE04EC0-301F-11D3-BF4B-00C04F79EFBC}") = "RocketMQ", "Services\RocketMQ\RocketMQ.csproj", "{622C8B79-2556-459C-91CE-E934CC5D034A}"
EndProject
Project("{FAE04EC0-301F-11D3-BF4B-00C04F79EFBC}") = "Drs", "Services\Drs\Drs.csproj", "{9F8C718C-9683-427C-9F13-8C1A4764448C}"
EndProject
Project("{FAE04EC0-301F-11D3-BF4B-00C04F79EFBC}") = "GaussDBforNoSQL", "Services\GaussDBforNoSQL\GaussDBforNoSQL.csproj", "{861B56D8-2E43-45F8-AF26-41D37A6E939C}"
EndProject
Global
	GlobalSection(SolutionConfigurationPlatforms) = preSolution
		Debug|Any CPU = Debug|Any CPU
		Debug|x64 = Debug|x64
		Debug|x86 = Debug|x86
		Release|Any CPU = Release|Any CPU
		Release|x64 = Release|x64
		Release|x86 = Release|x86
	EndGlobalSection
	GlobalSection(SolutionProperties) = preSolution
		HideSolutionNode = FALSE
	EndGlobalSection
	GlobalSection(ProjectConfigurationPlatforms) = postSolution
		{E92D8520-96A5-4305-BF7B-7AE81F3E5203}.Debug|Any CPU.ActiveCfg = Debug|Any CPU
		{E92D8520-96A5-4305-BF7B-7AE81F3E5203}.Debug|Any CPU.Build.0 = Debug|Any CPU
		{E92D8520-96A5-4305-BF7B-7AE81F3E5203}.Debug|x64.ActiveCfg = Debug|Any CPU
		{E92D8520-96A5-4305-BF7B-7AE81F3E5203}.Debug|x64.Build.0 = Debug|Any CPU
		{E92D8520-96A5-4305-BF7B-7AE81F3E5203}.Debug|x86.ActiveCfg = Debug|Any CPU
		{E92D8520-96A5-4305-BF7B-7AE81F3E5203}.Debug|x86.Build.0 = Debug|Any CPU
		{E92D8520-96A5-4305-BF7B-7AE81F3E5203}.Release|Any CPU.ActiveCfg = Release|Any CPU
		{E92D8520-96A5-4305-BF7B-7AE81F3E5203}.Release|Any CPU.Build.0 = Release|Any CPU
		{E92D8520-96A5-4305-BF7B-7AE81F3E5203}.Release|x64.ActiveCfg = Release|Any CPU
		{E92D8520-96A5-4305-BF7B-7AE81F3E5203}.Release|x64.Build.0 = Release|Any CPU
		{E92D8520-96A5-4305-BF7B-7AE81F3E5203}.Release|x86.ActiveCfg = Release|Any CPU
		{E92D8520-96A5-4305-BF7B-7AE81F3E5203}.Release|x86.Build.0 = Release|Any CPU
		{2f67a6e0-a581-11ee-9380-fa163e9f5a2f}.Debug|Any CPU.ActiveCfg = Debug|Any CPU
		{2f67a6e0-a581-11ee-9380-fa163e9f5a2f}.Debug|Any CPU.Build.0 = Debug|Any CPU
		{2f67a6e0-a581-11ee-9380-fa163e9f5a2f}.Debug|x64.ActiveCfg = Debug|Any CPU
		{2f67a6e0-a581-11ee-9380-fa163e9f5a2f}.Debug|x64.Build.0 = Debug|Any CPU
		{2f67a6e0-a581-11ee-9380-fa163e9f5a2f}.Debug|x86.ActiveCfg = Debug|Any CPU
		{2f67a6e0-a581-11ee-9380-fa163e9f5a2f}.Debug|x86.Build.0 = Debug|Any CPU
		{2f67a6e0-a581-11ee-9380-fa163e9f5a2f}.Release|Any CPU.ActiveCfg = Release|Any CPU
		{2f67a6e0-a581-11ee-9380-fa163e9f5a2f}.Release|Any CPU.Build.0 = Release|Any CPU
		{2f67a6e0-a581-11ee-9380-fa163e9f5a2f}.Release|x64.ActiveCfg = Release|Any CPU
		{2f67a6e0-a581-11ee-9380-fa163e9f5a2f}.Release|x64.Build.0 = Release|Any CPU
		{2f67a6e0-a581-11ee-9380-fa163e9f5a2f}.Release|x86.ActiveCfg = Release|Any CPU
		{2f67a6e0-a581-11ee-9380-fa163e9f5a2f}.Release|x86.Build.0 = Release|Any CPU
		{E2E79C4D-9E38-443B-BF8B-83C087271443}.Debug|Any CPU.ActiveCfg = Debug|Any CPU
		{E2E79C4D-9E38-443B-BF8B-83C087271443}.Debug|Any CPU.Build.0 = Debug|Any CPU
		{E2E79C4D-9E38-443B-BF8B-83C087271443}.Debug|x64.ActiveCfg = Debug|Any CPU
		{E2E79C4D-9E38-443B-BF8B-83C087271443}.Debug|x64.Build.0 = Debug|Any CPU
		{E2E79C4D-9E38-443B-BF8B-83C087271443}.Debug|x86.ActiveCfg = Debug|Any CPU
		{E2E79C4D-9E38-443B-BF8B-83C087271443}.Debug|x86.Build.0 = Debug|Any CPU
		{E2E79C4D-9E38-443B-BF8B-83C087271443}.Release|Any CPU.ActiveCfg = Release|Any CPU
		{E2E79C4D-9E38-443B-BF8B-83C087271443}.Release|Any CPU.Build.0 = Release|Any CPU
		{E2E79C4D-9E38-443B-BF8B-83C087271443}.Release|x64.ActiveCfg = Release|Any CPU
		{E2E79C4D-9E38-443B-BF8B-83C087271443}.Release|x64.Build.0 = Release|Any CPU
		{E2E79C4D-9E38-443B-BF8B-83C087271443}.Release|x86.ActiveCfg = Release|Any CPU
		{E2E79C4D-9E38-443B-BF8B-83C087271443}.Release|x86.Build.0 = Release|Any CPU
		{00dd2678-7092-4cf6-999d-0f0a388380af}.Debug|Any CPU.ActiveCfg = Debug|Any CPU
		{00dd2678-7092-4cf6-999d-0f0a388380af}.Debug|Any CPU.Build.0 = Debug|Any CPU
		{00dd2678-7092-4cf6-999d-0f0a388380af}.Debug|x64.ActiveCfg = Debug|Any CPU
		{00dd2678-7092-4cf6-999d-0f0a388380af}.Debug|x64.Build.0 = Debug|Any CPU
		{00dd2678-7092-4cf6-999d-0f0a388380af}.Debug|x86.ActiveCfg = Debug|Any CPU
		{00dd2678-7092-4cf6-999d-0f0a388380af}.Debug|x86.Build.0 = Debug|Any CPU
		{00dd2678-7092-4cf6-999d-0f0a388380af}.Release|Any CPU.ActiveCfg = Release|Any CPU
		{00dd2678-7092-4cf6-999d-0f0a388380af}.Release|Any CPU.Build.0 = Release|Any CPU
		{00dd2678-7092-4cf6-999d-0f0a388380af}.Release|x64.ActiveCfg = Release|Any CPU
		{00dd2678-7092-4cf6-999d-0f0a388380af}.Release|x64.Build.0 = Release|Any CPU
		{00dd2678-7092-4cf6-999d-0f0a388380af}.Release|x86.ActiveCfg = Release|Any CPU
		{00dd2678-7092-4cf6-999d-0f0a388380af}.Release|x86.Build.0 = Release|Any CPU
		{0cd2eacf-3743-4b4c-9543-6362a4030dde}.Debug|Any CPU.ActiveCfg = Debug|Any CPU
		{0cd2eacf-3743-4b4c-9543-6362a4030dde}.Debug|Any CPU.Build.0 = Debug|Any CPU
		{0cd2eacf-3743-4b4c-9543-6362a4030dde}.Debug|x64.ActiveCfg = Debug|Any CPU
		{0cd2eacf-3743-4b4c-9543-6362a4030dde}.Debug|x64.Build.0 = Debug|Any CPU
		{0cd2eacf-3743-4b4c-9543-6362a4030dde}.Debug|x86.ActiveCfg = Debug|Any CPU
		{0cd2eacf-3743-4b4c-9543-6362a4030dde}.Debug|x86.Build.0 = Debug|Any CPU
		{0cd2eacf-3743-4b4c-9543-6362a4030dde}.Release|Any CPU.ActiveCfg = Release|Any CPU
		{0cd2eacf-3743-4b4c-9543-6362a4030dde}.Release|Any CPU.Build.0 = Release|Any CPU
		{0cd2eacf-3743-4b4c-9543-6362a4030dde}.Release|x64.ActiveCfg = Release|Any CPU
		{0cd2eacf-3743-4b4c-9543-6362a4030dde}.Release|x64.Build.0 = Release|Any CPU
		{0cd2eacf-3743-4b4c-9543-6362a4030dde}.Release|x86.ActiveCfg = Release|Any CPU
		{0cd2eacf-3743-4b4c-9543-6362a4030dde}.Release|x86.Build.0 = Release|Any CPU
		{0193E374-C40F-74BF-A747-AC9021DF4C1C}.Debug|Any CPU.ActiveCfg = Debug|Any CPU
		{0193E374-C40F-74BF-A747-AC9021DF4C1C}.Debug|Any CPU.Build.0 = Debug|Any CPU
		{0193E374-C40F-74BF-A747-AC9021DF4C1C}.Debug|x64.ActiveCfg = Debug|Any CPU
		{0193E374-C40F-74BF-A747-AC9021DF4C1C}.Debug|x64.Build.0 = Debug|Any CPU
		{0193E374-C40F-74BF-A747-AC9021DF4C1C}.Debug|x86.ActiveCfg = Debug|Any CPU
		{0193E374-C40F-74BF-A747-AC9021DF4C1C}.Debug|x86.Build.0 = Debug|Any CPU
		{0193E374-C40F-74BF-A747-AC9021DF4C1C}.Release|Any CPU.ActiveCfg = Release|Any CPU
		{0193E374-C40F-74BF-A747-AC9021DF4C1C}.Release|Any CPU.Build.0 = Release|Any CPU
		{0193E374-C40F-74BF-A747-AC9021DF4C1C}.Release|x64.ActiveCfg = Release|Any CPU
		{0193E374-C40F-74BF-A747-AC9021DF4C1C}.Release|x64.Build.0 = Release|Any CPU
		{0193E374-C40F-74BF-A747-AC9021DF4C1C}.Release|x86.ActiveCfg = Release|Any CPU
		{0193E374-C40F-74BF-A747-AC9021DF4C1C}.Release|x86.Build.0 = Release|Any CPU
		{a4aaea74-f41e-4c56-b64e-7a2496ff4351}.Debug|Any CPU.ActiveCfg = Debug|Any CPU
		{a4aaea74-f41e-4c56-b64e-7a2496ff4351}.Debug|Any CPU.Build.0 = Debug|Any CPU
		{a4aaea74-f41e-4c56-b64e-7a2496ff4351}.Debug|x64.ActiveCfg = Debug|Any CPU
		{a4aaea74-f41e-4c56-b64e-7a2496ff4351}.Debug|x64.Build.0 = Debug|Any CPU
		{a4aaea74-f41e-4c56-b64e-7a2496ff4351}.Debug|x86.ActiveCfg = Debug|Any CPU
		{a4aaea74-f41e-4c56-b64e-7a2496ff4351}.Debug|x86.Build.0 = Debug|Any CPU
		{a4aaea74-f41e-4c56-b64e-7a2496ff4351}.Release|Any CPU.ActiveCfg = Release|Any CPU
		{a4aaea74-f41e-4c56-b64e-7a2496ff4351}.Release|Any CPU.Build.0 = Release|Any CPU
		{a4aaea74-f41e-4c56-b64e-7a2496ff4351}.Release|x64.ActiveCfg = Release|Any CPU
		{a4aaea74-f41e-4c56-b64e-7a2496ff4351}.Release|x64.Build.0 = Release|Any CPU
		{a4aaea74-f41e-4c56-b64e-7a2496ff4351}.Release|x86.ActiveCfg = Release|Any CPU
		{a4aaea74-f41e-4c56-b64e-7a2496ff4351}.Release|x86.Build.0 = Release|Any CPU
		{5B7BFA6B-B85E-4222-8988-16CCF9558393}.Debug|Any CPU.ActiveCfg = Debug|Any CPU
		{5B7BFA6B-B85E-4222-8988-16CCF9558393}.Debug|Any CPU.Build.0 = Debug|Any CPU
		{5B7BFA6B-B85E-4222-8988-16CCF9558393}.Debug|x64.ActiveCfg = Debug|Any CPU
		{5B7BFA6B-B85E-4222-8988-16CCF9558393}.Debug|x64.Build.0 = Debug|Any CPU
		{5B7BFA6B-B85E-4222-8988-16CCF9558393}.Debug|x86.ActiveCfg = Debug|Any CPU
		{5B7BFA6B-B85E-4222-8988-16CCF9558393}.Debug|x86.Build.0 = Debug|Any CPU
		{5B7BFA6B-B85E-4222-8988-16CCF9558393}.Release|Any CPU.ActiveCfg = Release|Any CPU
		{5B7BFA6B-B85E-4222-8988-16CCF9558393}.Release|Any CPU.Build.0 = Release|Any CPU
		{5B7BFA6B-B85E-4222-8988-16CCF9558393}.Release|x64.ActiveCfg = Release|Any CPU
		{5B7BFA6B-B85E-4222-8988-16CCF9558393}.Release|x64.Build.0 = Release|Any CPU
		{5B7BFA6B-B85E-4222-8988-16CCF9558393}.Release|x86.ActiveCfg = Release|Any CPU
		{5B7BFA6B-B85E-4222-8988-16CCF9558393}.Release|x86.Build.0 = Release|Any CPU
		{545A5E74-C543-429F-A2EF-1D39572628EE}.Debug|Any CPU.ActiveCfg = Debug|Any CPU
		{545A5E74-C543-429F-A2EF-1D39572628EE}.Debug|Any CPU.Build.0 = Debug|Any CPU
		{545A5E74-C543-429F-A2EF-1D39572628EE}.Debug|x64.ActiveCfg = Debug|Any CPU
		{545A5E74-C543-429F-A2EF-1D39572628EE}.Debug|x64.Build.0 = Debug|Any CPU
		{545A5E74-C543-429F-A2EF-1D39572628EE}.Debug|x86.ActiveCfg = Debug|Any CPU
		{545A5E74-C543-429F-A2EF-1D39572628EE}.Debug|x86.Build.0 = Debug|Any CPU
		{545A5E74-C543-429F-A2EF-1D39572628EE}.Release|Any CPU.ActiveCfg = Release|Any CPU
		{545A5E74-C543-429F-A2EF-1D39572628EE}.Release|Any CPU.Build.0 = Release|Any CPU
		{545A5E74-C543-429F-A2EF-1D39572628EE}.Release|x64.ActiveCfg = Release|Any CPU
		{545A5E74-C543-429F-A2EF-1D39572628EE}.Release|x64.Build.0 = Release|Any CPU
		{545A5E74-C543-429F-A2EF-1D39572628EE}.Release|x86.ActiveCfg = Release|Any CPU
		{545A5E74-C543-429F-A2EF-1D39572628EE}.Release|x86.Build.0 = Release|Any CPU
		{6e957ba4-f20d-4c38-96ce-0e73f35c8bb5}.Debug|Any CPU.ActiveCfg = Debug|Any CPU
		{6e957ba4-f20d-4c38-96ce-0e73f35c8bb5}.Debug|Any CPU.Build.0 = Debug|Any CPU
		{6e957ba4-f20d-4c38-96ce-0e73f35c8bb5}.Debug|x64.ActiveCfg = Debug|Any CPU
		{6e957ba4-f20d-4c38-96ce-0e73f35c8bb5}.Debug|x64.Build.0 = Debug|Any CPU
		{6e957ba4-f20d-4c38-96ce-0e73f35c8bb5}.Debug|x86.ActiveCfg = Debug|Any CPU
		{6e957ba4-f20d-4c38-96ce-0e73f35c8bb5}.Debug|x86.Build.0 = Debug|Any CPU
		{6e957ba4-f20d-4c38-96ce-0e73f35c8bb5}.Release|Any CPU.ActiveCfg = Release|Any CPU
		{6e957ba4-f20d-4c38-96ce-0e73f35c8bb5}.Release|Any CPU.Build.0 = Release|Any CPU
		{6e957ba4-f20d-4c38-96ce-0e73f35c8bb5}.Release|x64.ActiveCfg = Release|Any CPU
		{6e957ba4-f20d-4c38-96ce-0e73f35c8bb5}.Release|x64.Build.0 = Release|Any CPU
		{6e957ba4-f20d-4c38-96ce-0e73f35c8bb5}.Release|x86.ActiveCfg = Release|Any CPU
		{6e957ba4-f20d-4c38-96ce-0e73f35c8bb5}.Release|x86.Build.0 = Release|Any CPU
		{00b194c9-0ebc-4c24-86c2-6f1fb9d9745e}.Debug|Any CPU.ActiveCfg = Debug|Any CPU
		{00b194c9-0ebc-4c24-86c2-6f1fb9d9745e}.Debug|Any CPU.Build.0 = Debug|Any CPU
		{00b194c9-0ebc-4c24-86c2-6f1fb9d9745e}.Debug|x64.ActiveCfg = Debug|Any CPU
		{00b194c9-0ebc-4c24-86c2-6f1fb9d9745e}.Debug|x64.Build.0 = Debug|Any CPU
		{00b194c9-0ebc-4c24-86c2-6f1fb9d9745e}.Debug|x86.ActiveCfg = Debug|Any CPU
		{00b194c9-0ebc-4c24-86c2-6f1fb9d9745e}.Debug|x86.Build.0 = Debug|Any CPU
		{00b194c9-0ebc-4c24-86c2-6f1fb9d9745e}.Release|Any CPU.ActiveCfg = Release|Any CPU
		{00b194c9-0ebc-4c24-86c2-6f1fb9d9745e}.Release|Any CPU.Build.0 = Release|Any CPU
		{00b194c9-0ebc-4c24-86c2-6f1fb9d9745e}.Release|x64.ActiveCfg = Release|Any CPU
		{00b194c9-0ebc-4c24-86c2-6f1fb9d9745e}.Release|x64.Build.0 = Release|Any CPU
		{00b194c9-0ebc-4c24-86c2-6f1fb9d9745e}.Release|x86.ActiveCfg = Release|Any CPU
		{00b194c9-0ebc-4c24-86c2-6f1fb9d9745e}.Release|x86.Build.0 = Release|Any CPU
		{C8CF1423-EE6F-4F1B-9C4C-A11AC125B212}.Debug|Any CPU.ActiveCfg = Debug|Any CPU
		{C8CF1423-EE6F-4F1B-9C4C-A11AC125B212}.Debug|Any CPU.Build.0 = Debug|Any CPU
		{C8CF1423-EE6F-4F1B-9C4C-A11AC125B212}.Debug|x64.ActiveCfg = Debug|Any CPU
		{C8CF1423-EE6F-4F1B-9C4C-A11AC125B212}.Debug|x64.Build.0 = Debug|Any CPU
		{C8CF1423-EE6F-4F1B-9C4C-A11AC125B212}.Debug|x86.ActiveCfg = Debug|Any CPU
		{C8CF1423-EE6F-4F1B-9C4C-A11AC125B212}.Debug|x86.Build.0 = Debug|Any CPU
		{C8CF1423-EE6F-4F1B-9C4C-A11AC125B212}.Release|Any CPU.ActiveCfg = Release|Any CPU
		{C8CF1423-EE6F-4F1B-9C4C-A11AC125B212}.Release|Any CPU.Build.0 = Release|Any CPU
		{C8CF1423-EE6F-4F1B-9C4C-A11AC125B212}.Release|x64.ActiveCfg = Release|Any CPU
		{C8CF1423-EE6F-4F1B-9C4C-A11AC125B212}.Release|x64.Build.0 = Release|Any CPU
		{C8CF1423-EE6F-4F1B-9C4C-A11AC125B212}.Release|x86.ActiveCfg = Release|Any CPU
		{C8CF1423-EE6F-4F1B-9C4C-A11AC125B212}.Release|x86.Build.0 = Release|Any CPU
		{e8d81a83-6722-4338-b788-f22e76c31a51}.Debug|Any CPU.ActiveCfg = Debug|Any CPU
		{e8d81a83-6722-4338-b788-f22e76c31a51}.Debug|Any CPU.Build.0 = Debug|Any CPU
		{e8d81a83-6722-4338-b788-f22e76c31a51}.Debug|x64.ActiveCfg = Debug|Any CPU
		{e8d81a83-6722-4338-b788-f22e76c31a51}.Debug|x64.Build.0 = Debug|Any CPU
		{e8d81a83-6722-4338-b788-f22e76c31a51}.Debug|x86.ActiveCfg = Debug|Any CPU
		{e8d81a83-6722-4338-b788-f22e76c31a51}.Debug|x86.Build.0 = Debug|Any CPU
		{e8d81a83-6722-4338-b788-f22e76c31a51}.Release|Any CPU.ActiveCfg = Release|Any CPU
		{e8d81a83-6722-4338-b788-f22e76c31a51}.Release|Any CPU.Build.0 = Release|Any CPU
		{e8d81a83-6722-4338-b788-f22e76c31a51}.Release|x64.ActiveCfg = Release|Any CPU
		{e8d81a83-6722-4338-b788-f22e76c31a51}.Release|x64.Build.0 = Release|Any CPU
		{e8d81a83-6722-4338-b788-f22e76c31a51}.Release|x86.ActiveCfg = Release|Any CPU
		{e8d81a83-6722-4338-b788-f22e76c31a51}.Release|x86.Build.0 = Release|Any CPU
		{0137ded9-5bc8-225e-64fc-40bf5d3fb59a}.Debug|Any CPU.ActiveCfg = Debug|Any CPU
		{0137ded9-5bc8-225e-64fc-40bf5d3fb59a}.Debug|Any CPU.Build.0 = Debug|Any CPU
		{0137ded9-5bc8-225e-64fc-40bf5d3fb59a}.Debug|x64.ActiveCfg = Debug|Any CPU
		{0137ded9-5bc8-225e-64fc-40bf5d3fb59a}.Debug|x64.Build.0 = Debug|Any CPU
		{0137ded9-5bc8-225e-64fc-40bf5d3fb59a}.Debug|x86.ActiveCfg = Debug|Any CPU
		{0137ded9-5bc8-225e-64fc-40bf5d3fb59a}.Debug|x86.Build.0 = Debug|Any CPU
		{0137ded9-5bc8-225e-64fc-40bf5d3fb59a}.Release|Any CPU.ActiveCfg = Release|Any CPU
		{0137ded9-5bc8-225e-64fc-40bf5d3fb59a}.Release|Any CPU.Build.0 = Release|Any CPU
		{0137ded9-5bc8-225e-64fc-40bf5d3fb59a}.Release|x64.ActiveCfg = Release|Any CPU
		{0137ded9-5bc8-225e-64fc-40bf5d3fb59a}.Release|x64.Build.0 = Release|Any CPU
		{0137ded9-5bc8-225e-64fc-40bf5d3fb59a}.Release|x86.ActiveCfg = Release|Any CPU
		{0137ded9-5bc8-225e-64fc-40bf5d3fb59a}.Release|x86.Build.0 = Release|Any CPU
		{e132bcfb-d39d-4c85-bf7f-05c9c1b5b53d}.Debug|Any CPU.ActiveCfg = Debug|Any CPU
		{e132bcfb-d39d-4c85-bf7f-05c9c1b5b53d}.Debug|Any CPU.Build.0 = Debug|Any CPU
		{e132bcfb-d39d-4c85-bf7f-05c9c1b5b53d}.Debug|x64.ActiveCfg = Debug|Any CPU
		{e132bcfb-d39d-4c85-bf7f-05c9c1b5b53d}.Debug|x64.Build.0 = Debug|Any CPU
		{e132bcfb-d39d-4c85-bf7f-05c9c1b5b53d}.Debug|x86.ActiveCfg = Debug|Any CPU
		{e132bcfb-d39d-4c85-bf7f-05c9c1b5b53d}.Debug|x86.Build.0 = Debug|Any CPU
		{e132bcfb-d39d-4c85-bf7f-05c9c1b5b53d}.Release|Any CPU.ActiveCfg = Release|Any CPU
		{e132bcfb-d39d-4c85-bf7f-05c9c1b5b53d}.Release|Any CPU.Build.0 = Release|Any CPU
		{e132bcfb-d39d-4c85-bf7f-05c9c1b5b53d}.Release|x64.ActiveCfg = Release|Any CPU
		{e132bcfb-d39d-4c85-bf7f-05c9c1b5b53d}.Release|x64.Build.0 = Release|Any CPU
		{e132bcfb-d39d-4c85-bf7f-05c9c1b5b53d}.Release|x86.ActiveCfg = Release|Any CPU
		{e132bcfb-d39d-4c85-bf7f-05c9c1b5b53d}.Release|x86.Build.0 = Release|Any CPU
		{456c6dc7-f610-410e-85a1-189ba73f1e43}.Debug|Any CPU.ActiveCfg = Debug|Any CPU
		{456c6dc7-f610-410e-85a1-189ba73f1e43}.Debug|Any CPU.Build.0 = Debug|Any CPU
		{456c6dc7-f610-410e-85a1-189ba73f1e43}.Debug|x64.ActiveCfg = Debug|Any CPU
		{456c6dc7-f610-410e-85a1-189ba73f1e43}.Debug|x64.Build.0 = Debug|Any CPU
		{456c6dc7-f610-410e-85a1-189ba73f1e43}.Debug|x86.ActiveCfg = Debug|Any CPU
		{456c6dc7-f610-410e-85a1-189ba73f1e43}.Debug|x86.Build.0 = Debug|Any CPU
		{456c6dc7-f610-410e-85a1-189ba73f1e43}.Release|Any CPU.ActiveCfg = Release|Any CPU
		{456c6dc7-f610-410e-85a1-189ba73f1e43}.Release|Any CPU.Build.0 = Release|Any CPU
		{456c6dc7-f610-410e-85a1-189ba73f1e43}.Release|x64.ActiveCfg = Release|Any CPU
		{456c6dc7-f610-410e-85a1-189ba73f1e43}.Release|x64.Build.0 = Release|Any CPU
		{456c6dc7-f610-410e-85a1-189ba73f1e43}.Release|x86.ActiveCfg = Release|Any CPU
		{456c6dc7-f610-410e-85a1-189ba73f1e43}.Release|x86.Build.0 = Release|Any CPU
		{c66dd549-8ef4-48f1-a85b-eaffaa736cee}.Debug|Any CPU.ActiveCfg = Debug|Any CPU
		{c66dd549-8ef4-48f1-a85b-eaffaa736cee}.Debug|Any CPU.Build.0 = Debug|Any CPU
		{c66dd549-8ef4-48f1-a85b-eaffaa736cee}.Debug|x64.ActiveCfg = Debug|Any CPU
		{c66dd549-8ef4-48f1-a85b-eaffaa736cee}.Debug|x64.Build.0 = Debug|Any CPU
		{c66dd549-8ef4-48f1-a85b-eaffaa736cee}.Debug|x86.ActiveCfg = Debug|Any CPU
		{c66dd549-8ef4-48f1-a85b-eaffaa736cee}.Debug|x86.Build.0 = Debug|Any CPU
		{c66dd549-8ef4-48f1-a85b-eaffaa736cee}.Release|Any CPU.ActiveCfg = Release|Any CPU
		{c66dd549-8ef4-48f1-a85b-eaffaa736cee}.Release|Any CPU.Build.0 = Release|Any CPU
		{c66dd549-8ef4-48f1-a85b-eaffaa736cee}.Release|x64.ActiveCfg = Release|Any CPU
		{c66dd549-8ef4-48f1-a85b-eaffaa736cee}.Release|x64.Build.0 = Release|Any CPU
		{c66dd549-8ef4-48f1-a85b-eaffaa736cee}.Release|x86.ActiveCfg = Release|Any CPU
		{c66dd549-8ef4-48f1-a85b-eaffaa736cee}.Release|x86.Build.0 = Release|Any CPU
		{d3bbfb85-g52f-5d67-c75f-8b3507gg7662}.Debug|Any CPU.ActiveCfg = Debug|Any CPU
		{d3bbfb85-g52f-5d67-c75f-8b3507gg7662}.Debug|Any CPU.Build.0 = Debug|Any CPU
		{d3bbfb85-g52f-5d67-c75f-8b3507gg7662}.Debug|x64.ActiveCfg = Debug|Any CPU
		{d3bbfb85-g52f-5d67-c75f-8b3507gg7662}.Debug|x64.Build.0 = Debug|Any CPU
		{d3bbfb85-g52f-5d67-c75f-8b3507gg7662}.Debug|x86.ActiveCfg = Debug|Any CPU
		{d3bbfb85-g52f-5d67-c75f-8b3507gg7662}.Debug|x86.Build.0 = Debug|Any CPU
		{d3bbfb85-g52f-5d67-c75f-8b3507gg7662}.Release|Any CPU.ActiveCfg = Release|Any CPU
		{d3bbfb85-g52f-5d67-c75f-8b3507gg7662}.Release|Any CPU.Build.0 = Release|Any CPU
		{d3bbfb85-g52f-5d67-c75f-8b3507gg7662}.Release|x64.ActiveCfg = Release|Any CPU
		{d3bbfb85-g52f-5d67-c75f-8b3507gg7662}.Release|x64.Build.0 = Release|Any CPU
		{d3bbfb85-g52f-5d67-c75f-8b3507gg7662}.Release|x86.ActiveCfg = Release|Any CPU
		{d3bbfb85-g52f-5d67-c75f-8b3507gg7662}.Release|x86.Build.0 = Release|Any CPU
		{00dd2678-7092-4cf6-999d-0f0a388380ac}.Debug|Any CPU.ActiveCfg = Debug|Any CPU
		{00dd2678-7092-4cf6-999d-0f0a388380ac}.Debug|Any CPU.Build.0 = Debug|Any CPU
		{00dd2678-7092-4cf6-999d-0f0a388380ac}.Debug|x64.ActiveCfg = Debug|Any CPU
		{00dd2678-7092-4cf6-999d-0f0a388380ac}.Debug|x64.Build.0 = Debug|Any CPU
		{00dd2678-7092-4cf6-999d-0f0a388380ac}.Debug|x86.ActiveCfg = Debug|Any CPU
		{00dd2678-7092-4cf6-999d-0f0a388380ac}.Debug|x86.Build.0 = Debug|Any CPU
		{00dd2678-7092-4cf6-999d-0f0a388380ac}.Release|Any CPU.ActiveCfg = Release|Any CPU
		{00dd2678-7092-4cf6-999d-0f0a388380ac}.Release|Any CPU.Build.0 = Release|Any CPU
		{00dd2678-7092-4cf6-999d-0f0a388380ac}.Release|x64.ActiveCfg = Release|Any CPU
		{00dd2678-7092-4cf6-999d-0f0a388380ac}.Release|x64.Build.0 = Release|Any CPU
		{00dd2678-7092-4cf6-999d-0f0a388380ac}.Release|x86.ActiveCfg = Release|Any CPU
		{00dd2678-7092-4cf6-999d-0f0a388380ac}.Release|x86.Build.0 = Release|Any CPU
		{33B457D0-A3A8-416E-9FE4-72ECDA5CF07A}.Debug|Any CPU.ActiveCfg = Debug|Any CPU
		{33B457D0-A3A8-416E-9FE4-72ECDA5CF07A}.Debug|Any CPU.Build.0 = Debug|Any CPU
		{33B457D0-A3A8-416E-9FE4-72ECDA5CF07A}.Debug|x64.ActiveCfg = Debug|Any CPU
		{33B457D0-A3A8-416E-9FE4-72ECDA5CF07A}.Debug|x64.Build.0 = Debug|Any CPU
		{33B457D0-A3A8-416E-9FE4-72ECDA5CF07A}.Debug|x86.ActiveCfg = Debug|Any CPU
		{33B457D0-A3A8-416E-9FE4-72ECDA5CF07A}.Debug|x86.Build.0 = Debug|Any CPU
		{33B457D0-A3A8-416E-9FE4-72ECDA5CF07A}.Release|Any CPU.ActiveCfg = Release|Any CPU
		{33B457D0-A3A8-416E-9FE4-72ECDA5CF07A}.Release|Any CPU.Build.0 = Release|Any CPU
		{33B457D0-A3A8-416E-9FE4-72ECDA5CF07A}.Release|x64.ActiveCfg = Release|Any CPU
		{33B457D0-A3A8-416E-9FE4-72ECDA5CF07A}.Release|x64.Build.0 = Release|Any CPU
		{33B457D0-A3A8-416E-9FE4-72ECDA5CF07A}.Release|x86.ActiveCfg = Release|Any CPU
		{33B457D0-A3A8-416E-9FE4-72ECDA5CF07A}.Release|x86.Build.0 = Release|Any CPU
		{2536962B-388E-402E-91F5-4F9CDAAA26CB}.Debug|Any CPU.ActiveCfg = Debug|Any CPU
		{2536962B-388E-402E-91F5-4F9CDAAA26CB}.Debug|Any CPU.Build.0 = Debug|Any CPU
		{2536962B-388E-402E-91F5-4F9CDAAA26CB}.Debug|x64.ActiveCfg = Debug|Any CPU
		{2536962B-388E-402E-91F5-4F9CDAAA26CB}.Debug|x64.Build.0 = Debug|Any CPU
		{2536962B-388E-402E-91F5-4F9CDAAA26CB}.Debug|x86.ActiveCfg = Debug|Any CPU
		{2536962B-388E-402E-91F5-4F9CDAAA26CB}.Debug|x86.Build.0 = Debug|Any CPU
		{2536962B-388E-402E-91F5-4F9CDAAA26CB}.Release|Any CPU.ActiveCfg = Release|Any CPU
		{2536962B-388E-402E-91F5-4F9CDAAA26CB}.Release|Any CPU.Build.0 = Release|Any CPU
		{2536962B-388E-402E-91F5-4F9CDAAA26CB}.Release|x64.ActiveCfg = Release|Any CPU
		{2536962B-388E-402E-91F5-4F9CDAAA26CB}.Release|x64.Build.0 = Release|Any CPU
		{2536962B-388E-402E-91F5-4F9CDAAA26CB}.Release|x86.ActiveCfg = Release|Any CPU
		{2536962B-388E-402E-91F5-4F9CDAAA26CB}.Release|x86.Build.0 = Release|Any CPU
		{9e4cf877-53e0-4d2f-b351-e27bd8d907c1}.Debug|Any CPU.ActiveCfg = Debug|Any CPU
		{9e4cf877-53e0-4d2f-b351-e27bd8d907c1}.Debug|Any CPU.Build.0 = Debug|Any CPU
		{9e4cf877-53e0-4d2f-b351-e27bd8d907c1}.Debug|x64.ActiveCfg = Debug|Any CPU
		{9e4cf877-53e0-4d2f-b351-e27bd8d907c1}.Debug|x64.Build.0 = Debug|Any CPU
		{9e4cf877-53e0-4d2f-b351-e27bd8d907c1}.Debug|x86.ActiveCfg = Debug|Any CPU
		{9e4cf877-53e0-4d2f-b351-e27bd8d907c1}.Debug|x86.Build.0 = Debug|Any CPU
		{9e4cf877-53e0-4d2f-b351-e27bd8d907c1}.Release|Any CPU.ActiveCfg = Release|Any CPU
		{9e4cf877-53e0-4d2f-b351-e27bd8d907c1}.Release|Any CPU.Build.0 = Release|Any CPU
		{9e4cf877-53e0-4d2f-b351-e27bd8d907c1}.Release|x64.ActiveCfg = Release|Any CPU
		{9e4cf877-53e0-4d2f-b351-e27bd8d907c1}.Release|x64.Build.0 = Release|Any CPU
		{9e4cf877-53e0-4d2f-b351-e27bd8d907c1}.Release|x86.ActiveCfg = Release|Any CPU
		{9e4cf877-53e0-4d2f-b351-e27bd8d907c1}.Release|x86.Build.0 = Release|Any CPU
		{3172c815-5fea-43e0-9589-8ab6f4af2866}.Debug|Any CPU.ActiveCfg = Debug|Any CPU
		{3172c815-5fea-43e0-9589-8ab6f4af2866}.Debug|Any CPU.Build.0 = Debug|Any CPU
		{3172c815-5fea-43e0-9589-8ab6f4af2866}.Debug|x64.ActiveCfg = Debug|Any CPU
		{3172c815-5fea-43e0-9589-8ab6f4af2866}.Debug|x64.Build.0 = Debug|Any CPU
		{3172c815-5fea-43e0-9589-8ab6f4af2866}.Debug|x86.ActiveCfg = Debug|Any CPU
		{3172c815-5fea-43e0-9589-8ab6f4af2866}.Debug|x86.Build.0 = Debug|Any CPU
		{3172c815-5fea-43e0-9589-8ab6f4af2866}.Release|Any CPU.ActiveCfg = Release|Any CPU
		{3172c815-5fea-43e0-9589-8ab6f4af2866}.Release|Any CPU.Build.0 = Release|Any CPU
		{3172c815-5fea-43e0-9589-8ab6f4af2866}.Release|x64.ActiveCfg = Release|Any CPU
		{3172c815-5fea-43e0-9589-8ab6f4af2866}.Release|x64.Build.0 = Release|Any CPU
		{3172c815-5fea-43e0-9589-8ab6f4af2866}.Release|x86.ActiveCfg = Release|Any CPU
		{3172c815-5fea-43e0-9589-8ab6f4af2866}.Release|x86.Build.0 = Release|Any CPU
		{13f5a69f-6a51-4b5e-a27d-4dde47e6c3d0}.Debug|Any CPU.ActiveCfg = Debug|Any CPU
		{13f5a69f-6a51-4b5e-a27d-4dde47e6c3d0}.Debug|Any CPU.Build.0 = Debug|Any CPU
		{13f5a69f-6a51-4b5e-a27d-4dde47e6c3d0}.Debug|x64.ActiveCfg = Debug|Any CPU
		{13f5a69f-6a51-4b5e-a27d-4dde47e6c3d0}.Debug|x64.Build.0 = Debug|Any CPU
		{13f5a69f-6a51-4b5e-a27d-4dde47e6c3d0}.Debug|x86.ActiveCfg = Debug|Any CPU
		{13f5a69f-6a51-4b5e-a27d-4dde47e6c3d0}.Debug|x86.Build.0 = Debug|Any CPU
		{13f5a69f-6a51-4b5e-a27d-4dde47e6c3d0}.Release|Any CPU.ActiveCfg = Release|Any CPU
		{13f5a69f-6a51-4b5e-a27d-4dde47e6c3d0}.Release|Any CPU.Build.0 = Release|Any CPU
		{13f5a69f-6a51-4b5e-a27d-4dde47e6c3d0}.Release|x64.ActiveCfg = Release|Any CPU
		{13f5a69f-6a51-4b5e-a27d-4dde47e6c3d0}.Release|x64.Build.0 = Release|Any CPU
		{13f5a69f-6a51-4b5e-a27d-4dde47e6c3d0}.Release|x86.ActiveCfg = Release|Any CPU
		{13f5a69f-6a51-4b5e-a27d-4dde47e6c3d0}.Release|x86.Build.0 = Release|Any CPU
		{e8bfe266-7dcb-417d-b714-925b4bb3bd89}.Debug|Any CPU.ActiveCfg = Debug|Any CPU
		{e8bfe266-7dcb-417d-b714-925b4bb3bd89}.Debug|Any CPU.Build.0 = Debug|Any CPU
		{e8bfe266-7dcb-417d-b714-925b4bb3bd89}.Debug|x64.ActiveCfg = Debug|Any CPU
		{e8bfe266-7dcb-417d-b714-925b4bb3bd89}.Debug|x64.Build.0 = Debug|Any CPU
		{e8bfe266-7dcb-417d-b714-925b4bb3bd89}.Debug|x86.ActiveCfg = Debug|Any CPU
		{e8bfe266-7dcb-417d-b714-925b4bb3bd89}.Debug|x86.Build.0 = Debug|Any CPU
		{e8bfe266-7dcb-417d-b714-925b4bb3bd89}.Release|Any CPU.ActiveCfg = Release|Any CPU
		{e8bfe266-7dcb-417d-b714-925b4bb3bd89}.Release|Any CPU.Build.0 = Release|Any CPU
		{e8bfe266-7dcb-417d-b714-925b4bb3bd89}.Release|x64.ActiveCfg = Release|Any CPU
		{e8bfe266-7dcb-417d-b714-925b4bb3bd89}.Release|x64.Build.0 = Release|Any CPU
		{e8bfe266-7dcb-417d-b714-925b4bb3bd89}.Release|x86.ActiveCfg = Release|Any CPU
		{e8bfe266-7dcb-417d-b714-925b4bb3bd89}.Release|x86.Build.0 = Release|Any CPU
		{518fb927-ab1a-5842-3e93-5eed07ab0023}.Debug|Any CPU.ActiveCfg = Debug|Any CPU
		{518fb927-ab1a-5842-3e93-5eed07ab0023}.Debug|Any CPU.Build.0 = Debug|Any CPU
		{518fb927-ab1a-5842-3e93-5eed07ab0023}.Debug|x64.ActiveCfg = Debug|Any CPU
		{518fb927-ab1a-5842-3e93-5eed07ab0023}.Debug|x64.Build.0 = Debug|Any CPU
		{518fb927-ab1a-5842-3e93-5eed07ab0023}.Debug|x86.ActiveCfg = Debug|Any CPU
		{518fb927-ab1a-5842-3e93-5eed07ab0023}.Debug|x86.Build.0 = Debug|Any CPU
		{518fb927-ab1a-5842-3e93-5eed07ab0023}.Release|Any CPU.ActiveCfg = Release|Any CPU
		{518fb927-ab1a-5842-3e93-5eed07ab0023}.Release|Any CPU.Build.0 = Release|Any CPU
		{518fb927-ab1a-5842-3e93-5eed07ab0023}.Release|x64.ActiveCfg = Release|Any CPU
		{518fb927-ab1a-5842-3e93-5eed07ab0023}.Release|x64.Build.0 = Release|Any CPU
		{518fb927-ab1a-5842-3e93-5eed07ab0023}.Release|x86.ActiveCfg = Release|Any CPU
		{518fb927-ab1a-5842-3e93-5eed07ab0023}.Release|x86.Build.0 = Release|Any CPU
		{D5AE7329-60CD-49A7-B9F9-15E9D6D44FB5}.Debug|Any CPU.ActiveCfg = Debug|Any CPU
		{D5AE7329-60CD-49A7-B9F9-15E9D6D44FB5}.Debug|Any CPU.Build.0 = Debug|Any CPU
		{D5AE7329-60CD-49A7-B9F9-15E9D6D44FB5}.Debug|x64.ActiveCfg = Debug|Any CPU
		{D5AE7329-60CD-49A7-B9F9-15E9D6D44FB5}.Debug|x64.Build.0 = Debug|Any CPU
		{D5AE7329-60CD-49A7-B9F9-15E9D6D44FB5}.Debug|x86.ActiveCfg = Debug|Any CPU
		{D5AE7329-60CD-49A7-B9F9-15E9D6D44FB5}.Debug|x86.Build.0 = Debug|Any CPU
		{D5AE7329-60CD-49A7-B9F9-15E9D6D44FB5}.Release|Any CPU.ActiveCfg = Release|Any CPU
		{D5AE7329-60CD-49A7-B9F9-15E9D6D44FB5}.Release|Any CPU.Build.0 = Release|Any CPU
		{D5AE7329-60CD-49A7-B9F9-15E9D6D44FB5}.Release|x64.ActiveCfg = Release|Any CPU
		{D5AE7329-60CD-49A7-B9F9-15E9D6D44FB5}.Release|x64.Build.0 = Release|Any CPU
		{D5AE7329-60CD-49A7-B9F9-15E9D6D44FB5}.Release|x86.ActiveCfg = Release|Any CPU
		{D5AE7329-60CD-49A7-B9F9-15E9D6D44FB5}.Release|x86.Build.0 = Release|Any CPU
		{2763ec40-c4dd-11ea-87d0-0242ac130003}.Debug|Any CPU.ActiveCfg = Debug|Any CPU
		{2763ec40-c4dd-11ea-87d0-0242ac130003}.Debug|Any CPU.Build.0 = Debug|Any CPU
		{2763ec40-c4dd-11ea-87d0-0242ac130003}.Debug|x64.ActiveCfg = Debug|Any CPU
		{2763ec40-c4dd-11ea-87d0-0242ac130003}.Debug|x64.Build.0 = Debug|Any CPU
		{2763ec40-c4dd-11ea-87d0-0242ac130003}.Debug|x86.ActiveCfg = Debug|Any CPU
		{2763ec40-c4dd-11ea-87d0-0242ac130003}.Debug|x86.Build.0 = Debug|Any CPU
		{2763ec40-c4dd-11ea-87d0-0242ac130003}.Release|Any CPU.ActiveCfg = Release|Any CPU
		{2763ec40-c4dd-11ea-87d0-0242ac130003}.Release|Any CPU.Build.0 = Release|Any CPU
		{2763ec40-c4dd-11ea-87d0-0242ac130003}.Release|x64.ActiveCfg = Release|Any CPU
		{2763ec40-c4dd-11ea-87d0-0242ac130003}.Release|x64.Build.0 = Release|Any CPU
		{2763ec40-c4dd-11ea-87d0-0242ac130003}.Release|x86.ActiveCfg = Release|Any CPU
		{2763ec40-c4dd-11ea-87d0-0242ac130003}.Release|x86.Build.0 = Release|Any CPU
		{F7ABA0D7-E3F9-4F81-BAA3-7A327D52228A}.Debug|Any CPU.ActiveCfg = Debug|Any CPU
		{F7ABA0D7-E3F9-4F81-BAA3-7A327D52228A}.Debug|Any CPU.Build.0 = Debug|Any CPU
		{F7ABA0D7-E3F9-4F81-BAA3-7A327D52228A}.Debug|x64.ActiveCfg = Debug|Any CPU
		{F7ABA0D7-E3F9-4F81-BAA3-7A327D52228A}.Debug|x64.Build.0 = Debug|Any CPU
		{F7ABA0D7-E3F9-4F81-BAA3-7A327D52228A}.Debug|x86.ActiveCfg = Debug|Any CPU
		{F7ABA0D7-E3F9-4F81-BAA3-7A327D52228A}.Debug|x86.Build.0 = Debug|Any CPU
		{F7ABA0D7-E3F9-4F81-BAA3-7A327D52228A}.Release|Any CPU.ActiveCfg = Release|Any CPU
		{F7ABA0D7-E3F9-4F81-BAA3-7A327D52228A}.Release|Any CPU.Build.0 = Release|Any CPU
		{F7ABA0D7-E3F9-4F81-BAA3-7A327D52228A}.Release|x64.ActiveCfg = Release|Any CPU
		{F7ABA0D7-E3F9-4F81-BAA3-7A327D52228A}.Release|x64.Build.0 = Release|Any CPU
		{F7ABA0D7-E3F9-4F81-BAA3-7A327D52228A}.Release|x86.ActiveCfg = Release|Any CPU
		{F7ABA0D7-E3F9-4F81-BAA3-7A327D52228A}.Release|x86.Build.0 = Release|Any CPU
		{f77fb0de-9056-11eb-8219-f26d2774ac7a}.Debug|Any CPU.ActiveCfg = Debug|Any CPU
		{f77fb0de-9056-11eb-8219-f26d2774ac7a}.Debug|Any CPU.Build.0 = Debug|Any CPU
		{f77fb0de-9056-11eb-8219-f26d2774ac7a}.Debug|x64.ActiveCfg = Debug|Any CPU
		{f77fb0de-9056-11eb-8219-f26d2774ac7a}.Debug|x64.Build.0 = Debug|Any CPU
		{f77fb0de-9056-11eb-8219-f26d2774ac7a}.Debug|x86.ActiveCfg = Debug|Any CPU
		{f77fb0de-9056-11eb-8219-f26d2774ac7a}.Debug|x86.Build.0 = Debug|Any CPU
		{f77fb0de-9056-11eb-8219-f26d2774ac7a}.Release|Any CPU.ActiveCfg = Release|Any CPU
		{f77fb0de-9056-11eb-8219-f26d2774ac7a}.Release|Any CPU.Build.0 = Release|Any CPU
		{f77fb0de-9056-11eb-8219-f26d2774ac7a}.Release|x64.ActiveCfg = Release|Any CPU
		{f77fb0de-9056-11eb-8219-f26d2774ac7a}.Release|x64.Build.0 = Release|Any CPU
		{f77fb0de-9056-11eb-8219-f26d2774ac7a}.Release|x86.ActiveCfg = Release|Any CPU
		{f77fb0de-9056-11eb-8219-f26d2774ac7a}.Release|x86.Build.0 = Release|Any CPU
		{8ec38b48-4730-49fb-a033-efbd5fe74b08}.Debug|Any CPU.ActiveCfg = Debug|Any CPU
		{8ec38b48-4730-49fb-a033-efbd5fe74b08}.Debug|Any CPU.Build.0 = Debug|Any CPU
		{8ec38b48-4730-49fb-a033-efbd5fe74b08}.Debug|x64.ActiveCfg = Debug|Any CPU
		{8ec38b48-4730-49fb-a033-efbd5fe74b08}.Debug|x64.Build.0 = Debug|Any CPU
		{8ec38b48-4730-49fb-a033-efbd5fe74b08}.Debug|x86.ActiveCfg = Debug|Any CPU
		{8ec38b48-4730-49fb-a033-efbd5fe74b08}.Debug|x86.Build.0 = Debug|Any CPU
		{8ec38b48-4730-49fb-a033-efbd5fe74b08}.Release|Any CPU.ActiveCfg = Release|Any CPU
		{8ec38b48-4730-49fb-a033-efbd5fe74b08}.Release|Any CPU.Build.0 = Release|Any CPU
		{8ec38b48-4730-49fb-a033-efbd5fe74b08}.Release|x64.ActiveCfg = Release|Any CPU
		{8ec38b48-4730-49fb-a033-efbd5fe74b08}.Release|x64.Build.0 = Release|Any CPU
		{8ec38b48-4730-49fb-a033-efbd5fe74b08}.Release|x86.ActiveCfg = Release|Any CPU
		{8ec38b48-4730-49fb-a033-efbd5fe74b08}.Release|x86.Build.0 = Release|Any CPU
		{1635d3a9-f723-4184-8328-018a761bb661}.Debug|Any CPU.ActiveCfg = Debug|Any CPU
		{1635d3a9-f723-4184-8328-018a761bb661}.Debug|Any CPU.Build.0 = Debug|Any CPU
		{1635d3a9-f723-4184-8328-018a761bb661}.Debug|x64.ActiveCfg = Debug|Any CPU
		{1635d3a9-f723-4184-8328-018a761bb661}.Debug|x64.Build.0 = Debug|Any CPU
		{1635d3a9-f723-4184-8328-018a761bb661}.Debug|x86.ActiveCfg = Debug|Any CPU
		{1635d3a9-f723-4184-8328-018a761bb661}.Debug|x86.Build.0 = Debug|Any CPU
		{1635d3a9-f723-4184-8328-018a761bb661}.Release|Any CPU.ActiveCfg = Release|Any CPU
		{1635d3a9-f723-4184-8328-018a761bb661}.Release|Any CPU.Build.0 = Release|Any CPU
		{1635d3a9-f723-4184-8328-018a761bb661}.Release|x64.ActiveCfg = Release|Any CPU
		{1635d3a9-f723-4184-8328-018a761bb661}.Release|x64.Build.0 = Release|Any CPU
		{1635d3a9-f723-4184-8328-018a761bb661}.Release|x86.ActiveCfg = Release|Any CPU
		{1635d3a9-f723-4184-8328-018a761bb661}.Release|x86.Build.0 = Release|Any CPU
		{1f0af3bf-e48a-7329-2e45-531f3a8e3bcb}.Debug|Any CPU.ActiveCfg = Debug|Any CPU
		{1f0af3bf-e48a-7329-2e45-531f3a8e3bcb}.Debug|Any CPU.Build.0 = Debug|Any CPU
		{1f0af3bf-e48a-7329-2e45-531f3a8e3bcb}.Debug|x64.ActiveCfg = Debug|Any CPU
		{1f0af3bf-e48a-7329-2e45-531f3a8e3bcb}.Debug|x64.Build.0 = Debug|Any CPU
		{1f0af3bf-e48a-7329-2e45-531f3a8e3bcb}.Debug|x86.ActiveCfg = Debug|Any CPU
		{1f0af3bf-e48a-7329-2e45-531f3a8e3bcb}.Debug|x86.Build.0 = Debug|Any CPU
		{1f0af3bf-e48a-7329-2e45-531f3a8e3bcb}.Release|Any CPU.ActiveCfg = Release|Any CPU
		{1f0af3bf-e48a-7329-2e45-531f3a8e3bcb}.Release|Any CPU.Build.0 = Release|Any CPU
		{1f0af3bf-e48a-7329-2e45-531f3a8e3bcb}.Release|x64.ActiveCfg = Release|Any CPU
		{1f0af3bf-e48a-7329-2e45-531f3a8e3bcb}.Release|x64.Build.0 = Release|Any CPU
		{1f0af3bf-e48a-7329-2e45-531f3a8e3bcb}.Release|x86.ActiveCfg = Release|Any CPU
		{1f0af3bf-e48a-7329-2e45-531f3a8e3bcb}.Release|x86.Build.0 = Release|Any CPU
		{659dc7e7-ee5b-4033-9cf0-7b8dc00fd88e}.Debug|Any CPU.ActiveCfg = Debug|Any CPU
		{659dc7e7-ee5b-4033-9cf0-7b8dc00fd88e}.Debug|Any CPU.Build.0 = Debug|Any CPU
		{659dc7e7-ee5b-4033-9cf0-7b8dc00fd88e}.Debug|x64.ActiveCfg = Debug|Any CPU
		{659dc7e7-ee5b-4033-9cf0-7b8dc00fd88e}.Debug|x64.Build.0 = Debug|Any CPU
		{659dc7e7-ee5b-4033-9cf0-7b8dc00fd88e}.Debug|x86.ActiveCfg = Debug|Any CPU
		{659dc7e7-ee5b-4033-9cf0-7b8dc00fd88e}.Debug|x86.Build.0 = Debug|Any CPU
		{659dc7e7-ee5b-4033-9cf0-7b8dc00fd88e}.Release|Any CPU.ActiveCfg = Release|Any CPU
		{659dc7e7-ee5b-4033-9cf0-7b8dc00fd88e}.Release|Any CPU.Build.0 = Release|Any CPU
		{659dc7e7-ee5b-4033-9cf0-7b8dc00fd88e}.Release|x64.ActiveCfg = Release|Any CPU
		{659dc7e7-ee5b-4033-9cf0-7b8dc00fd88e}.Release|x64.Build.0 = Release|Any CPU
		{659dc7e7-ee5b-4033-9cf0-7b8dc00fd88e}.Release|x86.ActiveCfg = Release|Any CPU
		{659dc7e7-ee5b-4033-9cf0-7b8dc00fd88e}.Release|x86.Build.0 = Release|Any CPU
		{2d307e5b-3ba2-427d-8e3c-4e2f66c800a6}.Debug|Any CPU.ActiveCfg = Debug|Any CPU
		{2d307e5b-3ba2-427d-8e3c-4e2f66c800a6}.Debug|Any CPU.Build.0 = Debug|Any CPU
		{2d307e5b-3ba2-427d-8e3c-4e2f66c800a6}.Debug|x64.ActiveCfg = Debug|Any CPU
		{2d307e5b-3ba2-427d-8e3c-4e2f66c800a6}.Debug|x64.Build.0 = Debug|Any CPU
		{2d307e5b-3ba2-427d-8e3c-4e2f66c800a6}.Debug|x86.ActiveCfg = Debug|Any CPU
		{2d307e5b-3ba2-427d-8e3c-4e2f66c800a6}.Debug|x86.Build.0 = Debug|Any CPU
		{2d307e5b-3ba2-427d-8e3c-4e2f66c800a6}.Release|Any CPU.ActiveCfg = Release|Any CPU
		{2d307e5b-3ba2-427d-8e3c-4e2f66c800a6}.Release|Any CPU.Build.0 = Release|Any CPU
		{2d307e5b-3ba2-427d-8e3c-4e2f66c800a6}.Release|x64.ActiveCfg = Release|Any CPU
		{2d307e5b-3ba2-427d-8e3c-4e2f66c800a6}.Release|x64.Build.0 = Release|Any CPU
		{2d307e5b-3ba2-427d-8e3c-4e2f66c800a6}.Release|x86.ActiveCfg = Release|Any CPU
		{2d307e5b-3ba2-427d-8e3c-4e2f66c800a6}.Release|x86.Build.0 = Release|Any CPU
		{B6D999F9-9335-433F-BCD2-1E07409AFA39}.Debug|Any CPU.ActiveCfg = Debug|Any CPU
		{B6D999F9-9335-433F-BCD2-1E07409AFA39}.Debug|Any CPU.Build.0 = Debug|Any CPU
		{B6D999F9-9335-433F-BCD2-1E07409AFA39}.Debug|x64.ActiveCfg = Debug|Any CPU
		{B6D999F9-9335-433F-BCD2-1E07409AFA39}.Debug|x64.Build.0 = Debug|Any CPU
		{B6D999F9-9335-433F-BCD2-1E07409AFA39}.Debug|x86.ActiveCfg = Debug|Any CPU
		{B6D999F9-9335-433F-BCD2-1E07409AFA39}.Debug|x86.Build.0 = Debug|Any CPU
		{B6D999F9-9335-433F-BCD2-1E07409AFA39}.Release|Any CPU.ActiveCfg = Release|Any CPU
		{B6D999F9-9335-433F-BCD2-1E07409AFA39}.Release|Any CPU.Build.0 = Release|Any CPU
		{B6D999F9-9335-433F-BCD2-1E07409AFA39}.Release|x64.ActiveCfg = Release|Any CPU
		{B6D999F9-9335-433F-BCD2-1E07409AFA39}.Release|x64.Build.0 = Release|Any CPU
		{B6D999F9-9335-433F-BCD2-1E07409AFA39}.Release|x86.ActiveCfg = Release|Any CPU
		{B6D999F9-9335-433F-BCD2-1E07409AFA39}.Release|x86.Build.0 = Release|Any CPU
		{123e4567-e89b-12d3-a456-426614174000}.Debug|Any CPU.ActiveCfg = Debug|Any CPU
		{123e4567-e89b-12d3-a456-426614174000}.Debug|Any CPU.Build.0 = Debug|Any CPU
		{123e4567-e89b-12d3-a456-426614174000}.Debug|x64.ActiveCfg = Debug|Any CPU
		{123e4567-e89b-12d3-a456-426614174000}.Debug|x64.Build.0 = Debug|Any CPU
		{123e4567-e89b-12d3-a456-426614174000}.Debug|x86.ActiveCfg = Debug|Any CPU
		{123e4567-e89b-12d3-a456-426614174000}.Debug|x86.Build.0 = Debug|Any CPU
		{123e4567-e89b-12d3-a456-426614174000}.Release|Any CPU.ActiveCfg = Release|Any CPU
		{123e4567-e89b-12d3-a456-426614174000}.Release|Any CPU.Build.0 = Release|Any CPU
		{123e4567-e89b-12d3-a456-426614174000}.Release|x64.ActiveCfg = Release|Any CPU
		{123e4567-e89b-12d3-a456-426614174000}.Release|x64.Build.0 = Release|Any CPU
		{123e4567-e89b-12d3-a456-426614174000}.Release|x86.ActiveCfg = Release|Any CPU
		{123e4567-e89b-12d3-a456-426614174000}.Release|x86.Build.0 = Release|Any CPU
		{AB995C96-1F78-4869-90B5-C3BC215C17F0}.Debug|Any CPU.ActiveCfg = Debug|Any CPU
		{AB995C96-1F78-4869-90B5-C3BC215C17F0}.Debug|Any CPU.Build.0 = Debug|Any CPU
		{AB995C96-1F78-4869-90B5-C3BC215C17F0}.Debug|x64.ActiveCfg = Debug|Any CPU
		{AB995C96-1F78-4869-90B5-C3BC215C17F0}.Debug|x64.Build.0 = Debug|Any CPU
		{AB995C96-1F78-4869-90B5-C3BC215C17F0}.Debug|x86.ActiveCfg = Debug|Any CPU
		{AB995C96-1F78-4869-90B5-C3BC215C17F0}.Debug|x86.Build.0 = Debug|Any CPU
		{AB995C96-1F78-4869-90B5-C3BC215C17F0}.Release|Any CPU.ActiveCfg = Release|Any CPU
		{AB995C96-1F78-4869-90B5-C3BC215C17F0}.Release|Any CPU.Build.0 = Release|Any CPU
		{AB995C96-1F78-4869-90B5-C3BC215C17F0}.Release|x64.ActiveCfg = Release|Any CPU
		{AB995C96-1F78-4869-90B5-C3BC215C17F0}.Release|x64.Build.0 = Release|Any CPU
		{AB995C96-1F78-4869-90B5-C3BC215C17F0}.Release|x86.ActiveCfg = Release|Any CPU
		{AB995C96-1F78-4869-90B5-C3BC215C17F0}.Release|x86.Build.0 = Release|Any CPU
		{e4b6779e-2b75-492b-a149-7bc5a58e9469}.Debug|Any CPU.ActiveCfg = Debug|Any CPU
		{e4b6779e-2b75-492b-a149-7bc5a58e9469}.Debug|Any CPU.Build.0 = Debug|Any CPU
		{e4b6779e-2b75-492b-a149-7bc5a58e9469}.Debug|x64.ActiveCfg = Debug|Any CPU
		{e4b6779e-2b75-492b-a149-7bc5a58e9469}.Debug|x64.Build.0 = Debug|Any CPU
		{e4b6779e-2b75-492b-a149-7bc5a58e9469}.Debug|x86.ActiveCfg = Debug|Any CPU
		{e4b6779e-2b75-492b-a149-7bc5a58e9469}.Debug|x86.Build.0 = Debug|Any CPU
		{e4b6779e-2b75-492b-a149-7bc5a58e9469}.Release|Any CPU.ActiveCfg = Release|Any CPU
		{e4b6779e-2b75-492b-a149-7bc5a58e9469}.Release|Any CPU.Build.0 = Release|Any CPU
		{e4b6779e-2b75-492b-a149-7bc5a58e9469}.Release|x64.ActiveCfg = Release|Any CPU
		{e4b6779e-2b75-492b-a149-7bc5a58e9469}.Release|x64.Build.0 = Release|Any CPU
		{e4b6779e-2b75-492b-a149-7bc5a58e9469}.Release|x86.ActiveCfg = Release|Any CPU
		{e4b6779e-2b75-492b-a149-7bc5a58e9469}.Release|x86.Build.0 = Release|Any CPU
		{38F2C59A-6FAA-498E-9DAB-6CE2640A539A}.Debug|Any CPU.ActiveCfg = Debug|Any CPU
		{38F2C59A-6FAA-498E-9DAB-6CE2640A539A}.Debug|Any CPU.Build.0 = Debug|Any CPU
		{38F2C59A-6FAA-498E-9DAB-6CE2640A539A}.Debug|x64.ActiveCfg = Debug|Any CPU
		{38F2C59A-6FAA-498E-9DAB-6CE2640A539A}.Debug|x64.Build.0 = Debug|Any CPU
		{38F2C59A-6FAA-498E-9DAB-6CE2640A539A}.Debug|x86.ActiveCfg = Debug|Any CPU
		{38F2C59A-6FAA-498E-9DAB-6CE2640A539A}.Debug|x86.Build.0 = Debug|Any CPU
		{38F2C59A-6FAA-498E-9DAB-6CE2640A539A}.Release|Any CPU.ActiveCfg = Release|Any CPU
		{38F2C59A-6FAA-498E-9DAB-6CE2640A539A}.Release|Any CPU.Build.0 = Release|Any CPU
		{38F2C59A-6FAA-498E-9DAB-6CE2640A539A}.Release|x64.ActiveCfg = Release|Any CPU
		{38F2C59A-6FAA-498E-9DAB-6CE2640A539A}.Release|x64.Build.0 = Release|Any CPU
		{38F2C59A-6FAA-498E-9DAB-6CE2640A539A}.Release|x86.ActiveCfg = Release|Any CPU
		{38F2C59A-6FAA-498E-9DAB-6CE2640A539A}.Release|x86.Build.0 = Release|Any CPU
		{1E3501D3-A14A-DA16-A148-B8B3ABA3C7AD}.Debug|Any CPU.ActiveCfg = Debug|Any CPU
		{1E3501D3-A14A-DA16-A148-B8B3ABA3C7AD}.Debug|Any CPU.Build.0 = Debug|Any CPU
		{1E3501D3-A14A-DA16-A148-B8B3ABA3C7AD}.Debug|x64.ActiveCfg = Debug|Any CPU
		{1E3501D3-A14A-DA16-A148-B8B3ABA3C7AD}.Debug|x64.Build.0 = Debug|Any CPU
		{1E3501D3-A14A-DA16-A148-B8B3ABA3C7AD}.Debug|x86.ActiveCfg = Debug|Any CPU
		{1E3501D3-A14A-DA16-A148-B8B3ABA3C7AD}.Debug|x86.Build.0 = Debug|Any CPU
		{1E3501D3-A14A-DA16-A148-B8B3ABA3C7AD}.Release|Any CPU.ActiveCfg = Release|Any CPU
		{1E3501D3-A14A-DA16-A148-B8B3ABA3C7AD}.Release|Any CPU.Build.0 = Release|Any CPU
		{1E3501D3-A14A-DA16-A148-B8B3ABA3C7AD}.Release|x64.ActiveCfg = Release|Any CPU
		{1E3501D3-A14A-DA16-A148-B8B3ABA3C7AD}.Release|x64.Build.0 = Release|Any CPU
		{1E3501D3-A14A-DA16-A148-B8B3ABA3C7AD}.Release|x86.ActiveCfg = Release|Any CPU
		{1E3501D3-A14A-DA16-A148-B8B3ABA3C7AD}.Release|x86.Build.0 = Release|Any CPU
		{f433ad13-d5fc-4ac3-8330-f01636345186}.Debug|Any CPU.ActiveCfg = Debug|Any CPU
		{f433ad13-d5fc-4ac3-8330-f01636345186}.Debug|Any CPU.Build.0 = Debug|Any CPU
		{f433ad13-d5fc-4ac3-8330-f01636345186}.Debug|x64.ActiveCfg = Debug|Any CPU
		{f433ad13-d5fc-4ac3-8330-f01636345186}.Debug|x64.Build.0 = Debug|Any CPU
		{f433ad13-d5fc-4ac3-8330-f01636345186}.Debug|x86.ActiveCfg = Debug|Any CPU
		{f433ad13-d5fc-4ac3-8330-f01636345186}.Debug|x86.Build.0 = Debug|Any CPU
		{f433ad13-d5fc-4ac3-8330-f01636345186}.Release|Any CPU.ActiveCfg = Release|Any CPU
		{f433ad13-d5fc-4ac3-8330-f01636345186}.Release|Any CPU.Build.0 = Release|Any CPU
		{f433ad13-d5fc-4ac3-8330-f01636345186}.Release|x64.ActiveCfg = Release|Any CPU
		{f433ad13-d5fc-4ac3-8330-f01636345186}.Release|x64.Build.0 = Release|Any CPU
		{f433ad13-d5fc-4ac3-8330-f01636345186}.Release|x86.ActiveCfg = Release|Any CPU
		{f433ad13-d5fc-4ac3-8330-f01636345186}.Release|x86.Build.0 = Release|Any CPU
		{59BA4A17-DFE9-4A67-A5F6-A49AA24965AF}.Debug|Any CPU.ActiveCfg = Debug|Any CPU
		{59BA4A17-DFE9-4A67-A5F6-A49AA24965AF}.Debug|Any CPU.Build.0 = Debug|Any CPU
		{59BA4A17-DFE9-4A67-A5F6-A49AA24965AF}.Debug|x64.ActiveCfg = Debug|Any CPU
		{59BA4A17-DFE9-4A67-A5F6-A49AA24965AF}.Debug|x64.Build.0 = Debug|Any CPU
		{59BA4A17-DFE9-4A67-A5F6-A49AA24965AF}.Debug|x86.ActiveCfg = Debug|Any CPU
		{59BA4A17-DFE9-4A67-A5F6-A49AA24965AF}.Debug|x86.Build.0 = Debug|Any CPU
		{59BA4A17-DFE9-4A67-A5F6-A49AA24965AF}.Release|Any CPU.ActiveCfg = Release|Any CPU
		{59BA4A17-DFE9-4A67-A5F6-A49AA24965AF}.Release|Any CPU.Build.0 = Release|Any CPU
		{59BA4A17-DFE9-4A67-A5F6-A49AA24965AF}.Release|x64.ActiveCfg = Release|Any CPU
		{59BA4A17-DFE9-4A67-A5F6-A49AA24965AF}.Release|x64.Build.0 = Release|Any CPU
		{59BA4A17-DFE9-4A67-A5F6-A49AA24965AF}.Release|x86.ActiveCfg = Release|Any CPU
		{59BA4A17-DFE9-4A67-A5F6-A49AA24965AF}.Release|x86.Build.0 = Release|Any CPU
		{b5175f42-1803-b19d-c5cc-b1c5514b815c}.Debug|Any CPU.ActiveCfg = Debug|Any CPU
		{b5175f42-1803-b19d-c5cc-b1c5514b815c}.Debug|Any CPU.Build.0 = Debug|Any CPU
		{b5175f42-1803-b19d-c5cc-b1c5514b815c}.Debug|x64.ActiveCfg = Debug|Any CPU
		{b5175f42-1803-b19d-c5cc-b1c5514b815c}.Debug|x64.Build.0 = Debug|Any CPU
		{b5175f42-1803-b19d-c5cc-b1c5514b815c}.Debug|x86.ActiveCfg = Debug|Any CPU
		{b5175f42-1803-b19d-c5cc-b1c5514b815c}.Debug|x86.Build.0 = Debug|Any CPU
		{b5175f42-1803-b19d-c5cc-b1c5514b815c}.Release|Any CPU.ActiveCfg = Release|Any CPU
		{b5175f42-1803-b19d-c5cc-b1c5514b815c}.Release|Any CPU.Build.0 = Release|Any CPU
		{b5175f42-1803-b19d-c5cc-b1c5514b815c}.Release|x64.ActiveCfg = Release|Any CPU
		{b5175f42-1803-b19d-c5cc-b1c5514b815c}.Release|x64.Build.0 = Release|Any CPU
		{b5175f42-1803-b19d-c5cc-b1c5514b815c}.Release|x86.ActiveCfg = Release|Any CPU
		{b5175f42-1803-b19d-c5cc-b1c5514b815c}.Release|x86.Build.0 = Release|Any CPU
		{96f50236-7030-47ab-af32-bb76484fad1c}.Debug|Any CPU.ActiveCfg = Debug|Any CPU
		{96f50236-7030-47ab-af32-bb76484fad1c}.Debug|Any CPU.Build.0 = Debug|Any CPU
		{96f50236-7030-47ab-af32-bb76484fad1c}.Debug|x64.ActiveCfg = Debug|Any CPU
		{96f50236-7030-47ab-af32-bb76484fad1c}.Debug|x64.Build.0 = Debug|Any CPU
		{96f50236-7030-47ab-af32-bb76484fad1c}.Debug|x86.ActiveCfg = Debug|Any CPU
		{96f50236-7030-47ab-af32-bb76484fad1c}.Debug|x86.Build.0 = Debug|Any CPU
		{96f50236-7030-47ab-af32-bb76484fad1c}.Release|Any CPU.ActiveCfg = Release|Any CPU
		{96f50236-7030-47ab-af32-bb76484fad1c}.Release|Any CPU.Build.0 = Release|Any CPU
		{96f50236-7030-47ab-af32-bb76484fad1c}.Release|x64.ActiveCfg = Release|Any CPU
		{96f50236-7030-47ab-af32-bb76484fad1c}.Release|x64.Build.0 = Release|Any CPU
		{96f50236-7030-47ab-af32-bb76484fad1c}.Release|x86.ActiveCfg = Release|Any CPU
		{96f50236-7030-47ab-af32-bb76484fad1c}.Release|x86.Build.0 = Release|Any CPU
		{12cf972d-1c2b-80a1-33cc-056e6677ea5c}.Debug|Any CPU.ActiveCfg = Debug|Any CPU
		{12cf972d-1c2b-80a1-33cc-056e6677ea5c}.Debug|Any CPU.Build.0 = Debug|Any CPU
		{12cf972d-1c2b-80a1-33cc-056e6677ea5c}.Debug|x64.ActiveCfg = Debug|Any CPU
		{12cf972d-1c2b-80a1-33cc-056e6677ea5c}.Debug|x64.Build.0 = Debug|Any CPU
		{12cf972d-1c2b-80a1-33cc-056e6677ea5c}.Debug|x86.ActiveCfg = Debug|Any CPU
		{12cf972d-1c2b-80a1-33cc-056e6677ea5c}.Debug|x86.Build.0 = Debug|Any CPU
		{12cf972d-1c2b-80a1-33cc-056e6677ea5c}.Release|Any CPU.ActiveCfg = Release|Any CPU
		{12cf972d-1c2b-80a1-33cc-056e6677ea5c}.Release|Any CPU.Build.0 = Release|Any CPU
		{12cf972d-1c2b-80a1-33cc-056e6677ea5c}.Release|x64.ActiveCfg = Release|Any CPU
		{12cf972d-1c2b-80a1-33cc-056e6677ea5c}.Release|x64.Build.0 = Release|Any CPU
		{12cf972d-1c2b-80a1-33cc-056e6677ea5c}.Release|x86.ActiveCfg = Release|Any CPU
		{12cf972d-1c2b-80a1-33cc-056e6677ea5c}.Release|x86.Build.0 = Release|Any CPU
		{D9FEA963-ED3C-416B-B01E-1FF7EE009EA4}.Debug|Any CPU.ActiveCfg = Debug|Any CPU
		{D9FEA963-ED3C-416B-B01E-1FF7EE009EA4}.Debug|Any CPU.Build.0 = Debug|Any CPU
		{D9FEA963-ED3C-416B-B01E-1FF7EE009EA4}.Debug|x64.ActiveCfg = Debug|Any CPU
		{D9FEA963-ED3C-416B-B01E-1FF7EE009EA4}.Debug|x64.Build.0 = Debug|Any CPU
		{D9FEA963-ED3C-416B-B01E-1FF7EE009EA4}.Debug|x86.ActiveCfg = Debug|Any CPU
		{D9FEA963-ED3C-416B-B01E-1FF7EE009EA4}.Debug|x86.Build.0 = Debug|Any CPU
		{D9FEA963-ED3C-416B-B01E-1FF7EE009EA4}.Release|Any CPU.ActiveCfg = Release|Any CPU
		{D9FEA963-ED3C-416B-B01E-1FF7EE009EA4}.Release|Any CPU.Build.0 = Release|Any CPU
		{D9FEA963-ED3C-416B-B01E-1FF7EE009EA4}.Release|x64.ActiveCfg = Release|Any CPU
		{D9FEA963-ED3C-416B-B01E-1FF7EE009EA4}.Release|x64.Build.0 = Release|Any CPU
		{D9FEA963-ED3C-416B-B01E-1FF7EE009EA4}.Release|x86.ActiveCfg = Release|Any CPU
		{D9FEA963-ED3C-416B-B01E-1FF7EE009EA4}.Release|x86.Build.0 = Release|Any CPU
		{12F2C43A-6FAA-437E-9DAB-6CE8640A524A}.Debug|Any CPU.ActiveCfg = Debug|Any CPU
		{12F2C43A-6FAA-437E-9DAB-6CE8640A524A}.Debug|Any CPU.Build.0 = Debug|Any CPU
		{12F2C43A-6FAA-437E-9DAB-6CE8640A524A}.Debug|x64.ActiveCfg = Debug|Any CPU
		{12F2C43A-6FAA-437E-9DAB-6CE8640A524A}.Debug|x64.Build.0 = Debug|Any CPU
		{12F2C43A-6FAA-437E-9DAB-6CE8640A524A}.Debug|x86.ActiveCfg = Debug|Any CPU
		{12F2C43A-6FAA-437E-9DAB-6CE8640A524A}.Debug|x86.Build.0 = Debug|Any CPU
		{12F2C43A-6FAA-437E-9DAB-6CE8640A524A}.Release|Any CPU.ActiveCfg = Release|Any CPU
		{12F2C43A-6FAA-437E-9DAB-6CE8640A524A}.Release|Any CPU.Build.0 = Release|Any CPU
		{12F2C43A-6FAA-437E-9DAB-6CE8640A524A}.Release|x64.ActiveCfg = Release|Any CPU
		{12F2C43A-6FAA-437E-9DAB-6CE8640A524A}.Release|x64.Build.0 = Release|Any CPU
		{12F2C43A-6FAA-437E-9DAB-6CE8640A524A}.Release|x86.ActiveCfg = Release|Any CPU
		{12F2C43A-6FAA-437E-9DAB-6CE8640A524A}.Release|x86.Build.0 = Release|Any CPU
		{8B486F38-42CC-4E4E-8798-E13EFCE9E8C7}.Debug|Any CPU.ActiveCfg = Debug|Any CPU
		{8B486F38-42CC-4E4E-8798-E13EFCE9E8C7}.Debug|Any CPU.Build.0 = Debug|Any CPU
		{8B486F38-42CC-4E4E-8798-E13EFCE9E8C7}.Debug|x64.ActiveCfg = Debug|Any CPU
		{8B486F38-42CC-4E4E-8798-E13EFCE9E8C7}.Debug|x64.Build.0 = Debug|Any CPU
		{8B486F38-42CC-4E4E-8798-E13EFCE9E8C7}.Debug|x86.ActiveCfg = Debug|Any CPU
		{8B486F38-42CC-4E4E-8798-E13EFCE9E8C7}.Debug|x86.Build.0 = Debug|Any CPU
		{8B486F38-42CC-4E4E-8798-E13EFCE9E8C7}.Release|Any CPU.ActiveCfg = Release|Any CPU
		{8B486F38-42CC-4E4E-8798-E13EFCE9E8C7}.Release|Any CPU.Build.0 = Release|Any CPU
		{8B486F38-42CC-4E4E-8798-E13EFCE9E8C7}.Release|x64.ActiveCfg = Release|Any CPU
		{8B486F38-42CC-4E4E-8798-E13EFCE9E8C7}.Release|x64.Build.0 = Release|Any CPU
		{8B486F38-42CC-4E4E-8798-E13EFCE9E8C7}.Release|x86.ActiveCfg = Release|Any CPU
		{8B486F38-42CC-4E4E-8798-E13EFCE9E8C7}.Release|x86.Build.0 = Release|Any CPU
		{3dbd55e0-4b6b-03fe-f82f-961c2fc28386}.Debug|Any CPU.ActiveCfg = Debug|Any CPU
		{3dbd55e0-4b6b-03fe-f82f-961c2fc28386}.Debug|Any CPU.Build.0 = Debug|Any CPU
		{3dbd55e0-4b6b-03fe-f82f-961c2fc28386}.Debug|x64.ActiveCfg = Debug|Any CPU
		{3dbd55e0-4b6b-03fe-f82f-961c2fc28386}.Debug|x64.Build.0 = Debug|Any CPU
		{3dbd55e0-4b6b-03fe-f82f-961c2fc28386}.Debug|x86.ActiveCfg = Debug|Any CPU
		{3dbd55e0-4b6b-03fe-f82f-961c2fc28386}.Debug|x86.Build.0 = Debug|Any CPU
		{3dbd55e0-4b6b-03fe-f82f-961c2fc28386}.Release|Any CPU.ActiveCfg = Release|Any CPU
		{3dbd55e0-4b6b-03fe-f82f-961c2fc28386}.Release|Any CPU.Build.0 = Release|Any CPU
		{3dbd55e0-4b6b-03fe-f82f-961c2fc28386}.Release|x64.ActiveCfg = Release|Any CPU
		{3dbd55e0-4b6b-03fe-f82f-961c2fc28386}.Release|x64.Build.0 = Release|Any CPU
		{3dbd55e0-4b6b-03fe-f82f-961c2fc28386}.Release|x86.ActiveCfg = Release|Any CPU
		{3dbd55e0-4b6b-03fe-f82f-961c2fc28386}.Release|x86.Build.0 = Release|Any CPU
		{6F5501D3-A74F-DA56-DB4E-B8B3AAA3C7CD}.Debug|Any CPU.ActiveCfg = Debug|Any CPU
		{6F5501D3-A74F-DA56-DB4E-B8B3AAA3C7CD}.Debug|Any CPU.Build.0 = Debug|Any CPU
		{6F5501D3-A74F-DA56-DB4E-B8B3AAA3C7CD}.Debug|x64.ActiveCfg = Debug|Any CPU
		{6F5501D3-A74F-DA56-DB4E-B8B3AAA3C7CD}.Debug|x64.Build.0 = Debug|Any CPU
		{6F5501D3-A74F-DA56-DB4E-B8B3AAA3C7CD}.Debug|x86.ActiveCfg = Debug|Any CPU
		{6F5501D3-A74F-DA56-DB4E-B8B3AAA3C7CD}.Debug|x86.Build.0 = Debug|Any CPU
		{6F5501D3-A74F-DA56-DB4E-B8B3AAA3C7CD}.Release|Any CPU.ActiveCfg = Release|Any CPU
		{6F5501D3-A74F-DA56-DB4E-B8B3AAA3C7CD}.Release|Any CPU.Build.0 = Release|Any CPU
		{6F5501D3-A74F-DA56-DB4E-B8B3AAA3C7CD}.Release|x64.ActiveCfg = Release|Any CPU
		{6F5501D3-A74F-DA56-DB4E-B8B3AAA3C7CD}.Release|x64.Build.0 = Release|Any CPU
		{6F5501D3-A74F-DA56-DB4E-B8B3AAA3C7CD}.Release|x86.ActiveCfg = Release|Any CPU
		{6F5501D3-A74F-DA56-DB4E-B8B3AAA3C7CD}.Release|x86.Build.0 = Release|Any CPU
		{ec1125a1-e08d-4545-a8d0-c9787c86755c}.Debug|Any CPU.ActiveCfg = Debug|Any CPU
		{ec1125a1-e08d-4545-a8d0-c9787c86755c}.Debug|Any CPU.Build.0 = Debug|Any CPU
		{ec1125a1-e08d-4545-a8d0-c9787c86755c}.Debug|x64.ActiveCfg = Debug|Any CPU
		{ec1125a1-e08d-4545-a8d0-c9787c86755c}.Debug|x64.Build.0 = Debug|Any CPU
		{ec1125a1-e08d-4545-a8d0-c9787c86755c}.Debug|x86.ActiveCfg = Debug|Any CPU
		{ec1125a1-e08d-4545-a8d0-c9787c86755c}.Debug|x86.Build.0 = Debug|Any CPU
		{ec1125a1-e08d-4545-a8d0-c9787c86755c}.Release|Any CPU.ActiveCfg = Release|Any CPU
		{ec1125a1-e08d-4545-a8d0-c9787c86755c}.Release|Any CPU.Build.0 = Release|Any CPU
		{ec1125a1-e08d-4545-a8d0-c9787c86755c}.Release|x64.ActiveCfg = Release|Any CPU
		{ec1125a1-e08d-4545-a8d0-c9787c86755c}.Release|x64.Build.0 = Release|Any CPU
		{ec1125a1-e08d-4545-a8d0-c9787c86755c}.Release|x86.ActiveCfg = Release|Any CPU
		{ec1125a1-e08d-4545-a8d0-c9787c86755c}.Release|x86.Build.0 = Release|Any CPU
		{f1e7e4dc-2fbc-4f22-9971-aaad299b16ef}.Debug|Any CPU.ActiveCfg = Debug|Any CPU
		{f1e7e4dc-2fbc-4f22-9971-aaad299b16ef}.Debug|Any CPU.Build.0 = Debug|Any CPU
		{f1e7e4dc-2fbc-4f22-9971-aaad299b16ef}.Debug|x64.ActiveCfg = Debug|Any CPU
		{f1e7e4dc-2fbc-4f22-9971-aaad299b16ef}.Debug|x64.Build.0 = Debug|Any CPU
		{f1e7e4dc-2fbc-4f22-9971-aaad299b16ef}.Debug|x86.ActiveCfg = Debug|Any CPU
		{f1e7e4dc-2fbc-4f22-9971-aaad299b16ef}.Debug|x86.Build.0 = Debug|Any CPU
		{f1e7e4dc-2fbc-4f22-9971-aaad299b16ef}.Release|Any CPU.ActiveCfg = Release|Any CPU
		{f1e7e4dc-2fbc-4f22-9971-aaad299b16ef}.Release|Any CPU.Build.0 = Release|Any CPU
		{f1e7e4dc-2fbc-4f22-9971-aaad299b16ef}.Release|x64.ActiveCfg = Release|Any CPU
		{f1e7e4dc-2fbc-4f22-9971-aaad299b16ef}.Release|x64.Build.0 = Release|Any CPU
		{f1e7e4dc-2fbc-4f22-9971-aaad299b16ef}.Release|x86.ActiveCfg = Release|Any CPU
		{f1e7e4dc-2fbc-4f22-9971-aaad299b16ef}.Release|x86.Build.0 = Release|Any CPU
		{ECB1152B-9F28-414F-B3E8-B596E421779B}.Debug|Any CPU.ActiveCfg = Debug|Any CPU
		{ECB1152B-9F28-414F-B3E8-B596E421779B}.Debug|Any CPU.Build.0 = Debug|Any CPU
		{ECB1152B-9F28-414F-B3E8-B596E421779B}.Debug|x64.ActiveCfg = Debug|Any CPU
		{ECB1152B-9F28-414F-B3E8-B596E421779B}.Debug|x64.Build.0 = Debug|Any CPU
		{ECB1152B-9F28-414F-B3E8-B596E421779B}.Debug|x86.ActiveCfg = Debug|Any CPU
		{ECB1152B-9F28-414F-B3E8-B596E421779B}.Debug|x86.Build.0 = Debug|Any CPU
		{ECB1152B-9F28-414F-B3E8-B596E421779B}.Release|Any CPU.ActiveCfg = Release|Any CPU
		{ECB1152B-9F28-414F-B3E8-B596E421779B}.Release|Any CPU.Build.0 = Release|Any CPU
		{ECB1152B-9F28-414F-B3E8-B596E421779B}.Release|x64.ActiveCfg = Release|Any CPU
		{ECB1152B-9F28-414F-B3E8-B596E421779B}.Release|x64.Build.0 = Release|Any CPU
		{ECB1152B-9F28-414F-B3E8-B596E421779B}.Release|x86.ActiveCfg = Release|Any CPU
		{ECB1152B-9F28-414F-B3E8-B596E421779B}.Release|x86.Build.0 = Release|Any CPU
		{38D1B59C-9F0A-648E-9DAB-6CE4640A539A}.Debug|Any CPU.ActiveCfg = Debug|Any CPU
		{38D1B59C-9F0A-648E-9DAB-6CE4640A539A}.Debug|Any CPU.Build.0 = Debug|Any CPU
		{38D1B59C-9F0A-648E-9DAB-6CE4640A539A}.Debug|x64.ActiveCfg = Debug|Any CPU
		{38D1B59C-9F0A-648E-9DAB-6CE4640A539A}.Debug|x64.Build.0 = Debug|Any CPU
		{38D1B59C-9F0A-648E-9DAB-6CE4640A539A}.Debug|x86.ActiveCfg = Debug|Any CPU
		{38D1B59C-9F0A-648E-9DAB-6CE4640A539A}.Debug|x86.Build.0 = Debug|Any CPU
		{38D1B59C-9F0A-648E-9DAB-6CE4640A539A}.Release|Any CPU.ActiveCfg = Release|Any CPU
		{38D1B59C-9F0A-648E-9DAB-6CE4640A539A}.Release|Any CPU.Build.0 = Release|Any CPU
		{38D1B59C-9F0A-648E-9DAB-6CE4640A539A}.Release|x64.ActiveCfg = Release|Any CPU
		{38D1B59C-9F0A-648E-9DAB-6CE4640A539A}.Release|x64.Build.0 = Release|Any CPU
		{38D1B59C-9F0A-648E-9DAB-6CE4640A539A}.Release|x86.ActiveCfg = Release|Any CPU
		{38D1B59C-9F0A-648E-9DAB-6CE4640A539A}.Release|x86.Build.0 = Release|Any CPU
		{8d3dd4fd-9ba0-4069-8770-78f7a8ea5f64}.Debug|Any CPU.ActiveCfg = Debug|Any CPU
		{8d3dd4fd-9ba0-4069-8770-78f7a8ea5f64}.Debug|Any CPU.Build.0 = Debug|Any CPU
		{8d3dd4fd-9ba0-4069-8770-78f7a8ea5f64}.Debug|x64.ActiveCfg = Debug|Any CPU
		{8d3dd4fd-9ba0-4069-8770-78f7a8ea5f64}.Debug|x64.Build.0 = Debug|Any CPU
		{8d3dd4fd-9ba0-4069-8770-78f7a8ea5f64}.Debug|x86.ActiveCfg = Debug|Any CPU
		{8d3dd4fd-9ba0-4069-8770-78f7a8ea5f64}.Debug|x86.Build.0 = Debug|Any CPU
		{8d3dd4fd-9ba0-4069-8770-78f7a8ea5f64}.Release|Any CPU.ActiveCfg = Release|Any CPU
		{8d3dd4fd-9ba0-4069-8770-78f7a8ea5f64}.Release|Any CPU.Build.0 = Release|Any CPU
		{8d3dd4fd-9ba0-4069-8770-78f7a8ea5f64}.Release|x64.ActiveCfg = Release|Any CPU
		{8d3dd4fd-9ba0-4069-8770-78f7a8ea5f64}.Release|x64.Build.0 = Release|Any CPU
		{8d3dd4fd-9ba0-4069-8770-78f7a8ea5f64}.Release|x86.ActiveCfg = Release|Any CPU
		{8d3dd4fd-9ba0-4069-8770-78f7a8ea5f64}.Release|x86.Build.0 = Release|Any CPU
		{c3aaea74-f41e-4c56-b64e-7a2496ff6551}.Debug|Any CPU.ActiveCfg = Debug|Any CPU
		{c3aaea74-f41e-4c56-b64e-7a2496ff6551}.Debug|Any CPU.Build.0 = Debug|Any CPU
		{c3aaea74-f41e-4c56-b64e-7a2496ff6551}.Debug|x64.ActiveCfg = Debug|Any CPU
		{c3aaea74-f41e-4c56-b64e-7a2496ff6551}.Debug|x64.Build.0 = Debug|Any CPU
		{c3aaea74-f41e-4c56-b64e-7a2496ff6551}.Debug|x86.ActiveCfg = Debug|Any CPU
		{c3aaea74-f41e-4c56-b64e-7a2496ff6551}.Debug|x86.Build.0 = Debug|Any CPU
		{c3aaea74-f41e-4c56-b64e-7a2496ff6551}.Release|Any CPU.ActiveCfg = Release|Any CPU
		{c3aaea74-f41e-4c56-b64e-7a2496ff6551}.Release|Any CPU.Build.0 = Release|Any CPU
		{c3aaea74-f41e-4c56-b64e-7a2496ff6551}.Release|x64.ActiveCfg = Release|Any CPU
		{c3aaea74-f41e-4c56-b64e-7a2496ff6551}.Release|x64.Build.0 = Release|Any CPU
		{c3aaea74-f41e-4c56-b64e-7a2496ff6551}.Release|x86.ActiveCfg = Release|Any CPU
		{c3aaea74-f41e-4c56-b64e-7a2496ff6551}.Release|x86.Build.0 = Release|Any CPU
		{e8d81a83-6722-4338-b788-f22e76c31a50}.Debug|Any CPU.ActiveCfg = Debug|Any CPU
		{e8d81a83-6722-4338-b788-f22e76c31a50}.Debug|Any CPU.Build.0 = Debug|Any CPU
		{e8d81a83-6722-4338-b788-f22e76c31a50}.Debug|x64.ActiveCfg = Debug|Any CPU
		{e8d81a83-6722-4338-b788-f22e76c31a50}.Debug|x64.Build.0 = Debug|Any CPU
		{e8d81a83-6722-4338-b788-f22e76c31a50}.Debug|x86.ActiveCfg = Debug|Any CPU
		{e8d81a83-6722-4338-b788-f22e76c31a50}.Debug|x86.Build.0 = Debug|Any CPU
		{e8d81a83-6722-4338-b788-f22e76c31a50}.Release|Any CPU.ActiveCfg = Release|Any CPU
		{e8d81a83-6722-4338-b788-f22e76c31a50}.Release|Any CPU.Build.0 = Release|Any CPU
		{e8d81a83-6722-4338-b788-f22e76c31a50}.Release|x64.ActiveCfg = Release|Any CPU
		{e8d81a83-6722-4338-b788-f22e76c31a50}.Release|x64.Build.0 = Release|Any CPU
		{e8d81a83-6722-4338-b788-f22e76c31a50}.Release|x86.ActiveCfg = Release|Any CPU
		{e8d81a83-6722-4338-b788-f22e76c31a50}.Release|x86.Build.0 = Release|Any CPU
		{535cfc94-6d5b-4da2-bbbd-e9faa9014012}.Debug|Any CPU.ActiveCfg = Debug|Any CPU
		{535cfc94-6d5b-4da2-bbbd-e9faa9014012}.Debug|Any CPU.Build.0 = Debug|Any CPU
		{535cfc94-6d5b-4da2-bbbd-e9faa9014012}.Debug|x64.ActiveCfg = Debug|Any CPU
		{535cfc94-6d5b-4da2-bbbd-e9faa9014012}.Debug|x64.Build.0 = Debug|Any CPU
		{535cfc94-6d5b-4da2-bbbd-e9faa9014012}.Debug|x86.ActiveCfg = Debug|Any CPU
		{535cfc94-6d5b-4da2-bbbd-e9faa9014012}.Debug|x86.Build.0 = Debug|Any CPU
		{535cfc94-6d5b-4da2-bbbd-e9faa9014012}.Release|Any CPU.ActiveCfg = Release|Any CPU
		{535cfc94-6d5b-4da2-bbbd-e9faa9014012}.Release|Any CPU.Build.0 = Release|Any CPU
		{535cfc94-6d5b-4da2-bbbd-e9faa9014012}.Release|x64.ActiveCfg = Release|Any CPU
		{535cfc94-6d5b-4da2-bbbd-e9faa9014012}.Release|x64.Build.0 = Release|Any CPU
		{535cfc94-6d5b-4da2-bbbd-e9faa9014012}.Release|x86.ActiveCfg = Release|Any CPU
		{535cfc94-6d5b-4da2-bbbd-e9faa9014012}.Release|x86.Build.0 = Release|Any CPU
		{c3aaea74-f41e-4c56-b64e-7a2496ff6562}.Debug|Any CPU.ActiveCfg = Debug|Any CPU
		{c3aaea74-f41e-4c56-b64e-7a2496ff6562}.Debug|Any CPU.Build.0 = Debug|Any CPU
		{c3aaea74-f41e-4c56-b64e-7a2496ff6562}.Debug|x64.ActiveCfg = Debug|Any CPU
		{c3aaea74-f41e-4c56-b64e-7a2496ff6562}.Debug|x64.Build.0 = Debug|Any CPU
		{c3aaea74-f41e-4c56-b64e-7a2496ff6562}.Debug|x86.ActiveCfg = Debug|Any CPU
		{c3aaea74-f41e-4c56-b64e-7a2496ff6562}.Debug|x86.Build.0 = Debug|Any CPU
		{c3aaea74-f41e-4c56-b64e-7a2496ff6562}.Release|Any CPU.ActiveCfg = Release|Any CPU
		{c3aaea74-f41e-4c56-b64e-7a2496ff6562}.Release|Any CPU.Build.0 = Release|Any CPU
		{c3aaea74-f41e-4c56-b64e-7a2496ff6562}.Release|x64.ActiveCfg = Release|Any CPU
		{c3aaea74-f41e-4c56-b64e-7a2496ff6562}.Release|x64.Build.0 = Release|Any CPU
		{c3aaea74-f41e-4c56-b64e-7a2496ff6562}.Release|x86.ActiveCfg = Release|Any CPU
		{c3aaea74-f41e-4c56-b64e-7a2496ff6562}.Release|x86.Build.0 = Release|Any CPU
		{09E55113-08BD-46BC-B5A3-6440F4410AC8}.Debug|Any CPU.ActiveCfg = Debug|Any CPU
		{09E55113-08BD-46BC-B5A3-6440F4410AC8}.Debug|Any CPU.Build.0 = Debug|Any CPU
		{09E55113-08BD-46BC-B5A3-6440F4410AC8}.Debug|x64.ActiveCfg = Debug|Any CPU
		{09E55113-08BD-46BC-B5A3-6440F4410AC8}.Debug|x64.Build.0 = Debug|Any CPU
		{09E55113-08BD-46BC-B5A3-6440F4410AC8}.Debug|x86.ActiveCfg = Debug|Any CPU
		{09E55113-08BD-46BC-B5A3-6440F4410AC8}.Debug|x86.Build.0 = Debug|Any CPU
		{09E55113-08BD-46BC-B5A3-6440F4410AC8}.Release|Any CPU.ActiveCfg = Release|Any CPU
		{09E55113-08BD-46BC-B5A3-6440F4410AC8}.Release|Any CPU.Build.0 = Release|Any CPU
		{09E55113-08BD-46BC-B5A3-6440F4410AC8}.Release|x64.ActiveCfg = Release|Any CPU
		{09E55113-08BD-46BC-B5A3-6440F4410AC8}.Release|x64.Build.0 = Release|Any CPU
		{09E55113-08BD-46BC-B5A3-6440F4410AC8}.Release|x86.ActiveCfg = Release|Any CPU
		{09E55113-08BD-46BC-B5A3-6440F4410AC8}.Release|x86.Build.0 = Release|Any CPU
		{94A8417E-1C37-4AC2-B022-B4BFB9915806}.Debug|Any CPU.ActiveCfg = Debug|Any CPU
		{94A8417E-1C37-4AC2-B022-B4BFB9915806}.Debug|Any CPU.Build.0 = Debug|Any CPU
		{94A8417E-1C37-4AC2-B022-B4BFB9915806}.Debug|x64.ActiveCfg = Debug|Any CPU
		{94A8417E-1C37-4AC2-B022-B4BFB9915806}.Debug|x64.Build.0 = Debug|Any CPU
		{94A8417E-1C37-4AC2-B022-B4BFB9915806}.Debug|x86.ActiveCfg = Debug|Any CPU
		{94A8417E-1C37-4AC2-B022-B4BFB9915806}.Debug|x86.Build.0 = Debug|Any CPU
		{94A8417E-1C37-4AC2-B022-B4BFB9915806}.Release|Any CPU.ActiveCfg = Release|Any CPU
		{94A8417E-1C37-4AC2-B022-B4BFB9915806}.Release|Any CPU.Build.0 = Release|Any CPU
		{94A8417E-1C37-4AC2-B022-B4BFB9915806}.Release|x64.ActiveCfg = Release|Any CPU
		{94A8417E-1C37-4AC2-B022-B4BFB9915806}.Release|x64.Build.0 = Release|Any CPU
		{94A8417E-1C37-4AC2-B022-B4BFB9915806}.Release|x86.ActiveCfg = Release|Any CPU
		{94A8417E-1C37-4AC2-B022-B4BFB9915806}.Release|x86.Build.0 = Release|Any CPU
		{728A1394-22BB-4889-AAF7-037CD1EF431A}.Debug|Any CPU.ActiveCfg = Debug|Any CPU
		{728A1394-22BB-4889-AAF7-037CD1EF431A}.Debug|Any CPU.Build.0 = Debug|Any CPU
		{728A1394-22BB-4889-AAF7-037CD1EF431A}.Debug|x64.ActiveCfg = Debug|Any CPU
		{728A1394-22BB-4889-AAF7-037CD1EF431A}.Debug|x64.Build.0 = Debug|Any CPU
		{728A1394-22BB-4889-AAF7-037CD1EF431A}.Debug|x86.ActiveCfg = Debug|Any CPU
		{728A1394-22BB-4889-AAF7-037CD1EF431A}.Debug|x86.Build.0 = Debug|Any CPU
		{728A1394-22BB-4889-AAF7-037CD1EF431A}.Release|Any CPU.ActiveCfg = Release|Any CPU
		{728A1394-22BB-4889-AAF7-037CD1EF431A}.Release|Any CPU.Build.0 = Release|Any CPU
		{728A1394-22BB-4889-AAF7-037CD1EF431A}.Release|x64.ActiveCfg = Release|Any CPU
		{728A1394-22BB-4889-AAF7-037CD1EF431A}.Release|x64.Build.0 = Release|Any CPU
		{728A1394-22BB-4889-AAF7-037CD1EF431A}.Release|x86.ActiveCfg = Release|Any CPU
		{728A1394-22BB-4889-AAF7-037CD1EF431A}.Release|x86.Build.0 = Release|Any CPU
		{e8a48cd8-ef7c-4188-8ddf-644f38d61441}.Debug|Any CPU.ActiveCfg = Debug|Any CPU
		{e8a48cd8-ef7c-4188-8ddf-644f38d61441}.Debug|Any CPU.Build.0 = Debug|Any CPU
		{e8a48cd8-ef7c-4188-8ddf-644f38d61441}.Debug|x64.ActiveCfg = Debug|Any CPU
		{e8a48cd8-ef7c-4188-8ddf-644f38d61441}.Debug|x64.Build.0 = Debug|Any CPU
		{e8a48cd8-ef7c-4188-8ddf-644f38d61441}.Debug|x86.ActiveCfg = Debug|Any CPU
		{e8a48cd8-ef7c-4188-8ddf-644f38d61441}.Debug|x86.Build.0 = Debug|Any CPU
		{e8a48cd8-ef7c-4188-8ddf-644f38d61441}.Release|Any CPU.ActiveCfg = Release|Any CPU
		{e8a48cd8-ef7c-4188-8ddf-644f38d61441}.Release|Any CPU.Build.0 = Release|Any CPU
		{e8a48cd8-ef7c-4188-8ddf-644f38d61441}.Release|x64.ActiveCfg = Release|Any CPU
		{e8a48cd8-ef7c-4188-8ddf-644f38d61441}.Release|x64.Build.0 = Release|Any CPU
		{e8a48cd8-ef7c-4188-8ddf-644f38d61441}.Release|x86.ActiveCfg = Release|Any CPU
		{e8a48cd8-ef7c-4188-8ddf-644f38d61441}.Release|x86.Build.0 = Release|Any CPU
		{D4737644-77A7-46DC-8185-DDD366EDF7A5}.Debug|Any CPU.ActiveCfg = Debug|Any CPU
		{D4737644-77A7-46DC-8185-DDD366EDF7A5}.Debug|Any CPU.Build.0 = Debug|Any CPU
		{D4737644-77A7-46DC-8185-DDD366EDF7A5}.Debug|x64.ActiveCfg = Debug|Any CPU
		{D4737644-77A7-46DC-8185-DDD366EDF7A5}.Debug|x64.Build.0 = Debug|Any CPU
		{D4737644-77A7-46DC-8185-DDD366EDF7A5}.Debug|x86.ActiveCfg = Debug|Any CPU
		{D4737644-77A7-46DC-8185-DDD366EDF7A5}.Debug|x86.Build.0 = Debug|Any CPU
		{D4737644-77A7-46DC-8185-DDD366EDF7A5}.Release|Any CPU.ActiveCfg = Release|Any CPU
		{D4737644-77A7-46DC-8185-DDD366EDF7A5}.Release|Any CPU.Build.0 = Release|Any CPU
		{D4737644-77A7-46DC-8185-DDD366EDF7A5}.Release|x64.ActiveCfg = Release|Any CPU
		{D4737644-77A7-46DC-8185-DDD366EDF7A5}.Release|x64.Build.0 = Release|Any CPU
		{D4737644-77A7-46DC-8185-DDD366EDF7A5}.Release|x86.ActiveCfg = Release|Any CPU
		{D4737644-77A7-46DC-8185-DDD366EDF7A5}.Release|x86.Build.0 = Release|Any CPU
		{FA42CA6E-63AF-481B-B2EA-D7737E9251A5}.Debug|Any CPU.ActiveCfg = Debug|Any CPU
		{FA42CA6E-63AF-481B-B2EA-D7737E9251A5}.Debug|Any CPU.Build.0 = Debug|Any CPU
		{FA42CA6E-63AF-481B-B2EA-D7737E9251A5}.Debug|x64.ActiveCfg = Debug|Any CPU
		{FA42CA6E-63AF-481B-B2EA-D7737E9251A5}.Debug|x64.Build.0 = Debug|Any CPU
		{FA42CA6E-63AF-481B-B2EA-D7737E9251A5}.Debug|x86.ActiveCfg = Debug|Any CPU
		{FA42CA6E-63AF-481B-B2EA-D7737E9251A5}.Debug|x86.Build.0 = Debug|Any CPU
		{FA42CA6E-63AF-481B-B2EA-D7737E9251A5}.Release|Any CPU.ActiveCfg = Release|Any CPU
		{FA42CA6E-63AF-481B-B2EA-D7737E9251A5}.Release|Any CPU.Build.0 = Release|Any CPU
		{FA42CA6E-63AF-481B-B2EA-D7737E9251A5}.Release|x64.ActiveCfg = Release|Any CPU
		{FA42CA6E-63AF-481B-B2EA-D7737E9251A5}.Release|x64.Build.0 = Release|Any CPU
		{FA42CA6E-63AF-481B-B2EA-D7737E9251A5}.Release|x86.ActiveCfg = Release|Any CPU
		{FA42CA6E-63AF-481B-B2EA-D7737E9251A5}.Release|x86.Build.0 = Release|Any CPU
		{622C8B79-2556-459C-91CE-E934CC5D034A}.Debug|Any CPU.ActiveCfg = Debug|Any CPU
		{622C8B79-2556-459C-91CE-E934CC5D034A}.Debug|Any CPU.Build.0 = Debug|Any CPU
		{622C8B79-2556-459C-91CE-E934CC5D034A}.Debug|x64.ActiveCfg = Debug|Any CPU
		{622C8B79-2556-459C-91CE-E934CC5D034A}.Debug|x64.Build.0 = Debug|Any CPU
		{622C8B79-2556-459C-91CE-E934CC5D034A}.Debug|x86.ActiveCfg = Debug|Any CPU
		{622C8B79-2556-459C-91CE-E934CC5D034A}.Debug|x86.Build.0 = Debug|Any CPU
		{622C8B79-2556-459C-91CE-E934CC5D034A}.Release|Any CPU.ActiveCfg = Release|Any CPU
		{622C8B79-2556-459C-91CE-E934CC5D034A}.Release|Any CPU.Build.0 = Release|Any CPU
		{622C8B79-2556-459C-91CE-E934CC5D034A}.Release|x64.ActiveCfg = Release|Any CPU
		{622C8B79-2556-459C-91CE-E934CC5D034A}.Release|x64.Build.0 = Release|Any CPU
		{622C8B79-2556-459C-91CE-E934CC5D034A}.Release|x86.ActiveCfg = Release|Any CPU
		{622C8B79-2556-459C-91CE-E934CC5D034A}.Release|x86.Build.0 = Release|Any CPU
		{9F8C718C-9683-427C-9F13-8C1A4764448C}.Debug|Any CPU.ActiveCfg = Debug|Any CPU
		{9F8C718C-9683-427C-9F13-8C1A4764448C}.Debug|Any CPU.Build.0 = Debug|Any CPU
		{9F8C718C-9683-427C-9F13-8C1A4764448C}.Debug|x64.ActiveCfg = Debug|Any CPU
		{9F8C718C-9683-427C-9F13-8C1A4764448C}.Debug|x64.Build.0 = Debug|Any CPU
		{9F8C718C-9683-427C-9F13-8C1A4764448C}.Debug|x86.ActiveCfg = Debug|Any CPU
		{9F8C718C-9683-427C-9F13-8C1A4764448C}.Debug|x86.Build.0 = Debug|Any CPU
		{9F8C718C-9683-427C-9F13-8C1A4764448C}.Release|Any CPU.ActiveCfg = Release|Any CPU
		{9F8C718C-9683-427C-9F13-8C1A4764448C}.Release|Any CPU.Build.0 = Release|Any CPU
		{9F8C718C-9683-427C-9F13-8C1A4764448C}.Release|x64.ActiveCfg = Release|Any CPU
		{9F8C718C-9683-427C-9F13-8C1A4764448C}.Release|x64.Build.0 = Release|Any CPU
		{9F8C718C-9683-427C-9F13-8C1A4764448C}.Release|x86.ActiveCfg = Release|Any CPU
		{9F8C718C-9683-427C-9F13-8C1A4764448C}.Release|x86.Build.0 = Release|Any CPU
		{861B56D8-2E43-45F8-AF26-41D37A6E939C}.Debug|Any CPU.ActiveCfg = Debug|Any CPU
		{861B56D8-2E43-45F8-AF26-41D37A6E939C}.Debug|Any CPU.Build.0 = Debug|Any CPU
		{861B56D8-2E43-45F8-AF26-41D37A6E939C}.Debug|x64.ActiveCfg = Debug|Any CPU
		{861B56D8-2E43-45F8-AF26-41D37A6E939C}.Debug|x64.Build.0 = Debug|Any CPU
		{861B56D8-2E43-45F8-AF26-41D37A6E939C}.Debug|x86.ActiveCfg = Debug|Any CPU
		{861B56D8-2E43-45F8-AF26-41D37A6E939C}.Debug|x86.Build.0 = Debug|Any CPU
		{861B56D8-2E43-45F8-AF26-41D37A6E939C}.Release|Any CPU.ActiveCfg = Release|Any CPU
		{861B56D8-2E43-45F8-AF26-41D37A6E939C}.Release|Any CPU.Build.0 = Release|Any CPU
		{861B56D8-2E43-45F8-AF26-41D37A6E939C}.Release|x64.ActiveCfg = Release|Any CPU
		{861B56D8-2E43-45F8-AF26-41D37A6E939C}.Release|x64.Build.0 = Release|Any CPU
		{861B56D8-2E43-45F8-AF26-41D37A6E939C}.Release|x86.ActiveCfg = Release|Any CPU
		{861B56D8-2E43-45F8-AF26-41D37A6E939C}.Release|x86.Build.0 = Release|Any CPU
	EndGlobalSection
	GlobalSection(NestedProjects) = preSolution
		{2f67a6e0-a581-11ee-9380-fa163e9f5a2f} = {33F511C7-780F-4729-A33D-D57041D728E5}
		{E2E79C4D-9E38-443B-BF8B-83C087271443} = {33F511C7-780F-4729-A33D-D57041D728E5}
		{00dd2678-7092-4cf6-999d-0f0a388380af} = {33F511C7-780F-4729-A33D-D57041D728E5}
		{0cd2eacf-3743-4b4c-9543-6362a4030dde} = {33F511C7-780F-4729-A33D-D57041D728E5}
		{0193E374-C40F-74BF-A747-AC9021DF4C1C} = {33F511C7-780F-4729-A33D-D57041D728E5}
		{a4aaea74-f41e-4c56-b64e-7a2496ff4351} = {33F511C7-780F-4729-A33D-D57041D728E5}
		{5B7BFA6B-B85E-4222-8988-16CCF9558393} = {33F511C7-780F-4729-A33D-D57041D728E5}
		{545A5E74-C543-429F-A2EF-1D39572628EE} = {33F511C7-780F-4729-A33D-D57041D728E5}
		{6e957ba4-f20d-4c38-96ce-0e73f35c8bb5} = {33F511C7-780F-4729-A33D-D57041D728E5}
		{00b194c9-0ebc-4c24-86c2-6f1fb9d9745e} = {33F511C7-780F-4729-A33D-D57041D728E5}
		{C8CF1423-EE6F-4F1B-9C4C-A11AC125B212} = {33F511C7-780F-4729-A33D-D57041D728E5}
		{e8d81a83-6722-4338-b788-f22e76c31a51} = {33F511C7-780F-4729-A33D-D57041D728E5}
		{23b1d5ea-92c1-4181-9023-ae7400b70586} = {33F511C7-780F-4729-A33D-D57041D728E5}
		{0137ded9-5bc8-225e-64fc-40bf5d3fb59a} = {33F511C7-780F-4729-A33D-D57041D728E5}
		{e132bcfb-d39d-4c85-bf7f-05c9c1b5b53d} = {33F511C7-780F-4729-A33D-D57041D728E5}
		{456c6dc7-f610-410e-85a1-189ba73f1e43} = {33F511C7-780F-4729-A33D-D57041D728E5}
		{c66dd549-8ef4-48f1-a85b-eaffaa736cee} = {33F511C7-780F-4729-A33D-D57041D728E5}
		{d3bbfb85-g52f-5d67-c75f-8b3507gg7662} = {33F511C7-780F-4729-A33D-D57041D728E5}
		{defe4a95-5592-47cc-8dee-9810e0da0ba0} = {33F511C7-780F-4729-A33D-D57041D728E5}
		{00dd2678-7092-4cf6-999d-0f0a388380ac} = {33F511C7-780F-4729-A33D-D57041D728E5}
		{33B457D0-A3A8-416E-9FE4-72ECDA5CF07A} = {33F511C7-780F-4729-A33D-D57041D728E5}
		{2536962B-388E-402E-91F5-4F9CDAAA26CB} = {33F511C7-780F-4729-A33D-D57041D728E5}
		{9e4cf877-53e0-4d2f-b351-e27bd8d907c1} = {33F511C7-780F-4729-A33D-D57041D728E5}
		{3172c815-5fea-43e0-9589-8ab6f4af2866} = {33F511C7-780F-4729-A33D-D57041D728E5}
		{13f5a69f-6a51-4b5e-a27d-4dde47e6c3d0} = {33F511C7-780F-4729-A33D-D57041D728E5}
		{e8bfe266-7dcb-417d-b714-925b4bb3bd89} = {33F511C7-780F-4729-A33D-D57041D728E5}
		{518fb927-ab1a-5842-3e93-5eed07ab0023} = {33F511C7-780F-4729-A33D-D57041D728E5}
		{D5AE7329-60CD-49A7-B9F9-15E9D6D44FB5} = {33F511C7-780F-4729-A33D-D57041D728E5}
		{2763ec40-c4dd-11ea-87d0-0242ac130003} = {33F511C7-780F-4729-A33D-D57041D728E5}
		{F7ABA0D7-E3F9-4F81-BAA3-7A327D52228A} = {33F511C7-780F-4729-A33D-D57041D728E5}
		{f77fb0de-9056-11eb-8219-f26d2774ac7a} = {33F511C7-780F-4729-A33D-D57041D728E5}
		{8ec38b48-4730-49fb-a033-efbd5fe74b08} = {33F511C7-780F-4729-A33D-D57041D728E5}
		{1635d3a9-f723-4184-8328-018a761bb661} = {33F511C7-780F-4729-A33D-D57041D728E5}
		{1f0af3bf-e48a-7329-2e45-531f3a8e3bcb} = {33F511C7-780F-4729-A33D-D57041D728E5}
		{659dc7e7-ee5b-4033-9cf0-7b8dc00fd88e} = {33F511C7-780F-4729-A33D-D57041D728E5}
		{2d307e5b-3ba2-427d-8e3c-4e2f66c800a6} = {33F511C7-780F-4729-A33D-D57041D728E5}
		{B6D999F9-9335-433F-BCD2-1E07409AFA39} = {33F511C7-780F-4729-A33D-D57041D728E5}
		{123e4567-e89b-12d3-a456-426614174000} = {33F511C7-780F-4729-A33D-D57041D728E5}
		{AB995C96-1F78-4869-90B5-C3BC215C17F0} = {33F511C7-780F-4729-A33D-D57041D728E5}
		{e4b6779e-2b75-492b-a149-7bc5a58e9469} = {33F511C7-780F-4729-A33D-D57041D728E5}
		{38F2C59A-6FAA-498E-9DAB-6CE2640A539A} = {33F511C7-780F-4729-A33D-D57041D728E5}
		{1E3501D3-A14A-DA16-A148-B8B3ABA3C7AD} = {33F511C7-780F-4729-A33D-D57041D728E5}
		{f433ad13-d5fc-4ac3-8330-f01636345186} = {33F511C7-780F-4729-A33D-D57041D728E5}
		{59BA4A17-DFE9-4A67-A5F6-A49AA24965AF} = {33F511C7-780F-4729-A33D-D57041D728E5}
		{b5175f42-1803-b19d-c5cc-b1c5514b815c} = {33F511C7-780F-4729-A33D-D57041D728E5}
		{96f50236-7030-47ab-af32-bb76484fad1c} = {33F511C7-780F-4729-A33D-D57041D728E5}
		{12cf972d-1c2b-80a1-33cc-056e6677ea5c} = {33F511C7-780F-4729-A33D-D57041D728E5}
		{3b6da37f-829b-a36b-0ea5-75d979c938e3} = {33F511C7-780F-4729-A33D-D57041D728E5}
		{D9FEA963-ED3C-416B-B01E-1FF7EE009EA4} = {33F511C7-780F-4729-A33D-D57041D728E5}
		{12F2C43A-6FAA-437E-9DAB-6CE8640A524A} = {33F511C7-780F-4729-A33D-D57041D728E5}
		{8B486F38-42CC-4E4E-8798-E13EFCE9E8C7} = {33F511C7-780F-4729-A33D-D57041D728E5}
		{3dbd55e0-4b6b-03fe-f82f-961c2fc28386} = {33F511C7-780F-4729-A33D-D57041D728E5}
		{6F5501D3-A74F-DA56-DB4E-B8B3AAA3C7CD} = {33F511C7-780F-4729-A33D-D57041D728E5}
		{ec1125a1-e08d-4545-a8d0-c9787c86755c} = {33F511C7-780F-4729-A33D-D57041D728E5}
		{f1e7e4dc-2fbc-4f22-9971-aaad299b16ef} = {33F511C7-780F-4729-A33D-D57041D728E5}
		{ECB1152B-9F28-414F-B3E8-B596E421779B} = {33F511C7-780F-4729-A33D-D57041D728E5}
		{38D1B59C-9F0A-648E-9DAB-6CE4640A539A} = {33F511C7-780F-4729-A33D-D57041D728E5}
		{8d3dd4fd-9ba0-4069-8770-78f7a8ea5f64} = {33F511C7-780F-4729-A33D-D57041D728E5}
		{c3aaea74-f41e-4c56-b64e-7a2496ff6551} = {33F511C7-780F-4729-A33D-D57041D728E5}
		{e8d81a83-6722-4338-b788-f22e76c31a50} = {33F511C7-780F-4729-A33D-D57041D728E5}
		{535cfc94-6d5b-4da2-bbbd-e9faa9014012} = {33F511C7-780F-4729-A33D-D57041D728E5}
		{c3aaea74-f41e-4c56-b64e-7a2496ff6562} = {33F511C7-780F-4729-A33D-D57041D728E5}
		{09E55113-08BD-46BC-B5A3-6440F4410AC8} = {33F511C7-780F-4729-A33D-D57041D728E5}
		{94A8417E-1C37-4AC2-B022-B4BFB9915806} = {33F511C7-780F-4729-A33D-D57041D728E5}
		{728A1394-22BB-4889-AAF7-037CD1EF431A} = {33F511C7-780F-4729-A33D-D57041D728E5}
		{e8a48cd8-ef7c-4188-8ddf-644f38d61441} = {33F511C7-780F-4729-A33D-D57041D728E5}
		{D4737644-77A7-46DC-8185-DDD366EDF7A5} = {33F511C7-780F-4729-A33D-D57041D728E5}
		{FA42CA6E-63AF-481B-B2EA-D7737E9251A5} = {33F511C7-780F-4729-A33D-D57041D728E5}
		{622C8B79-2556-459C-91CE-E934CC5D034A} = {33F511C7-780F-4729-A33D-D57041D728E5}
		{9F8C718C-9683-427C-9F13-8C1A4764448C} = {33F511C7-780F-4729-A33D-D57041D728E5}
		{861B56D8-2E43-45F8-AF26-41D37A6E939C} = {33F511C7-780F-4729-A33D-D57041D728E5}
	EndGlobalSection
EndGlobal
