
Microsoft Visual Studio Solution File, Format Version 12.00
# Visual Studio 15
VisualStudioVersion = 15.0.26124.0
MinimumVisualStudioVersion = 15.0.26124.0
Project("{FAE04EC0-301F-11D3-BF4B-00C04F79EFBC}") = "Core", "Core\Core.csproj", "{863F0212-886F-42E1-89D6-D05075529D8A}"
EndProject
Project("{2150E333-8FDC-42A3-9474-1A3956D46DE8}") = "Services", "Services", "{7E2A8EBC-8DA2-41A3-9C8A-3D0E80AA9A08}"
EndProject
Project("{FAE04EC0-301F-11D3-BF4B-00C04F79EFBC}") = "Classroom", "Services\Classroom\Classroom.csproj", "{D5AE7329-60CD-49A7-B9F9-15E9D6D44FB5}"
EndProject
Project("{FAE04EC0-301F-11D3-BF4B-00C04F79EFBC}") = "Image", "Services\Image\Image.csproj", "{38F2C59A-6FAA-498E-9DAB-6CE2640A539A}"
EndProject
Project("{FAE04EC0-301F-11D3-BF4B-00C04F79EFBC}") = "As", "Services\As\As.csproj", "{D9FEA963-ED3C-416B-B01E-1FF7EE009EA4}"
EndProject
Project("{FAE04EC0-301F-11D3-BF4B-00C04F79EFBC}") = "Ces", "Services\Ces\Ces.csproj", "{E2E79C4D-9E38-443B-BF8B-83C087271443}"
EndProject
Project("{FAE04EC0-301F-11D3-BF4B-00C04F79EFBC}") = "Dds", "Services\Dds\Dds.csproj", "{ABF52EA6-B4B8-49B2-8C7E-9F110B3C91C2}"
EndProject
Project("{FAE04EC0-301F-11D3-BF4B-00C04F79EFBC}") = "Vpc", "Services\Vpc\Vpc.csproj", "{96f50236-7030-47ab-af32-bb76484fadec}"
EndProject
Project("{FAE04EC0-301F-11D3-BF4B-00C04F79EFBC}") = "Ecs", "Services\Ecs\Ecs.csproj", "{c3aaea74-f41e-4c56-b64e-7a2496ff6551}"
EndProject
Project("{FAE04EC0-301F-11D3-BF4B-00C04F79EFBC}") = "Iam", "Services\Iam\Iam.csproj", "{09E55113-08BD-46BC-B5A3-6440F4410AC8}"
EndProject
Project("{FAE04EC0-301F-11D3-BF4B-00C04F79EFBC}") = "Fgs", "Services\Fgs\Fgs.csproj", "{33B457D0-A3A8-416E-9FE4-72ECDA5CF07A}"
EndProject
Project("{FAE04EC0-301F-11D3-BF4B-00C04F79EFBC}") = "Ims", "Services\Ims\Ims.csproj", "{5B7BFA6B-B85E-4222-8988-16CCF9558393}"
EndProject
Project("{FAE04EC0-301F-11D3-BF4B-00C04F79EFBC}") = "Evs", "Services\Evs\Evs.csproj", "{B6D999F9-9335-433F-BCD2-1E07409AFA39}"
EndProject
Project("{FAE04EC0-301F-11D3-BF4B-00C04F79EFBC}") = "Dcs", "Services\Dcs\Dcs.csproj", "{c66dd549-8ef4-48f1-a85b-eaffaa736cee}"
EndProject
Global
	GlobalSection(SolutionConfigurationPlatforms) = preSolution
		Debug|Any CPU = Debug|Any CPU
		Debug|x64 = Debug|x64
		Debug|x86 = Debug|x86
		Release|Any CPU = Release|Any CPU
		Release|x64 = Release|x64
		Release|x86 = Release|x86
	EndGlobalSection
	GlobalSection(SolutionProperties) = preSolution
		HideSolutionNode = FALSE
	EndGlobalSection
	GlobalSection(ProjectConfigurationPlatforms) = postSolution
		{863F0212-886F-42E1-89D6-D05075529D8A}.Debug|Any CPU.ActiveCfg = Debug|Any CPU
		{863F0212-886F-42E1-89D6-D05075529D8A}.Debug|Any CPU.Build.0 = Debug|Any CPU
		{863F0212-886F-42E1-89D6-D05075529D8A}.Debug|x64.ActiveCfg = Debug|Any CPU
		{863F0212-886F-42E1-89D6-D05075529D8A}.Debug|x64.Build.0 = Debug|Any CPU
		{863F0212-886F-42E1-89D6-D05075529D8A}.Debug|x86.ActiveCfg = Debug|Any CPU
		{863F0212-886F-42E1-89D6-D05075529D8A}.Debug|x86.Build.0 = Debug|Any CPU
		{863F0212-886F-42E1-89D6-D05075529D8A}.Release|Any CPU.ActiveCfg = Release|Any CPU
		{863F0212-886F-42E1-89D6-D05075529D8A}.Release|Any CPU.Build.0 = Release|Any CPU
		{863F0212-886F-42E1-89D6-D05075529D8A}.Release|x64.ActiveCfg = Release|Any CPU
		{863F0212-886F-42E1-89D6-D05075529D8A}.Release|x64.Build.0 = Release|Any CPU
		{863F0212-886F-42E1-89D6-D05075529D8A}.Release|x86.ActiveCfg = Release|Any CPU
		{863F0212-886F-42E1-89D6-D05075529D8A}.Release|x86.Build.0 = Release|Any CPU
		{D5AE7329-60CD-49A7-B9F9-15E9D6D44FB5}.Debug|Any CPU.ActiveCfg = Debug|Any CPU
		{D5AE7329-60CD-49A7-B9F9-15E9D6D44FB5}.Debug|Any CPU.Build.0 = Debug|Any CPU
		{D5AE7329-60CD-49A7-B9F9-15E9D6D44FB5}.Debug|x64.ActiveCfg = Debug|Any CPU
		{D5AE7329-60CD-49A7-B9F9-15E9D6D44FB5}.Debug|x64.Build.0 = Debug|Any CPU
		{D5AE7329-60CD-49A7-B9F9-15E9D6D44FB5}.Debug|x86.ActiveCfg = Debug|Any CPU
		{D5AE7329-60CD-49A7-B9F9-15E9D6D44FB5}.Debug|x86.Build.0 = Debug|Any CPU
		{D5AE7329-60CD-49A7-B9F9-15E9D6D44FB5}.Release|Any CPU.ActiveCfg = Release|Any CPU
		{D5AE7329-60CD-49A7-B9F9-15E9D6D44FB5}.Release|Any CPU.Build.0 = Release|Any CPU
		{D5AE7329-60CD-49A7-B9F9-15E9D6D44FB5}.Release|x64.ActiveCfg = Release|Any CPU
		{D5AE7329-60CD-49A7-B9F9-15E9D6D44FB5}.Release|x64.Build.0 = Release|Any CPU
		{D5AE7329-60CD-49A7-B9F9-15E9D6D44FB5}.Release|x86.ActiveCfg = Release|Any CPU
		{D5AE7329-60CD-49A7-B9F9-15E9D6D44FB5}.Release|x86.Build.0 = Release|Any CPU
		{38F2C59A-6FAA-498E-9DAB-6CE2640A539A}.Debug|Any CPU.ActiveCfg = Debug|Any CPU
		{38F2C59A-6FAA-498E-9DAB-6CE2640A539A}.Debug|Any CPU.Build.0 = Debug|Any CPU
		{38F2C59A-6FAA-498E-9DAB-6CE2640A539A}.Debug|x64.ActiveCfg = Debug|Any CPU
		{38F2C59A-6FAA-498E-9DAB-6CE2640A539A}.Debug|x64.Build.0 = Debug|Any CPU
		{38F2C59A-6FAA-498E-9DAB-6CE2640A539A}.Debug|x86.ActiveCfg = Debug|Any CPU
		{38F2C59A-6FAA-498E-9DAB-6CE2640A539A}.Debug|x86.Build.0 = Debug|Any CPU
		{38F2C59A-6FAA-498E-9DAB-6CE2640A539A}.Release|Any CPU.ActiveCfg = Release|Any CPU
		{38F2C59A-6FAA-498E-9DAB-6CE2640A539A}.Release|Any CPU.Build.0 = Release|Any CPU
		{38F2C59A-6FAA-498E-9DAB-6CE2640A539A}.Release|x64.ActiveCfg = Release|Any CPU
		{38F2C59A-6FAA-498E-9DAB-6CE2640A539A}.Release|x64.Build.0 = Release|Any CPU
		{38F2C59A-6FAA-498E-9DAB-6CE2640A539A}.Release|x86.ActiveCfg = Release|Any CPU
		{38F2C59A-6FAA-498E-9DAB-6CE2640A539A}.Release|x86.Build.0 = Release|Any CPU
		{D9FEA963-ED3C-416B-B01E-1FF7EE009EA4}.Debug|Any CPU.ActiveCfg = Debug|Any CPU
		{D9FEA963-ED3C-416B-B01E-1FF7EE009EA4}.Debug|Any CPU.Build.0 = Debug|Any CPU
		{D9FEA963-ED3C-416B-B01E-1FF7EE009EA4}.Debug|x64.ActiveCfg = Debug|Any CPU
		{D9FEA963-ED3C-416B-B01E-1FF7EE009EA4}.Debug|x64.Build.0 = Debug|Any CPU
		{D9FEA963-ED3C-416B-B01E-1FF7EE009EA4}.Debug|x86.ActiveCfg = Debug|Any CPU
		{D9FEA963-ED3C-416B-B01E-1FF7EE009EA4}.Debug|x86.Build.0 = Debug|Any CPU
		{D9FEA963-ED3C-416B-B01E-1FF7EE009EA4}.Release|Any CPU.ActiveCfg = Release|Any CPU
		{D9FEA963-ED3C-416B-B01E-1FF7EE009EA4}.Release|Any CPU.Build.0 = Release|Any CPU
		{D9FEA963-ED3C-416B-B01E-1FF7EE009EA4}.Release|x64.ActiveCfg = Release|Any CPU
		{D9FEA963-ED3C-416B-B01E-1FF7EE009EA4}.Release|x64.Build.0 = Release|Any CPU
		{D9FEA963-ED3C-416B-B01E-1FF7EE009EA4}.Release|x86.ActiveCfg = Release|Any CPU
		{D9FEA963-ED3C-416B-B01E-1FF7EE009EA4}.Release|x86.Build.0 = Release|Any CPU
		{E2E79C4D-9E38-443B-BF8B-83C087271443}.Debug|Any CPU.ActiveCfg = Debug|Any CPU
		{E2E79C4D-9E38-443B-BF8B-83C087271443}.Debug|Any CPU.Build.0 = Debug|Any CPU
		{E2E79C4D-9E38-443B-BF8B-83C087271443}.Debug|x64.ActiveCfg = Debug|Any CPU
		{E2E79C4D-9E38-443B-BF8B-83C087271443}.Debug|x64.Build.0 = Debug|Any CPU
		{E2E79C4D-9E38-443B-BF8B-83C087271443}.Debug|x86.ActiveCfg = Debug|Any CPU
		{E2E79C4D-9E38-443B-BF8B-83C087271443}.Debug|x86.Build.0 = Debug|Any CPU
		{E2E79C4D-9E38-443B-BF8B-83C087271443}.Release|Any CPU.ActiveCfg = Release|Any CPU
		{E2E79C4D-9E38-443B-BF8B-83C087271443}.Release|Any CPU.Build.0 = Release|Any CPU
		{E2E79C4D-9E38-443B-BF8B-83C087271443}.Release|x64.ActiveCfg = Release|Any CPU
		{E2E79C4D-9E38-443B-BF8B-83C087271443}.Release|x64.Build.0 = Release|Any CPU
		{E2E79C4D-9E38-443B-BF8B-83C087271443}.Release|x86.ActiveCfg = Release|Any CPU
		{E2E79C4D-9E38-443B-BF8B-83C087271443}.Release|x86.Build.0 = Release|Any CPU
		{ABF52EA6-B4B8-49B2-8C7E-9F110B3C91C2}.Debug|Any CPU.ActiveCfg = Debug|Any CPU
		{ABF52EA6-B4B8-49B2-8C7E-9F110B3C91C2}.Debug|Any CPU.Build.0 = Debug|Any CPU
		{ABF52EA6-B4B8-49B2-8C7E-9F110B3C91C2}.Debug|x64.ActiveCfg = Debug|Any CPU
		{ABF52EA6-B4B8-49B2-8C7E-9F110B3C91C2}.Debug|x64.Build.0 = Debug|Any CPU
		{ABF52EA6-B4B8-49B2-8C7E-9F110B3C91C2}.Debug|x86.ActiveCfg = Debug|Any CPU
		{ABF52EA6-B4B8-49B2-8C7E-9F110B3C91C2}.Debug|x86.Build.0 = Debug|Any CPU
		{ABF52EA6-B4B8-49B2-8C7E-9F110B3C91C2}.Release|Any CPU.ActiveCfg = Release|Any CPU
		{ABF52EA6-B4B8-49B2-8C7E-9F110B3C91C2}.Release|Any CPU.Build.0 = Release|Any CPU
		{ABF52EA6-B4B8-49B2-8C7E-9F110B3C91C2}.Release|x64.ActiveCfg = Release|Any CPU
		{ABF52EA6-B4B8-49B2-8C7E-9F110B3C91C2}.Release|x64.Build.0 = Release|Any CPU
		{ABF52EA6-B4B8-49B2-8C7E-9F110B3C91C2}.Release|x86.ActiveCfg = Release|Any CPU
		{ABF52EA6-B4B8-49B2-8C7E-9F110B3C91C2}.Release|x86.Build.0 = Release|Any CPU
		{96f50236-7030-47ab-af32-bb76484fadec}.Debug|Any CPU.ActiveCfg = Debug|Any CPU
		{96f50236-7030-47ab-af32-bb76484fadec}.Debug|Any CPU.Build.0 = Debug|Any CPU
		{96f50236-7030-47ab-af32-bb76484fadec}.Debug|x64.ActiveCfg = Debug|Any CPU
		{96f50236-7030-47ab-af32-bb76484fadec}.Debug|x64.Build.0 = Debug|Any CPU
		{96f50236-7030-47ab-af32-bb76484fadec}.Debug|x86.ActiveCfg = Debug|Any CPU
		{96f50236-7030-47ab-af32-bb76484fadec}.Debug|x86.Build.0 = Debug|Any CPU
		{96f50236-7030-47ab-af32-bb76484fadec}.Release|Any CPU.ActiveCfg = Release|Any CPU
		{96f50236-7030-47ab-af32-bb76484fadec}.Release|Any CPU.Build.0 = Release|Any CPU
		{96f50236-7030-47ab-af32-bb76484fadec}.Release|x64.ActiveCfg = Release|Any CPU
		{96f50236-7030-47ab-af32-bb76484fadec}.Release|x64.Build.0 = Release|Any CPU
		{96f50236-7030-47ab-af32-bb76484fadec}.Release|x86.ActiveCfg = Release|Any CPU
		{96f50236-7030-47ab-af32-bb76484fadec}.Release|x86.Build.0 = Release|Any CPU
		{c3aaea74-f41e-4c56-b64e-7a2496ff6551}.Debug|Any CPU.ActiveCfg = Debug|Any CPU
		{c3aaea74-f41e-4c56-b64e-7a2496ff6551}.Debug|Any CPU.Build.0 = Debug|Any CPU
		{c3aaea74-f41e-4c56-b64e-7a2496ff6551}.Debug|x64.ActiveCfg = Debug|Any CPU
		{c3aaea74-f41e-4c56-b64e-7a2496ff6551}.Debug|x64.Build.0 = Debug|Any CPU
		{c3aaea74-f41e-4c56-b64e-7a2496ff6551}.Debug|x86.ActiveCfg = Debug|Any CPU
		{c3aaea74-f41e-4c56-b64e-7a2496ff6551}.Debug|x86.Build.0 = Debug|Any CPU
		{c3aaea74-f41e-4c56-b64e-7a2496ff6551}.Release|Any CPU.ActiveCfg = Release|Any CPU
		{c3aaea74-f41e-4c56-b64e-7a2496ff6551}.Release|Any CPU.Build.0 = Release|Any CPU
		{c3aaea74-f41e-4c56-b64e-7a2496ff6551}.Release|x64.ActiveCfg = Release|Any CPU
		{c3aaea74-f41e-4c56-b64e-7a2496ff6551}.Release|x64.Build.0 = Release|Any CPU
		{c3aaea74-f41e-4c56-b64e-7a2496ff6551}.Release|x86.ActiveCfg = Release|Any CPU
		{c3aaea74-f41e-4c56-b64e-7a2496ff6551}.Release|x86.Build.0 = Release|Any CPU
		{09E55113-08BD-46BC-B5A3-6440F4410AC8}.Debug|Any CPU.ActiveCfg = Debug|Any CPU
		{09E55113-08BD-46BC-B5A3-6440F4410AC8}.Debug|Any CPU.Build.0 = Debug|Any CPU
		{09E55113-08BD-46BC-B5A3-6440F4410AC8}.Debug|x64.ActiveCfg = Debug|Any CPU
		{09E55113-08BD-46BC-B5A3-6440F4410AC8}.Debug|x64.Build.0 = Debug|Any CPU
		{09E55113-08BD-46BC-B5A3-6440F4410AC8}.Debug|x86.ActiveCfg = Debug|Any CPU
		{09E55113-08BD-46BC-B5A3-6440F4410AC8}.Debug|x86.Build.0 = Debug|Any CPU
		{09E55113-08BD-46BC-B5A3-6440F4410AC8}.Release|Any CPU.ActiveCfg = Release|Any CPU
		{09E55113-08BD-46BC-B5A3-6440F4410AC8}.Release|Any CPU.Build.0 = Release|Any CPU
		{09E55113-08BD-46BC-B5A3-6440F4410AC8}.Release|x64.ActiveCfg = Release|Any CPU
		{09E55113-08BD-46BC-B5A3-6440F4410AC8}.Release|x64.Build.0 = Release|Any CPU
		{09E55113-08BD-46BC-B5A3-6440F4410AC8}.Release|x86.ActiveCfg = Release|Any CPU
		{09E55113-08BD-46BC-B5A3-6440F4410AC8}.Release|x86.Build.0 = Release|Any CPU
		{33B457D0-A3A8-416E-9FE4-72ECDA5CF07A}.Debug|Any CPU.ActiveCfg = Debug|Any CPU
		{33B457D0-A3A8-416E-9FE4-72ECDA5CF07A}.Debug|Any CPU.Build.0 = Debug|Any CPU
		{33B457D0-A3A8-416E-9FE4-72ECDA5CF07A}.Debug|x64.ActiveCfg = Debug|Any CPU
		{33B457D0-A3A8-416E-9FE4-72ECDA5CF07A}.Debug|x64.Build.0 = Debug|Any CPU
		{33B457D0-A3A8-416E-9FE4-72ECDA5CF07A}.Debug|x86.ActiveCfg = Debug|Any CPU
		{33B457D0-A3A8-416E-9FE4-72ECDA5CF07A}.Debug|x86.Build.0 = Debug|Any CPU
		{33B457D0-A3A8-416E-9FE4-72ECDA5CF07A}.Release|Any CPU.ActiveCfg = Release|Any CPU
		{33B457D0-A3A8-416E-9FE4-72ECDA5CF07A}.Release|Any CPU.Build.0 = Release|Any CPU
		{33B457D0-A3A8-416E-9FE4-72ECDA5CF07A}.Release|x64.ActiveCfg = Release|Any CPU
		{33B457D0-A3A8-416E-9FE4-72ECDA5CF07A}.Release|x64.Build.0 = Release|Any CPU
		{33B457D0-A3A8-416E-9FE4-72ECDA5CF07A}.Release|x86.ActiveCfg = Release|Any CPU
		{33B457D0-A3A8-416E-9FE4-72ECDA5CF07A}.Release|x86.Build.0 = Release|Any CPU
		{5B7BFA6B-B85E-4222-8988-16CCF9558393}.Debug|Any CPU.ActiveCfg = Debug|Any CPU
		{5B7BFA6B-B85E-4222-8988-16CCF9558393}.Debug|Any CPU.Build.0 = Debug|Any CPU
		{5B7BFA6B-B85E-4222-8988-16CCF9558393}.Debug|x64.ActiveCfg = Debug|Any CPU
		{5B7BFA6B-B85E-4222-8988-16CCF9558393}.Debug|x64.Build.0 = Debug|Any CPU
		{5B7BFA6B-B85E-4222-8988-16CCF9558393}.Debug|x86.ActiveCfg = Debug|Any CPU
		{5B7BFA6B-B85E-4222-8988-16CCF9558393}.Debug|x86.Build.0 = Debug|Any CPU
		{5B7BFA6B-B85E-4222-8988-16CCF9558393}.Release|Any CPU.ActiveCfg = Release|Any CPU
		{5B7BFA6B-B85E-4222-8988-16CCF9558393}.Release|Any CPU.Build.0 = Release|Any CPU
		{5B7BFA6B-B85E-4222-8988-16CCF9558393}.Release|x64.ActiveCfg = Release|Any CPU
		{5B7BFA6B-B85E-4222-8988-16CCF9558393}.Release|x64.Build.0 = Release|Any CPU
		{5B7BFA6B-B85E-4222-8988-16CCF9558393}.Release|x86.ActiveCfg = Release|Any CPU
		{5B7BFA6B-B85E-4222-8988-16CCF9558393}.Release|x86.Build.0 = Release|Any CPU
		{B6D999F9-9335-433F-BCD2-1E07409AFA39}.Debug|Any CPU.ActiveCfg = Debug|Any CPU
		{B6D999F9-9335-433F-BCD2-1E07409AFA39}.Debug|Any CPU.Build.0 = Debug|Any CPU
		{B6D999F9-9335-433F-BCD2-1E07409AFA39}.Debug|x64.ActiveCfg = Debug|Any CPU
		{B6D999F9-9335-433F-BCD2-1E07409AFA39}.Debug|x64.Build.0 = Debug|Any CPU
		{B6D999F9-9335-433F-BCD2-1E07409AFA39}.Debug|x86.ActiveCfg = Debug|Any CPU
		{B6D999F9-9335-433F-BCD2-1E07409AFA39}.Debug|x86.Build.0 = Debug|Any CPU
		{B6D999F9-9335-433F-BCD2-1E07409AFA39}.Release|Any CPU.ActiveCfg = Release|Any CPU
		{B6D999F9-9335-433F-BCD2-1E07409AFA39}.Release|Any CPU.Build.0 = Release|Any CPU
		{B6D999F9-9335-433F-BCD2-1E07409AFA39}.Release|x64.ActiveCfg = Release|Any CPU
		{B6D999F9-9335-433F-BCD2-1E07409AFA39}.Release|x64.Build.0 = Release|Any CPU
		{B6D999F9-9335-433F-BCD2-1E07409AFA39}.Release|x86.ActiveCfg = Release|Any CPU
		{B6D999F9-9335-433F-BCD2-1E07409AFA39}.Release|x86.Build.0 = Release|Any CPU
		{c66dd549-8ef4-48f1-a85b-eaffaa736cee}.Debug|Any CPU.ActiveCfg = Debug|Any CPU
		{c66dd549-8ef4-48f1-a85b-eaffaa736cee}.Debug|Any CPU.Build.0 = Debug|Any CPU
		{c66dd549-8ef4-48f1-a85b-eaffaa736cee}.Debug|x64.ActiveCfg = Debug|Any CPU
		{c66dd549-8ef4-48f1-a85b-eaffaa736cee}.Debug|x64.Build.0 = Debug|Any CPU
		{c66dd549-8ef4-48f1-a85b-eaffaa736cee}.Debug|x86.ActiveCfg = Debug|Any CPU
		{c66dd549-8ef4-48f1-a85b-eaffaa736cee}.Debug|x86.Build.0 = Debug|Any CPU
		{c66dd549-8ef4-48f1-a85b-eaffaa736cee}.Release|Any CPU.ActiveCfg = Release|Any CPU
		{c66dd549-8ef4-48f1-a85b-eaffaa736cee}.Release|Any CPU.Build.0 = Release|Any CPU
		{c66dd549-8ef4-48f1-a85b-eaffaa736cee}.Release|x64.ActiveCfg = Release|Any CPU
		{c66dd549-8ef4-48f1-a85b-eaffaa736cee}.Release|x64.Build.0 = Release|Any CPU
		{c66dd549-8ef4-48f1-a85b-eaffaa736cee}.Release|x86.ActiveCfg = Release|Any CPU
		{c66dd549-8ef4-48f1-a85b-eaffaa736cee}.Release|x86.Build.0 = Release|Any CPU
	EndGlobalSection
	GlobalSection(NestedProjects) = preSolution
		{D5AE7329-60CD-49A7-B9F9-15E9D6D44FB5} = {7E2A8EBC-8DA2-41A3-9C8A-3D0E80AA9A08}
		{38F2C59A-6FAA-498E-9DAB-6CE2640A539A} = {7E2A8EBC-8DA2-41A3-9C8A-3D0E80AA9A08}
		{D9FEA963-ED3C-416B-B01E-1FF7EE009EA4} = {7E2A8EBC-8DA2-41A3-9C8A-3D0E80AA9A08}
		{E2E79C4D-9E38-443B-BF8B-83C087271443} = {7E2A8EBC-8DA2-41A3-9C8A-3D0E80AA9A08}
		{ABF52EA6-B4B8-49B2-8C7E-9F110B3C91C2} = {7E2A8EBC-8DA2-41A3-9C8A-3D0E80AA9A08}
		{96f50236-7030-47ab-af32-bb76484fadec} = {7E2A8EBC-8DA2-41A3-9C8A-3D0E80AA9A08}
		{c3aaea74-f41e-4c56-b64e-7a2496ff6551} = {7E2A8EBC-8DA2-41A3-9C8A-3D0E80AA9A08}
		{09E55113-08BD-46BC-B5A3-6440F4410AC8} = {7E2A8EBC-8DA2-41A3-9C8A-3D0E80AA9A08}
		{33B457D0-A3A8-416E-9FE4-72ECDA5CF07A} = {7E2A8EBC-8DA2-41A3-9C8A-3D0E80AA9A08}
		{5B7BFA6B-B85E-4222-8988-16CCF9558393} = {7E2A8EBC-8DA2-41A3-9C8A-3D0E80AA9A08}
		{B6D999F9-9335-433F-BCD2-1E07409AFA39} = {7E2A8EBC-8DA2-41A3-9C8A-3D0E80AA9A08}
		{c66dd549-8ef4-48f1-a85b-eaffaa736cee} = {7E2A8EBC-8DA2-41A3-9C8A-3D0E80AA9A08}
	EndGlobalSection
EndGlobal
