Microsoft Visual Studio Solution File, Format Version 12.00
Project("{FAE04EC0-301F-11D3-BF4B-00C04F79EFBC}") = "Cdn", "Cdn.csproj", "{456c6dc7-f610-410e-85a1-189ba73f1e43}"
EndProject
Global
	GlobalSection(SolutionConfigurationPlatforms) = preSolution
		Debug|Any CPU = Debug|Any CPU
		Release|Any CPU = Release|Any CPU
	EndGlobalSection
	GlobalSection(ProjectConfigurationPlatforms) = postSolution
		{456c6dc7-f610-410e-85a1-189ba73f1e43}.Debug|Any CPU.ActiveCfg = Debug|Any CPU
		{456c6dc7-f610-410e-85a1-189ba73f1e43}.Debug|Any CPU.Build.0 = Debug|Any CPU
		{456c6dc7-f610-410e-85a1-189ba73f1e43}.Release|Any CPU.ActiveCfg = Release|Any CPU
		{456c6dc7-f610-410e-85a1-189ba73f1e43}.Release|Any CPU.Build.0 = Release|Any CPU
	EndGlobalSection
	GlobalSection(SolutionProperties) = preSolution
		HideSolutionNode = FALSE
	EndGlobalSection
EndGlobal