Microsoft Visual Studio Solution File, Format Version 12.00
Project("{FAE04EC0-301F-11D3-BF4B-00C04F79EFBC}") = "cts", "cts.csproj", "{e8bfe266-7dcb-417d-b714-925b4bb3bd89}"
EndProject
Global
	GlobalSection(SolutionConfigurationPlatforms) = preSolution
		Debug|Any CPU = Debug|Any CPU
		Release|Any CPU = Release|Any CPU
	EndGlobalSection
	GlobalSection(ProjectConfigurationPlatforms) = postSolution
		{e8bfe266-7dcb-417d-b714-925b4bb3bd89}.Debug|Any CPU.ActiveCfg = Debug|Any CPU
		{e8bfe266-7dcb-417d-b714-925b4bb3bd89}.Debug|Any CPU.Build.0 = Debug|Any CPU
		{e8bfe266-7dcb-417d-b714-925b4bb3bd89}.Release|Any CPU.ActiveCfg = Release|Any CPU
		{e8bfe266-7dcb-417d-b714-925b4bb3bd89}.Release|Any CPU.Build.0 = Release|Any CPU
	EndGlobalSection
	GlobalSection(SolutionProperties) = preSolution
		HideSolutionNode = FALSE
	EndGlobalSection
EndGlobal