Microsoft Visual Studio Solution File, Format Version 12.00
Project("{FAE04EC0-301F-11D3-BF4B-00C04F79EFBC}") = "Geip", "Geip.csproj", "{23b1d5ea-92c1-4181-9023-ae7400b70586}"
EndProject
Global
	GlobalSection(SolutionConfigurationPlatforms) = preSolution
		Debug|Any CPU = Debug|Any CPU
		Release|Any CPU = Release|Any CPU
	EndGlobalSection
	GlobalSection(ProjectConfigurationPlatforms) = postSolution
		{23b1d5ea-92c1-4181-9023-ae7400b70586}.Debug|Any CPU.ActiveCfg = Debug|Any CPU
		{23b1d5ea-92c1-4181-9023-ae7400b70586}.Debug|Any CPU.Build.0 = Debug|Any CPU
		{23b1d5ea-92c1-4181-9023-ae7400b70586}.Release|Any CPU.ActiveCfg = Release|Any CPU
		{23b1d5ea-92c1-4181-9023-ae7400b70586}.Release|Any CPU.Build.0 = Release|Any CPU
	EndGlobalSection
	GlobalSection(SolutionProperties) = preSolution
		HideSolutionNode = FALSE
	EndGlobalSection
EndGlobal