Microsoft Visual Studio Solution File, Format Version 12.00
Project("{FAE04EC0-301F-11D3-BF4B-00C04F79EFBC}") = "CodeHub", "CodeHub.csproj", "{fa87a441-6255-415b-a688-eb22753be7ae}"
EndProject
Global
	GlobalSection(SolutionConfigurationPlatforms) = preSolution
		Debug|Any CPU = Debug|Any CPU
		Release|Any CPU = Release|Any CPU
	EndGlobalSection
	GlobalSection(ProjectConfigurationPlatforms) = postSolution
		{fa87a441-6255-415b-a688-eb22753be7ae}.Debug|Any CPU.ActiveCfg = Debug|Any CPU
		{fa87a441-6255-415b-a688-eb22753be7ae}.Debug|Any CPU.Build.0 = Debug|Any CPU
		{fa87a441-6255-415b-a688-eb22753be7ae}.Release|Any CPU.ActiveCfg = Release|Any CPU
		{fa87a441-6255-415b-a688-eb22753be7ae}.Release|Any CPU.Build.0 = Release|Any CPU
	EndGlobalSection
	GlobalSection(SolutionProperties) = preSolution
		HideSolutionNode = FALSE
	EndGlobalSection
EndGlobal