Microsoft Visual Studio Solution File, Format Version 12.00
Project("{FAE04EC0-301F-11D3-BF4B-00C04F79EFBC}") = "IdentityCenterSCIM", "IdentityCenterSCIM.csproj", "{0195690d-7327-718e-a855-5a959da28cb6}"
EndProject
Global
	GlobalSection(SolutionConfigurationPlatforms) = preSolution
		Debug|Any CPU = Debug|Any CPU
		Release|Any CPU = Release|Any CPU
	EndGlobalSection
	GlobalSection(ProjectConfigurationPlatforms) = postSolution
		{0195690d-7327-718e-a855-5a959da28cb6}.Debug|Any CPU.ActiveCfg = Debug|Any CPU
		{0195690d-7327-718e-a855-5a959da28cb6}.Debug|Any CPU.Build.0 = Debug|Any CPU
		{0195690d-7327-718e-a855-5a959da28cb6}.Release|Any CPU.ActiveCfg = Release|Any CPU
		{0195690d-7327-718e-a855-5a959da28cb6}.Release|Any CPU.Build.0 = Release|Any CPU
	EndGlobalSection
	GlobalSection(SolutionProperties) = preSolution
		HideSolutionNode = FALSE
	EndGlobalSection
EndGlobal