Microsoft Visual Studio Solution File, Format Version 12.00
Project("{FAE04EC0-301F-11D3-BF4B-00C04F79EFBC}") = "IdentityCenterStore", "IdentityCenterStore.csproj", "{0193E374-C40F-74BF-A747-AC9021DF4C1C}"
EndProject
Global
	GlobalSection(SolutionConfigurationPlatforms) = preSolution
		Debug|Any CPU = Debug|Any CPU
		Release|Any CPU = Release|Any CPU
	EndGlobalSection
	GlobalSection(ProjectConfigurationPlatforms) = postSolution
		{0193E374-C40F-74BF-A747-AC9021DF4C1C}.Debug|Any CPU.ActiveCfg = Debug|Any CPU
		{0193E374-C40F-74BF-A747-AC9021DF4C1C}.Debug|Any CPU.Build.0 = Debug|Any CPU
		{0193E374-C40F-74BF-A747-AC9021DF4C1C}.Release|Any CPU.ActiveCfg = Release|Any CPU
		{0193E374-C40F-74BF-A747-AC9021DF4C1C}.Release|Any CPU.Build.0 = Release|Any CPU
	EndGlobalSection
	GlobalSection(SolutionProperties) = preSolution
		HideSolutionNode = FALSE
	EndGlobalSection
EndGlobal