Microsoft Visual Studio Solution File, Format Version 12.00
Project("{FAE04EC0-301F-11D3-BF4B-00C04F79EFBC}") = "CloudRtc", "CloudRtc.csproj", "{59BA4A17-DFE9-4A67-A5F6-A49AA24965AF}"
EndProject
Global
	GlobalSection(SolutionConfigurationPlatforms) = preSolution
		Debug|Any CPU = Debug|Any CPU
		Release|Any CPU = Release|Any CPU
	EndGlobalSection
	GlobalSection(ProjectConfigurationPlatforms) = postSolution
		{59BA4A17-DFE9-4A67-A5F6-A49AA24965AF}.Debug|Any CPU.ActiveCfg = Debug|Any CPU
		{59BA4A17-DFE9-4A67-A5F6-A49AA24965AF}.Debug|Any CPU.Build.0 = Debug|Any CPU
		{59BA4A17-DFE9-4A67-A5F6-A49AA24965AF}.Release|Any CPU.ActiveCfg = Release|Any CPU
		{59BA4A17-DFE9-4A67-A5F6-A49AA24965AF}.Release|Any CPU.Build.0 = Release|Any CPU
	EndGlobalSection
	GlobalSection(SolutionProperties) = preSolution
		HideSolutionNode = FALSE
	EndGlobalSection
EndGlobal