Microsoft Visual Studio Solution File, Format Version 12.00
Project("{FAE04EC0-301F-11D3-BF4B-00C04F79EFBC}") = "IdentityCenterPortalAPI", "IdentityCenterPortalAPI.csproj", "{387943e4-e0e1-f060-cefe-9851e815880e}"
EndProject
Global
	GlobalSection(SolutionConfigurationPlatforms) = preSolution
		Debug|Any CPU = Debug|Any CPU
		Release|Any CPU = Release|Any CPU
	EndGlobalSection
	GlobalSection(ProjectConfigurationPlatforms) = postSolution
		{387943e4-e0e1-f060-cefe-9851e815880e}.Debug|Any CPU.ActiveCfg = Debug|Any CPU
		{387943e4-e0e1-f060-cefe-9851e815880e}.Debug|Any CPU.Build.0 = Debug|Any CPU
		{387943e4-e0e1-f060-cefe-9851e815880e}.Release|Any CPU.ActiveCfg = Release|Any CPU
		{387943e4-e0e1-f060-cefe-9851e815880e}.Release|Any CPU.Build.0 = Release|Any CPU
	EndGlobalSection
	GlobalSection(SolutionProperties) = preSolution
		HideSolutionNode = FALSE
	EndGlobalSection
EndGlobal