Microsoft Visual Studio Solution File, Format Version 12.00
Project("{FAE04EC0-301F-11D3-BF4B-00C04F79EFBC}") = "Ucs", "Ucs.csproj", "{d4f3b2a1-9c6e-4f7a-8b5e-2d1f7c9e0a4b}"
EndProject
Global
	GlobalSection(SolutionConfigurationPlatforms) = preSolution
		Debug|Any CPU = Debug|Any CPU
		Release|Any CPU = Release|Any CPU
	EndGlobalSection
	GlobalSection(ProjectConfigurationPlatforms) = postSolution
		{d4f3b2a1-9c6e-4f7a-8b5e-2d1f7c9e0a4b}.Debug|Any CPU.ActiveCfg = Debug|Any CPU
		{d4f3b2a1-9c6e-4f7a-8b5e-2d1f7c9e0a4b}.Debug|Any CPU.Build.0 = Debug|Any CPU
		{d4f3b2a1-9c6e-4f7a-8b5e-2d1f7c9e0a4b}.Release|Any CPU.ActiveCfg = Release|Any CPU
		{d4f3b2a1-9c6e-4f7a-8b5e-2d1f7c9e0a4b}.Release|Any CPU.Build.0 = Release|Any CPU
	EndGlobalSection
	GlobalSection(SolutionProperties) = preSolution
		HideSolutionNode = FALSE
	EndGlobalSection
EndGlobal