Microsoft Visual Studio Solution File, Format Version 12.00
Project("{FAE04EC0-301F-11D3-BF4B-00C04F79EFBC}") = "Rgc", "Rgc.csproj", "{2add4430-6252-4e81-a33a-6b0c936954dd}"
EndProject
Global
	GlobalSection(SolutionConfigurationPlatforms) = preSolution
		Debug|Any CPU = Debug|Any CPU
		Release|Any CPU = Release|Any CPU
	EndGlobalSection
	GlobalSection(ProjectConfigurationPlatforms) = postSolution
		{2add4430-6252-4e81-a33a-6b0c936954dd}.Debug|Any CPU.ActiveCfg = Debug|Any CPU
		{2add4430-6252-4e81-a33a-6b0c936954dd}.Debug|Any CPU.Build.0 = Debug|Any CPU
		{2add4430-6252-4e81-a33a-6b0c936954dd}.Release|Any CPU.ActiveCfg = Release|Any CPU
		{2add4430-6252-4e81-a33a-6b0c936954dd}.Release|Any CPU.Build.0 = Release|Any CPU
	EndGlobalSection
	GlobalSection(SolutionProperties) = preSolution
		HideSolutionNode = FALSE
	EndGlobalSection
EndGlobal