Microsoft Visual Studio Solution File, Format Version 12.00
Project("{FAE04EC0-301F-11D3-BF4B-00C04F79EFBC}") = "Csms", "Csms.csproj", "{e132bcfb-d39d-4c85-bf7f-05c9c1b5b53d}"
EndProject
Global
	GlobalSection(SolutionConfigurationPlatforms) = preSolution
		Debug|Any CPU = Debug|Any CPU
		Release|Any CPU = Release|Any CPU
	EndGlobalSection
	GlobalSection(ProjectConfigurationPlatforms) = postSolution
		{e132bcfb-d39d-4c85-bf7f-05c9c1b5b53d}.Debug|Any CPU.ActiveCfg = Debug|Any CPU
		{e132bcfb-d39d-4c85-bf7f-05c9c1b5b53d}.Debug|Any CPU.Build.0 = Debug|Any CPU
		{e132bcfb-d39d-4c85-bf7f-05c9c1b5b53d}.Release|Any CPU.ActiveCfg = Release|Any CPU
		{e132bcfb-d39d-4c85-bf7f-05c9c1b5b53d}.Release|Any CPU.Build.0 = Release|Any CPU
	EndGlobalSection
	GlobalSection(SolutionProperties) = preSolution
		HideSolutionNode = FALSE
	EndGlobalSection
EndGlobal