Microsoft Visual Studio Solution File, Format Version 12.00
Project("{FAE04EC0-301F-11D3-BF4B-00C04F79EFBC}") = "IdentityCenterOIDC", "IdentityCenterOIDC.csproj", "{2713229a-4ab9-5c12-3db7-98d835e2ee53}"
EndProject
Global
	GlobalSection(SolutionConfigurationPlatforms) = preSolution
		Debug|Any CPU = Debug|Any CPU
		Release|Any CPU = Release|Any CPU
	EndGlobalSection
	GlobalSection(ProjectConfigurationPlatforms) = postSolution
		{2713229a-4ab9-5c12-3db7-98d835e2ee53}.Debug|Any CPU.ActiveCfg = Debug|Any CPU
		{2713229a-4ab9-5c12-3db7-98d835e2ee53}.Debug|Any CPU.Build.0 = Debug|Any CPU
		{2713229a-4ab9-5c12-3db7-98d835e2ee53}.Release|Any CPU.ActiveCfg = Release|Any CPU
		{2713229a-4ab9-5c12-3db7-98d835e2ee53}.Release|Any CPU.Build.0 = Release|Any CPU
	EndGlobalSection
	GlobalSection(SolutionProperties) = preSolution
		HideSolutionNode = FALSE
	EndGlobalSection
EndGlobal