Microsoft Visual Studio Solution File, Format Version 12.00
Project("{FAE04EC0-301F-11D3-BF4B-00C04F79EFBC}") = "Kms", "Kms.csproj", "{ECB1152B-9F28-414F-B3E8-B596E421779B}"
EndProject
Global
	GlobalSection(SolutionConfigurationPlatforms) = preSolution
		Debug|Any CPU = Debug|Any CPU
		Release|Any CPU = Release|Any CPU
	EndGlobalSection
	GlobalSection(ProjectConfigurationPlatforms) = postSolution
		{ECB1152B-9F28-414F-B3E8-B596E421779B}.Debug|Any CPU.ActiveCfg = Debug|Any CPU
		{ECB1152B-9F28-414F-B3E8-B596E421779B}.Debug|Any CPU.Build.0 = Debug|Any CPU
		{ECB1152B-9F28-414F-B3E8-B596E421779B}.Release|Any CPU.ActiveCfg = Release|Any CPU
		{ECB1152B-9F28-414F-B3E8-B596E421779B}.Release|Any CPU.Build.0 = Release|Any CPU
	EndGlobalSection
	GlobalSection(SolutionProperties) = preSolution
		HideSolutionNode = FALSE
	EndGlobalSection
EndGlobal