Microsoft Visual Studio Solution File, Format Version 12.00
Project("{FAE04EC0-301F-11D3-BF4B-00C04F79EFBC}") = "RocketMQ", "RocketMQ.csproj", "{DA4E26F8-AEF5-D91D-1A61-F1497780F7C9}"
EndProject
Global
	GlobalSection(SolutionConfigurationPlatforms) = preSolution
		Debug|Any CPU = Debug|Any CPU
		Release|Any CPU = Release|Any CPU
	EndGlobalSection
	GlobalSection(ProjectConfigurationPlatforms) = postSolution
		{DA4E26F8-AEF5-D91D-1A61-F1497780F7C9}.Debug|Any CPU.ActiveCfg = Debug|Any CPU
		{DA4E26F8-AEF5-D91D-1A61-F1497780F7C9}.Debug|Any CPU.Build.0 = Debug|Any CPU
		{DA4E26F8-AEF5-D91D-1A61-F1497780F7C9}.Release|Any CPU.ActiveCfg = Release|Any CPU
		{DA4E26F8-AEF5-D91D-1A61-F1497780F7C9}.Release|Any CPU.Build.0 = Release|Any CPU
	EndGlobalSection
	GlobalSection(SolutionProperties) = preSolution
		HideSolutionNode = FALSE
	EndGlobalSection
EndGlobal