Microsoft Visual Studio Solution File, Format Version 12.00
Project("{FAE04EC0-301F-11D3-BF4B-00C04F79EFBC}") = "Frs", "Frs.csproj", "{72920C69-210F-873A-0110-01F8227B8AAB}"
EndProject
Global
	GlobalSection(SolutionConfigurationPlatforms) = preSolution
		Debug|Any CPU = Debug|Any CPU
		Release|Any CPU = Release|Any CPU
	EndGlobalSection
	GlobalSection(ProjectConfigurationPlatforms) = postSolution
		{72920C69-210F-873A-0110-01F8227B8AAB}.Debug|Any CPU.ActiveCfg = Debug|Any CPU
		{72920C69-210F-873A-0110-01F8227B8AAB}.Debug|Any CPU.Build.0 = Debug|Any CPU
		{72920C69-210F-873A-0110-01F8227B8AAB}.Release|Any CPU.ActiveCfg = Release|Any CPU
		{72920C69-210F-873A-0110-01F8227B8AAB}.Release|Any CPU.Build.0 = Release|Any CPU
	EndGlobalSection
	GlobalSection(SolutionProperties) = preSolution
		HideSolutionNode = FALSE
	EndGlobalSection
EndGlobal