Microsoft Visual Studio Solution File, Format Version 12.00
Project("{FAE04EC0-301F-11D3-BF4B-00C04F79EFBC}") = "Frs", "Frs.csproj", "{6F5501D3-A74F-DA56-DB4E-B8B3AAA3C7CD}"
EndProject
Global
	GlobalSection(SolutionConfigurationPlatforms) = preSolution
		Debug|Any CPU = Debug|Any CPU
		Release|Any CPU = Release|Any CPU
	EndGlobalSection
	GlobalSection(ProjectConfigurationPlatforms) = postSolution
		{6F5501D3-A74F-DA56-DB4E-B8B3AAA3C7CD}.Debug|Any CPU.ActiveCfg = Debug|Any CPU
		{6F5501D3-A74F-DA56-DB4E-B8B3AAA3C7CD}.Debug|Any CPU.Build.0 = Debug|Any CPU
		{6F5501D3-A74F-DA56-DB4E-B8B3AAA3C7CD}.Release|Any CPU.ActiveCfg = Release|Any CPU
		{6F5501D3-A74F-DA56-DB4E-B8B3AAA3C7CD}.Release|Any CPU.Build.0 = Release|Any CPU
	EndGlobalSection
	GlobalSection(SolutionProperties) = preSolution
		HideSolutionNode = FALSE
	EndGlobalSection
EndGlobal