Microsoft Visual Studio Solution File, Format Version 12.00
Project("{FAE04EC0-301F-11D3-BF4B-00C04F79EFBC}") = "CodeArtsBuild", "CodeArtsBuild.csproj", "{1f0af3bf-e48a-7329-2e45-531f3a8e3bcb}"
EndProject
Global
	GlobalSection(SolutionConfigurationPlatforms) = preSolution
		Debug|Any CPU = Debug|Any CPU
		Release|Any CPU = Release|Any CPU
	EndGlobalSection
	GlobalSection(ProjectConfigurationPlatforms) = postSolution
		{1f0af3bf-e48a-7329-2e45-531f3a8e3bcb}.Debug|Any CPU.ActiveCfg = Debug|Any CPU
		{1f0af3bf-e48a-7329-2e45-531f3a8e3bcb}.Debug|Any CPU.Build.0 = Debug|Any CPU
		{1f0af3bf-e48a-7329-2e45-531f3a8e3bcb}.Release|Any CPU.ActiveCfg = Release|Any CPU
		{1f0af3bf-e48a-7329-2e45-531f3a8e3bcb}.Release|Any CPU.Build.0 = Release|Any CPU
	EndGlobalSection
	GlobalSection(SolutionProperties) = preSolution
		HideSolutionNode = FALSE
	EndGlobalSection
EndGlobal