Microsoft Visual Studio Solution File, Format Version 12.00
Project("{FAE04EC0-301F-11D3-BF4B-00C04F79EFBC}") = "Cbr", "Cbr.csproj", "{59322896-62d3-4c2a-9df1-64d7d16f5c59}"
EndProject
Global
	GlobalSection(SolutionConfigurationPlatforms) = preSolution
		Debug|Any CPU = Debug|Any CPU
		Release|Any CPU = Release|Any CPU
	EndGlobalSection
	GlobalSection(ProjectConfigurationPlatforms) = postSolution
		{59322896-62d3-4c2a-9df1-64d7d16f5c59}.Debug|Any CPU.ActiveCfg = Debug|Any CPU
		{59322896-62d3-4c2a-9df1-64d7d16f5c59}.Debug|Any CPU.Build.0 = Debug|Any CPU
		{59322896-62d3-4c2a-9df1-64d7d16f5c59}.Release|Any CPU.ActiveCfg = Release|Any CPU
		{59322896-62d3-4c2a-9df1-64d7d16f5c59}.Release|Any CPU.Build.0 = Release|Any CPU
	EndGlobalSection
	GlobalSection(SolutionProperties) = preSolution
		HideSolutionNode = FALSE
	EndGlobalSection
EndGlobal