Microsoft Visual Studio Solution File, Format Version 12.00
Project("{FAE04EC0-301F-11D3-BF4B-00C04F79EFBC}") = "IdentityCenter", "IdentityCenter.csproj", "{168e13ef-e390-420c-9914-cbb5c0221bfe}"
EndProject
Global
	GlobalSection(SolutionConfigurationPlatforms) = preSolution
		Debug|Any CPU = Debug|Any CPU
		Release|Any CPU = Release|Any CPU
	EndGlobalSection
	GlobalSection(ProjectConfigurationPlatforms) = postSolution
		{168e13ef-e390-420c-9914-cbb5c0221bfe}.Debug|Any CPU.ActiveCfg = Debug|Any CPU
		{168e13ef-e390-420c-9914-cbb5c0221bfe}.Debug|Any CPU.Build.0 = Debug|Any CPU
		{168e13ef-e390-420c-9914-cbb5c0221bfe}.Release|Any CPU.ActiveCfg = Release|Any CPU
		{168e13ef-e390-420c-9914-cbb5c0221bfe}.Release|Any CPU.Build.0 = Release|Any CPU
	EndGlobalSection
	GlobalSection(SolutionProperties) = preSolution
		HideSolutionNode = FALSE
	EndGlobalSection
EndGlobal