Microsoft Visual Studio Solution File, Format Version 12.00
Project("{FAE04EC0-301F-11D3-BF4B-00C04F79EFBC}") = "Ddm", "Ddm.csproj", "{804877a0-7db9-11f0-a1ec-096bd02f0fdf}"
EndProject
Global
	GlobalSection(SolutionConfigurationPlatforms) = preSolution
		Debug|Any CPU = Debug|Any CPU
		Release|Any CPU = Release|Any CPU
	EndGlobalSection
	GlobalSection(ProjectConfigurationPlatforms) = postSolution
		{804877a0-7db9-11f0-a1ec-096bd02f0fdf}.Debug|Any CPU.ActiveCfg = Debug|Any CPU
		{804877a0-7db9-11f0-a1ec-096bd02f0fdf}.Debug|Any CPU.Build.0 = Debug|Any CPU
		{804877a0-7db9-11f0-a1ec-096bd02f0fdf}.Release|Any CPU.ActiveCfg = Release|Any CPU
		{804877a0-7db9-11f0-a1ec-096bd02f0fdf}.Release|Any CPU.Build.0 = Release|Any CPU
	EndGlobalSection
	GlobalSection(SolutionProperties) = preSolution
		HideSolutionNode = FALSE
	EndGlobalSection
EndGlobal